
Microsoft Visual Studio Solution File, Format Version 12.00
# Visual Studio Version 16
VisualStudioVersion = 16.0.31220.234
MinimumVisualStudioVersion = 10.0.40219.1
Project("{FAE04EC0-301F-11D3-BF4B-00C04F79EFBC}") = "TemplateMvc", "TemplateMvc\TemplateMvc.csproj", "{46BAAF37-B753-4A69-B4AC-DCD55017B8C0}"
EndProject
Project("{FAE04EC0-301F-11D3-BF4B-00C04F79EFBC}") = "MyControllerLibrary", "MyControllerLibrary\MyControllerLibrary.csproj", "{0963CD08-2731-41D3-A235-D480606A9E4C}"
EndProject
Global
	GlobalSection(SolutionConfigurationPlatforms) = preSolution
		Debug|Any CPU = Debug|Any CPU
		Release|Any CPU = Release|Any CPU
	EndGlobalSection
	GlobalSection(ProjectConfigurationPlatforms) = postSolution
		{46BAAF37-B753-4A69-B4AC-DCD55017B8C0}.Debug|Any CPU.ActiveCfg = Debug|Any CPU
		{46BAAF37-B753-4A69-B4AC-DCD55017B8C0}.Debug|Any CPU.Build.0 = Debug|Any CPU
		{46BAAF37-B753-4A69-B4AC-DCD55017B8C0}.Release|Any CPU.ActiveCfg = Release|Any CPU
		{46BAAF37-B753-4A69-B4AC-DCD55017B8C0}.Release|Any CPU.Build.0 = Release|Any CPU
		{0963CD08-2731-41D3-A235-D480606A9E4C}.Debug|Any CPU.ActiveCfg = Debug|Any CPU
		{0963CD08-2731-41D3-A235-D480606A9E4C}.Debug|Any CPU.Build.0 = Debug|Any CPU
		{0963CD08-2731-41D3-A235-D480606A9E4C}.Release|Any CPU.ActiveCfg = Release|Any CPU
		{0963CD08-2731-41D3-A235-D480606A9E4C}.Release|Any CPU.Build.0 = Release|Any CPU
	EndGlobalSection
	GlobalSection(SolutionProperties) = preSolution
		HideSolutionNode = FALSE
	EndGlobalSection
	GlobalSection(ExtensibilityGlobals) = postSolution
		SolutionGuid = {61661CC7-DCEA-4F0A-8FF0-857C65FD4C08}
	EndGlobalSection
EndGlobal
