
Microsoft Visual Studio Solution File, Format Version 12.00
# Visual Studio Version 16
VisualStudioVersion = 16.0.30509.190
MinimumVisualStudioVersion = 15.0.26124.0
Project("{2150E333-8FDC-42A3-9474-1A3956D46DE8}") = "src", "src", "{3FC16DAB-215C-422B-9130-61D566695463}"
EndProject
Project("{9A19103F-16F7-4668-BE54-9A1E7A4F7556}") = "AspNetMigrator.ConsoleApp", "src\AspNetMigrator.Console\AspNetMigrator.ConsoleApp.csproj", "{647D258A-4FE1-4DFA-8D02-0E5DBE3B40F7}"
EndProject
Project("{9A19103F-16F7-4668-BE54-9A1E7A4F7556}") = "AspNetMigrator.Abstractions", "src\AspNetMigrator.Abstractions\AspNetMigrator.Abstractions.csproj", "{9C3B9BC2-1066-4052-8188-BAAFEC9FAA42}"
EndProject
Project("{2150E333-8FDC-42A3-9474-1A3956D46DE8}") = "Solution Items", "Solution Items", "{791D5C15-EC26-497C-95F1-9A7C03BE8FF3}"
	ProjectSection(SolutionItems) = preProject
		.editorconfig = .editorconfig
		azure-pipelines.yml = azure-pipelines.yml
		Directory.Build.props = Directory.Build.props
		Directory.Build.targets = Directory.Build.targets
		Directory.Packages.props = Directory.Packages.props
		.github\workflows\dotnet.yml = .github\workflows\dotnet.yml
		GitVersion.yml = GitVersion.yml
		LICENSE.txt = LICENSE.txt
		README.md = README.md
		rules.ruleset = rules.ruleset
	EndProjectSection
EndProject
Project("{9A19103F-16F7-4668-BE54-9A1E7A4F7556}") = "AspNetMigrator.TryConvertUpdater", "src\AspNetMigrator.TryConvertUpdater\AspNetMigrator.TryConvertUpdater.csproj", "{9D38A783-B8EE-44C9-825A-DCCCA972FF0B}"
EndProject
Project("{9A19103F-16F7-4668-BE54-9A1E7A4F7556}") = "AspNetMigrator.PackageUpdater", "src\AspNetMigrator.PackageUpdater\AspNetMigrator.PackageUpdater.csproj", "{18C0711F-2B26-49D8-89AB-F68499A0EB9B}"
EndProject
Project("{9A19103F-16F7-4668-BE54-9A1E7A4F7556}") = "AspNetMigrator.SourceUpdater", "src\AspNetMigrator.SourceUpdater\AspNetMigrator.SourceUpdater.csproj", "{C04E2349-B339-4AEF-89FB-AD8DCD9B117A}"
EndProject
Project("{9A19103F-16F7-4668-BE54-9A1E7A4F7556}") = "AspNetMigrator.Analyzers", "src\Analyzers\AspNetMigrator.Analyzers\AspNetMigrator.Analyzers.csproj", "{7176CD56-0822-410E-9318-C3440D24A0BB}"
EndProject
Project("{9A19103F-16F7-4668-BE54-9A1E7A4F7556}") = "AspNetMigrator.Analyzers.CodeFixes", "src\Analyzers\AspNetMigrator.Analyzers.CodeFixes\AspNetMigrator.Analyzers.CodeFixes.csproj", "{6D52D932-7890-4269-8F05-FDEA6DE45B42}"
EndProject
Project("{9A19103F-16F7-4668-BE54-9A1E7A4F7556}") = "AspNetMigrator.Analyzers.Package", "src\Analyzers\AspNetMigrator.Analyzers.Package\AspNetMigrator.Analyzers.Package.csproj", "{12080E4D-027D-4880-8A94-AA22DCD15F07}"
EndProject
Project("{9A19103F-16F7-4668-BE54-9A1E7A4F7556}") = "AspNetMigrator.Analyzers.Test", "tests\AspNetMigrator.Analyzers.Test\AspNetMigrator.Analyzers.Test.csproj", "{517E6A56-5FFA-4FD0-B645-02C295C968C3}"
EndProject
Project("{2150E333-8FDC-42A3-9474-1A3956D46DE8}") = "Analyzers", "Analyzers", "{2A80B702-C4AB-409F-AFD5-CE7AC809785F}"
EndProject
Project("{2150E333-8FDC-42A3-9474-1A3956D46DE8}") = "tests", "tests", "{60D2D4E3-E055-4A9C-BDB1-7328DAA9BD5C}"
EndProject
Project("{9A19103F-16F7-4668-BE54-9A1E7A4F7556}") = "AspNetMigrator.MSBuild", "src\AspNetMigrator.MSBuild\AspNetMigrator.MSBuild.csproj", "{EDAC1981-61FC-4030-AA5F-C9A4D054CF00}"
EndProject
Project("{9A19103F-16F7-4668-BE54-9A1E7A4F7556}") = "AspNetMigrator.TemplateUpdater", "src\AspNetMigrator.TemplateUpdater\AspNetMigrator.TemplateUpdater.csproj", "{2E23FB6C-FAD1-41B1-9187-1ECD7548FBCC}"
EndProject
Project("{9A19103F-16F7-4668-BE54-9A1E7A4F7556}") = "AspNetMigrator.Solution", "src\AspNetMigrator.Solution\AspNetMigrator.Solution.csproj", "{B6C71468-2074-44DF-89E1-1B97E4A3DFDE}"
EndProject
Project("{9A19103F-16F7-4668-BE54-9A1E7A4F7556}") = "AspNetMigrator.BackupUpdater", "src\AspNetMigrator.BackupUpdater\AspNetMigrator.BackupUpdater.csproj", "{7A96CCA0-4D47-48C6-A889-B560048E0C16}"
EndProject
Project("{9A19103F-16F7-4668-BE54-9A1E7A4F7556}") = "AspNetMigrator.Migrator", "src\AspNetMigrator.Migrator\AspNetMigrator.Migrator.csproj", "{3B9E0D18-FE40-4E36-A07B-9198CA5CDBBB}"
EndProject
Project("{9A19103F-16F7-4668-BE54-9A1E7A4F7556}") = "AspNetMigrator.Migrator.Test", "tests\AspNetMigrator.Migrator.Test\AspNetMigrator.Migrator.Test.csproj", "{90C3DBB8-97BC-4265-B635-1A512CF32C46}"
EndProject
Project("{9A19103F-16F7-4668-BE54-9A1E7A4F7556}") = "AspNetMigrator.TestHelpers", "tests\AspNetMigrator.TestHelpers\AspNetMigrator.TestHelpers.csproj", "{358837A0-FA02-42C5-B1B0-327D7CFDAA76}"
EndProject
Project("{9A19103F-16F7-4668-BE54-9A1E7A4F7556}") = "IntegrationTests", "tests\IntegrationTests\IntegrationTests.csproj", "{7AE37670-7570-4EB1-8E66-94DE225CC63E}"
EndProject
Project("{9A19103F-16F7-4668-BE54-9A1E7A4F7556}") = "AspNetMigrator.PackageUpdater.Test", "tests\AspNetMigrator.PackageUpdater.Test\AspNetMigrator.PackageUpdater.Test.csproj", "{326A3938-5C0B-4280-9175-7E059679731B}"
EndProject
Project("{9A19103F-16F7-4668-BE54-9A1E7A4F7556}") = "AspNetMigrator.ConfigUpdater", "src\AspNetMigrator.ConfigUpdater\AspNetMigrator.ConfigUpdater.csproj", "{9F99DC5B-DAD0-4C43-BFFF-8027E4077334}"
EndProject
Project("{2150E333-8FDC-42A3-9474-1A3956D46DE8}") = "ConfigUpdaters", "ConfigUpdaters", "{51A868B3-34BD-4620-9CD8-79109914CC30}"
EndProject
Project("{9A19103F-16F7-4668-BE54-9A1E7A4F7556}") = "AspNetMigrator.DefaultConfigUpdaters", "src\ConfigUpdaters\AspNetMigrator.DefaultConfigUpdaters\AspNetMigrator.DefaultConfigUpdaters.csproj", "{D8806C9D-8C2E-4EF3-8016-F3ED83902493}"
EndProject
Project("{9A19103F-16F7-4668-BE54-9A1E7A4F7556}") = "AspNetMigrator.Portability", "src\AspNetMigrator.Portability\AspNetMigrator.Portability.csproj", "{ECB0DA5C-3E0C-4C17-9961-019377CA9C50}"
EndProject
Project("{9A19103F-16F7-4668-BE54-9A1E7A4F7556}") = "AspNetMigrator.Extensions", "src\AspNetMigrator.Extensions\AspNetMigrator.Extensions.csproj", "{F3C03589-20A5-4D6E-A2C5-4143A11F03B3}"
EndProject
Global
	GlobalSection(SolutionConfigurationPlatforms) = preSolution
		Debug|Any CPU = Debug|Any CPU
		Debug|x64 = Debug|x64
		Debug|x86 = Debug|x86
		Release|Any CPU = Release|Any CPU
		Release|x64 = Release|x64
		Release|x86 = Release|x86
	EndGlobalSection
	GlobalSection(ProjectConfigurationPlatforms) = postSolution
		{647D258A-4FE1-4DFA-8D02-0E5DBE3B40F7}.Debug|Any CPU.ActiveCfg = Debug|Any CPU
		{647D258A-4FE1-4DFA-8D02-0E5DBE3B40F7}.Debug|Any CPU.Build.0 = Debug|Any CPU
		{647D258A-4FE1-4DFA-8D02-0E5DBE3B40F7}.Debug|x64.ActiveCfg = Debug|Any CPU
		{647D258A-4FE1-4DFA-8D02-0E5DBE3B40F7}.Debug|x64.Build.0 = Debug|Any CPU
		{647D258A-4FE1-4DFA-8D02-0E5DBE3B40F7}.Debug|x86.ActiveCfg = Debug|Any CPU
		{647D258A-4FE1-4DFA-8D02-0E5DBE3B40F7}.Debug|x86.Build.0 = Debug|Any CPU
		{647D258A-4FE1-4DFA-8D02-0E5DBE3B40F7}.Release|Any CPU.ActiveCfg = Release|Any CPU
		{647D258A-4FE1-4DFA-8D02-0E5DBE3B40F7}.Release|Any CPU.Build.0 = Release|Any CPU
		{647D258A-4FE1-4DFA-8D02-0E5DBE3B40F7}.Release|x64.ActiveCfg = Release|Any CPU
		{647D258A-4FE1-4DFA-8D02-0E5DBE3B40F7}.Release|x64.Build.0 = Release|Any CPU
		{647D258A-4FE1-4DFA-8D02-0E5DBE3B40F7}.Release|x86.ActiveCfg = Release|Any CPU
		{647D258A-4FE1-4DFA-8D02-0E5DBE3B40F7}.Release|x86.Build.0 = Release|Any CPU
		{9C3B9BC2-1066-4052-8188-BAAFEC9FAA42}.Debug|Any CPU.ActiveCfg = Debug|Any CPU
		{9C3B9BC2-1066-4052-8188-BAAFEC9FAA42}.Debug|Any CPU.Build.0 = Debug|Any CPU
		{9C3B9BC2-1066-4052-8188-BAAFEC9FAA42}.Debug|x64.ActiveCfg = Debug|Any CPU
		{9C3B9BC2-1066-4052-8188-BAAFEC9FAA42}.Debug|x64.Build.0 = Debug|Any CPU
		{9C3B9BC2-1066-4052-8188-BAAFEC9FAA42}.Debug|x86.ActiveCfg = Debug|Any CPU
		{9C3B9BC2-1066-4052-8188-BAAFEC9FAA42}.Debug|x86.Build.0 = Debug|Any CPU
		{9C3B9BC2-1066-4052-8188-BAAFEC9FAA42}.Release|Any CPU.ActiveCfg = Release|Any CPU
		{9C3B9BC2-1066-4052-8188-BAAFEC9FAA42}.Release|Any CPU.Build.0 = Release|Any CPU
		{9C3B9BC2-1066-4052-8188-BAAFEC9FAA42}.Release|x64.ActiveCfg = Release|Any CPU
		{9C3B9BC2-1066-4052-8188-BAAFEC9FAA42}.Release|x64.Build.0 = Release|Any CPU
		{9C3B9BC2-1066-4052-8188-BAAFEC9FAA42}.Release|x86.ActiveCfg = Release|Any CPU
		{9C3B9BC2-1066-4052-8188-BAAFEC9FAA42}.Release|x86.Build.0 = Release|Any CPU
		{9D38A783-B8EE-44C9-825A-DCCCA972FF0B}.Debug|Any CPU.ActiveCfg = Debug|Any CPU
		{9D38A783-B8EE-44C9-825A-DCCCA972FF0B}.Debug|Any CPU.Build.0 = Debug|Any CPU
		{9D38A783-B8EE-44C9-825A-DCCCA972FF0B}.Debug|x64.ActiveCfg = Debug|Any CPU
		{9D38A783-B8EE-44C9-825A-DCCCA972FF0B}.Debug|x64.Build.0 = Debug|Any CPU
		{9D38A783-B8EE-44C9-825A-DCCCA972FF0B}.Debug|x86.ActiveCfg = Debug|Any CPU
		{9D38A783-B8EE-44C9-825A-DCCCA972FF0B}.Debug|x86.Build.0 = Debug|Any CPU
		{9D38A783-B8EE-44C9-825A-DCCCA972FF0B}.Release|Any CPU.ActiveCfg = Release|Any CPU
		{9D38A783-B8EE-44C9-825A-DCCCA972FF0B}.Release|Any CPU.Build.0 = Release|Any CPU
		{9D38A783-B8EE-44C9-825A-DCCCA972FF0B}.Release|x64.ActiveCfg = Release|Any CPU
		{9D38A783-B8EE-44C9-825A-DCCCA972FF0B}.Release|x64.Build.0 = Release|Any CPU
		{9D38A783-B8EE-44C9-825A-DCCCA972FF0B}.Release|x86.ActiveCfg = Release|Any CPU
		{9D38A783-B8EE-44C9-825A-DCCCA972FF0B}.Release|x86.Build.0 = Release|Any CPU
		{18C0711F-2B26-49D8-89AB-F68499A0EB9B}.Debug|Any CPU.ActiveCfg = Debug|Any CPU
		{18C0711F-2B26-49D8-89AB-F68499A0EB9B}.Debug|Any CPU.Build.0 = Debug|Any CPU
		{18C0711F-2B26-49D8-89AB-F68499A0EB9B}.Debug|x64.ActiveCfg = Debug|Any CPU
		{18C0711F-2B26-49D8-89AB-F68499A0EB9B}.Debug|x64.Build.0 = Debug|Any CPU
		{18C0711F-2B26-49D8-89AB-F68499A0EB9B}.Debug|x86.ActiveCfg = Debug|Any CPU
		{18C0711F-2B26-49D8-89AB-F68499A0EB9B}.Debug|x86.Build.0 = Debug|Any CPU
		{18C0711F-2B26-49D8-89AB-F68499A0EB9B}.Release|Any CPU.ActiveCfg = Release|Any CPU
		{18C0711F-2B26-49D8-89AB-F68499A0EB9B}.Release|Any CPU.Build.0 = Release|Any CPU
		{18C0711F-2B26-49D8-89AB-F68499A0EB9B}.Release|x64.ActiveCfg = Release|Any CPU
		{18C0711F-2B26-49D8-89AB-F68499A0EB9B}.Release|x64.Build.0 = Release|Any CPU
		{18C0711F-2B26-49D8-89AB-F68499A0EB9B}.Release|x86.ActiveCfg = Release|Any CPU
		{18C0711F-2B26-49D8-89AB-F68499A0EB9B}.Release|x86.Build.0 = Release|Any CPU
		{C04E2349-B339-4AEF-89FB-AD8DCD9B117A}.Debug|Any CPU.ActiveCfg = Debug|Any CPU
		{C04E2349-B339-4AEF-89FB-AD8DCD9B117A}.Debug|Any CPU.Build.0 = Debug|Any CPU
		{C04E2349-B339-4AEF-89FB-AD8DCD9B117A}.Debug|x64.ActiveCfg = Debug|Any CPU
		{C04E2349-B339-4AEF-89FB-AD8DCD9B117A}.Debug|x64.Build.0 = Debug|Any CPU
		{C04E2349-B339-4AEF-89FB-AD8DCD9B117A}.Debug|x86.ActiveCfg = Debug|Any CPU
		{C04E2349-B339-4AEF-89FB-AD8DCD9B117A}.Debug|x86.Build.0 = Debug|Any CPU
		{C04E2349-B339-4AEF-89FB-AD8DCD9B117A}.Release|Any CPU.ActiveCfg = Release|Any CPU
		{C04E2349-B339-4AEF-89FB-AD8DCD9B117A}.Release|Any CPU.Build.0 = Release|Any CPU
		{C04E2349-B339-4AEF-89FB-AD8DCD9B117A}.Release|x64.ActiveCfg = Release|Any CPU
		{C04E2349-B339-4AEF-89FB-AD8DCD9B117A}.Release|x64.Build.0 = Release|Any CPU
		{C04E2349-B339-4AEF-89FB-AD8DCD9B117A}.Release|x86.ActiveCfg = Release|Any CPU
		{C04E2349-B339-4AEF-89FB-AD8DCD9B117A}.Release|x86.Build.0 = Release|Any CPU
		{7176CD56-0822-410E-9318-C3440D24A0BB}.Debug|Any CPU.ActiveCfg = Debug|Any CPU
		{7176CD56-0822-410E-9318-C3440D24A0BB}.Debug|Any CPU.Build.0 = Debug|Any CPU
		{7176CD56-0822-410E-9318-C3440D24A0BB}.Debug|x64.ActiveCfg = Debug|Any CPU
		{7176CD56-0822-410E-9318-C3440D24A0BB}.Debug|x64.Build.0 = Debug|Any CPU
		{7176CD56-0822-410E-9318-C3440D24A0BB}.Debug|x86.ActiveCfg = Debug|Any CPU
		{7176CD56-0822-410E-9318-C3440D24A0BB}.Debug|x86.Build.0 = Debug|Any CPU
		{7176CD56-0822-410E-9318-C3440D24A0BB}.Release|Any CPU.ActiveCfg = Release|Any CPU
		{7176CD56-0822-410E-9318-C3440D24A0BB}.Release|Any CPU.Build.0 = Release|Any CPU
		{7176CD56-0822-410E-9318-C3440D24A0BB}.Release|x64.ActiveCfg = Release|Any CPU
		{7176CD56-0822-410E-9318-C3440D24A0BB}.Release|x64.Build.0 = Release|Any CPU
		{7176CD56-0822-410E-9318-C3440D24A0BB}.Release|x86.ActiveCfg = Release|Any CPU
		{7176CD56-0822-410E-9318-C3440D24A0BB}.Release|x86.Build.0 = Release|Any CPU
		{6D52D932-7890-4269-8F05-FDEA6DE45B42}.Debug|Any CPU.ActiveCfg = Debug|Any CPU
		{6D52D932-7890-4269-8F05-FDEA6DE45B42}.Debug|Any CPU.Build.0 = Debug|Any CPU
		{6D52D932-7890-4269-8F05-FDEA6DE45B42}.Debug|x64.ActiveCfg = Debug|Any CPU
		{6D52D932-7890-4269-8F05-FDEA6DE45B42}.Debug|x64.Build.0 = Debug|Any CPU
		{6D52D932-7890-4269-8F05-FDEA6DE45B42}.Debug|x86.ActiveCfg = Debug|Any CPU
		{6D52D932-7890-4269-8F05-FDEA6DE45B42}.Debug|x86.Build.0 = Debug|Any CPU
		{6D52D932-7890-4269-8F05-FDEA6DE45B42}.Release|Any CPU.ActiveCfg = Release|Any CPU
		{6D52D932-7890-4269-8F05-FDEA6DE45B42}.Release|Any CPU.Build.0 = Release|Any CPU
		{6D52D932-7890-4269-8F05-FDEA6DE45B42}.Release|x64.ActiveCfg = Release|Any CPU
		{6D52D932-7890-4269-8F05-FDEA6DE45B42}.Release|x64.Build.0 = Release|Any CPU
		{6D52D932-7890-4269-8F05-FDEA6DE45B42}.Release|x86.ActiveCfg = Release|Any CPU
		{6D52D932-7890-4269-8F05-FDEA6DE45B42}.Release|x86.Build.0 = Release|Any CPU
		{12080E4D-027D-4880-8A94-AA22DCD15F07}.Debug|Any CPU.ActiveCfg = Debug|Any CPU
		{12080E4D-027D-4880-8A94-AA22DCD15F07}.Debug|Any CPU.Build.0 = Debug|Any CPU
		{12080E4D-027D-4880-8A94-AA22DCD15F07}.Debug|x64.ActiveCfg = Debug|Any CPU
		{12080E4D-027D-4880-8A94-AA22DCD15F07}.Debug|x64.Build.0 = Debug|Any CPU
		{12080E4D-027D-4880-8A94-AA22DCD15F07}.Debug|x86.ActiveCfg = Debug|Any CPU
		{12080E4D-027D-4880-8A94-AA22DCD15F07}.Debug|x86.Build.0 = Debug|Any CPU
		{12080E4D-027D-4880-8A94-AA22DCD15F07}.Release|Any CPU.ActiveCfg = Release|Any CPU
		{12080E4D-027D-4880-8A94-AA22DCD15F07}.Release|Any CPU.Build.0 = Release|Any CPU
		{12080E4D-027D-4880-8A94-AA22DCD15F07}.Release|x64.ActiveCfg = Release|Any CPU
		{12080E4D-027D-4880-8A94-AA22DCD15F07}.Release|x64.Build.0 = Release|Any CPU
		{12080E4D-027D-4880-8A94-AA22DCD15F07}.Release|x86.ActiveCfg = Release|Any CPU
		{12080E4D-027D-4880-8A94-AA22DCD15F07}.Release|x86.Build.0 = Release|Any CPU
		{517E6A56-5FFA-4FD0-B645-02C295C968C3}.Debug|Any CPU.ActiveCfg = Debug|Any CPU
		{517E6A56-5FFA-4FD0-B645-02C295C968C3}.Debug|Any CPU.Build.0 = Debug|Any CPU
		{517E6A56-5FFA-4FD0-B645-02C295C968C3}.Debug|x64.ActiveCfg = Debug|Any CPU
		{517E6A56-5FFA-4FD0-B645-02C295C968C3}.Debug|x64.Build.0 = Debug|Any CPU
		{517E6A56-5FFA-4FD0-B645-02C295C968C3}.Debug|x86.ActiveCfg = Debug|Any CPU
		{517E6A56-5FFA-4FD0-B645-02C295C968C3}.Debug|x86.Build.0 = Debug|Any CPU
		{517E6A56-5FFA-4FD0-B645-02C295C968C3}.Release|Any CPU.ActiveCfg = Release|Any CPU
		{517E6A56-5FFA-4FD0-B645-02C295C968C3}.Release|Any CPU.Build.0 = Release|Any CPU
		{517E6A56-5FFA-4FD0-B645-02C295C968C3}.Release|x64.ActiveCfg = Release|Any CPU
		{517E6A56-5FFA-4FD0-B645-02C295C968C3}.Release|x64.Build.0 = Release|Any CPU
		{517E6A56-5FFA-4FD0-B645-02C295C968C3}.Release|x86.ActiveCfg = Release|Any CPU
		{517E6A56-5FFA-4FD0-B645-02C295C968C3}.Release|x86.Build.0 = Release|Any CPU
		{EDAC1981-61FC-4030-AA5F-C9A4D054CF00}.Debug|Any CPU.ActiveCfg = Debug|Any CPU
		{EDAC1981-61FC-4030-AA5F-C9A4D054CF00}.Debug|Any CPU.Build.0 = Debug|Any CPU
		{EDAC1981-61FC-4030-AA5F-C9A4D054CF00}.Debug|x64.ActiveCfg = Debug|Any CPU
		{EDAC1981-61FC-4030-AA5F-C9A4D054CF00}.Debug|x64.Build.0 = Debug|Any CPU
		{EDAC1981-61FC-4030-AA5F-C9A4D054CF00}.Debug|x86.ActiveCfg = Debug|Any CPU
		{EDAC1981-61FC-4030-AA5F-C9A4D054CF00}.Debug|x86.Build.0 = Debug|Any CPU
		{EDAC1981-61FC-4030-AA5F-C9A4D054CF00}.Release|Any CPU.ActiveCfg = Release|Any CPU
		{EDAC1981-61FC-4030-AA5F-C9A4D054CF00}.Release|Any CPU.Build.0 = Release|Any CPU
		{EDAC1981-61FC-4030-AA5F-C9A4D054CF00}.Release|x64.ActiveCfg = Release|Any CPU
		{EDAC1981-61FC-4030-AA5F-C9A4D054CF00}.Release|x64.Build.0 = Release|Any CPU
		{EDAC1981-61FC-4030-AA5F-C9A4D054CF00}.Release|x86.ActiveCfg = Release|Any CPU
		{EDAC1981-61FC-4030-AA5F-C9A4D054CF00}.Release|x86.Build.0 = Release|Any CPU
		{2E23FB6C-FAD1-41B1-9187-1ECD7548FBCC}.Debug|Any CPU.ActiveCfg = Debug|Any CPU
		{2E23FB6C-FAD1-41B1-9187-1ECD7548FBCC}.Debug|Any CPU.Build.0 = Debug|Any CPU
		{2E23FB6C-FAD1-41B1-9187-1ECD7548FBCC}.Debug|x64.ActiveCfg = Debug|Any CPU
		{2E23FB6C-FAD1-41B1-9187-1ECD7548FBCC}.Debug|x64.Build.0 = Debug|Any CPU
		{2E23FB6C-FAD1-41B1-9187-1ECD7548FBCC}.Debug|x86.ActiveCfg = Debug|Any CPU
		{2E23FB6C-FAD1-41B1-9187-1ECD7548FBCC}.Debug|x86.Build.0 = Debug|Any CPU
		{2E23FB6C-FAD1-41B1-9187-1ECD7548FBCC}.Release|Any CPU.ActiveCfg = Release|Any CPU
		{2E23FB6C-FAD1-41B1-9187-1ECD7548FBCC}.Release|Any CPU.Build.0 = Release|Any CPU
		{2E23FB6C-FAD1-41B1-9187-1ECD7548FBCC}.Release|x64.ActiveCfg = Release|Any CPU
		{2E23FB6C-FAD1-41B1-9187-1ECD7548FBCC}.Release|x64.Build.0 = Release|Any CPU
		{2E23FB6C-FAD1-41B1-9187-1ECD7548FBCC}.Release|x86.ActiveCfg = Release|Any CPU
		{2E23FB6C-FAD1-41B1-9187-1ECD7548FBCC}.Release|x86.Build.0 = Release|Any CPU
		{B6C71468-2074-44DF-89E1-1B97E4A3DFDE}.Debug|Any CPU.ActiveCfg = Debug|Any CPU
		{B6C71468-2074-44DF-89E1-1B97E4A3DFDE}.Debug|Any CPU.Build.0 = Debug|Any CPU
		{B6C71468-2074-44DF-89E1-1B97E4A3DFDE}.Debug|x64.ActiveCfg = Debug|Any CPU
		{B6C71468-2074-44DF-89E1-1B97E4A3DFDE}.Debug|x64.Build.0 = Debug|Any CPU
		{B6C71468-2074-44DF-89E1-1B97E4A3DFDE}.Debug|x86.ActiveCfg = Debug|Any CPU
		{B6C71468-2074-44DF-89E1-1B97E4A3DFDE}.Debug|x86.Build.0 = Debug|Any CPU
		{B6C71468-2074-44DF-89E1-1B97E4A3DFDE}.Release|Any CPU.ActiveCfg = Release|Any CPU
		{B6C71468-2074-44DF-89E1-1B97E4A3DFDE}.Release|Any CPU.Build.0 = Release|Any CPU
		{B6C71468-2074-44DF-89E1-1B97E4A3DFDE}.Release|x64.ActiveCfg = Release|Any CPU
		{B6C71468-2074-44DF-89E1-1B97E4A3DFDE}.Release|x64.Build.0 = Release|Any CPU
		{B6C71468-2074-44DF-89E1-1B97E4A3DFDE}.Release|x86.ActiveCfg = Release|Any CPU
		{B6C71468-2074-44DF-89E1-1B97E4A3DFDE}.Release|x86.Build.0 = Release|Any CPU
		{7A96CCA0-4D47-48C6-A889-B560048E0C16}.Debug|Any CPU.ActiveCfg = Debug|Any CPU
		{7A96CCA0-4D47-48C6-A889-B560048E0C16}.Debug|Any CPU.Build.0 = Debug|Any CPU
		{7A96CCA0-4D47-48C6-A889-B560048E0C16}.Debug|x64.ActiveCfg = Debug|Any CPU
		{7A96CCA0-4D47-48C6-A889-B560048E0C16}.Debug|x64.Build.0 = Debug|Any CPU
		{7A96CCA0-4D47-48C6-A889-B560048E0C16}.Debug|x86.ActiveCfg = Debug|Any CPU
		{7A96CCA0-4D47-48C6-A889-B560048E0C16}.Debug|x86.Build.0 = Debug|Any CPU
		{7A96CCA0-4D47-48C6-A889-B560048E0C16}.Release|Any CPU.ActiveCfg = Release|Any CPU
		{7A96CCA0-4D47-48C6-A889-B560048E0C16}.Release|Any CPU.Build.0 = Release|Any CPU
		{7A96CCA0-4D47-48C6-A889-B560048E0C16}.Release|x64.ActiveCfg = Release|Any CPU
		{7A96CCA0-4D47-48C6-A889-B560048E0C16}.Release|x64.Build.0 = Release|Any CPU
		{7A96CCA0-4D47-48C6-A889-B560048E0C16}.Release|x86.ActiveCfg = Release|Any CPU
		{7A96CCA0-4D47-48C6-A889-B560048E0C16}.Release|x86.Build.0 = Release|Any CPU
		{3B9E0D18-FE40-4E36-A07B-9198CA5CDBBB}.Debug|Any CPU.ActiveCfg = Debug|Any CPU
		{3B9E0D18-FE40-4E36-A07B-9198CA5CDBBB}.Debug|Any CPU.Build.0 = Debug|Any CPU
		{3B9E0D18-FE40-4E36-A07B-9198CA5CDBBB}.Debug|x64.ActiveCfg = Debug|Any CPU
		{3B9E0D18-FE40-4E36-A07B-9198CA5CDBBB}.Debug|x64.Build.0 = Debug|Any CPU
		{3B9E0D18-FE40-4E36-A07B-9198CA5CDBBB}.Debug|x86.ActiveCfg = Debug|Any CPU
		{3B9E0D18-FE40-4E36-A07B-9198CA5CDBBB}.Debug|x86.Build.0 = Debug|Any CPU
		{3B9E0D18-FE40-4E36-A07B-9198CA5CDBBB}.Release|Any CPU.ActiveCfg = Release|Any CPU
		{3B9E0D18-FE40-4E36-A07B-9198CA5CDBBB}.Release|Any CPU.Build.0 = Release|Any CPU
		{3B9E0D18-FE40-4E36-A07B-9198CA5CDBBB}.Release|x64.ActiveCfg = Release|Any CPU
		{3B9E0D18-FE40-4E36-A07B-9198CA5CDBBB}.Release|x64.Build.0 = Release|Any CPU
		{3B9E0D18-FE40-4E36-A07B-9198CA5CDBBB}.Release|x86.ActiveCfg = Release|Any CPU
		{3B9E0D18-FE40-4E36-A07B-9198CA5CDBBB}.Release|x86.Build.0 = Release|Any CPU
		{90C3DBB8-97BC-4265-B635-1A512CF32C46}.Debug|Any CPU.ActiveCfg = Debug|Any CPU
		{90C3DBB8-97BC-4265-B635-1A512CF32C46}.Debug|Any CPU.Build.0 = Debug|Any CPU
		{90C3DBB8-97BC-4265-B635-1A512CF32C46}.Debug|x64.ActiveCfg = Debug|Any CPU
		{90C3DBB8-97BC-4265-B635-1A512CF32C46}.Debug|x64.Build.0 = Debug|Any CPU
		{90C3DBB8-97BC-4265-B635-1A512CF32C46}.Debug|x86.ActiveCfg = Debug|Any CPU
		{90C3DBB8-97BC-4265-B635-1A512CF32C46}.Debug|x86.Build.0 = Debug|Any CPU
		{90C3DBB8-97BC-4265-B635-1A512CF32C46}.Release|Any CPU.ActiveCfg = Release|Any CPU
		{90C3DBB8-97BC-4265-B635-1A512CF32C46}.Release|Any CPU.Build.0 = Release|Any CPU
		{90C3DBB8-97BC-4265-B635-1A512CF32C46}.Release|x64.ActiveCfg = Release|Any CPU
		{90C3DBB8-97BC-4265-B635-1A512CF32C46}.Release|x64.Build.0 = Release|Any CPU
		{90C3DBB8-97BC-4265-B635-1A512CF32C46}.Release|x86.ActiveCfg = Release|Any CPU
		{90C3DBB8-97BC-4265-B635-1A512CF32C46}.Release|x86.Build.0 = Release|Any CPU
		{358837A0-FA02-42C5-B1B0-327D7CFDAA76}.Debug|Any CPU.ActiveCfg = Debug|Any CPU
		{358837A0-FA02-42C5-B1B0-327D7CFDAA76}.Debug|Any CPU.Build.0 = Debug|Any CPU
		{358837A0-FA02-42C5-B1B0-327D7CFDAA76}.Debug|x64.ActiveCfg = Debug|Any CPU
		{358837A0-FA02-42C5-B1B0-327D7CFDAA76}.Debug|x64.Build.0 = Debug|Any CPU
		{358837A0-FA02-42C5-B1B0-327D7CFDAA76}.Debug|x86.ActiveCfg = Debug|Any CPU
		{358837A0-FA02-42C5-B1B0-327D7CFDAA76}.Debug|x86.Build.0 = Debug|Any CPU
		{358837A0-FA02-42C5-B1B0-327D7CFDAA76}.Release|Any CPU.ActiveCfg = Release|Any CPU
		{358837A0-FA02-42C5-B1B0-327D7CFDAA76}.Release|Any CPU.Build.0 = Release|Any CPU
		{358837A0-FA02-42C5-B1B0-327D7CFDAA76}.Release|x64.ActiveCfg = Release|Any CPU
		{358837A0-FA02-42C5-B1B0-327D7CFDAA76}.Release|x64.Build.0 = Release|Any CPU
		{358837A0-FA02-42C5-B1B0-327D7CFDAA76}.Release|x86.ActiveCfg = Release|Any CPU
		{358837A0-FA02-42C5-B1B0-327D7CFDAA76}.Release|x86.Build.0 = Release|Any CPU
		{7AE37670-7570-4EB1-8E66-94DE225CC63E}.Debug|Any CPU.ActiveCfg = Debug|Any CPU
		{7AE37670-7570-4EB1-8E66-94DE225CC63E}.Debug|Any CPU.Build.0 = Debug|Any CPU
		{7AE37670-7570-4EB1-8E66-94DE225CC63E}.Debug|x64.ActiveCfg = Debug|Any CPU
		{7AE37670-7570-4EB1-8E66-94DE225CC63E}.Debug|x64.Build.0 = Debug|Any CPU
		{7AE37670-7570-4EB1-8E66-94DE225CC63E}.Debug|x86.ActiveCfg = Debug|Any CPU
		{7AE37670-7570-4EB1-8E66-94DE225CC63E}.Debug|x86.Build.0 = Debug|Any CPU
		{7AE37670-7570-4EB1-8E66-94DE225CC63E}.Release|Any CPU.ActiveCfg = Release|Any CPU
		{7AE37670-7570-4EB1-8E66-94DE225CC63E}.Release|Any CPU.Build.0 = Release|Any CPU
		{7AE37670-7570-4EB1-8E66-94DE225CC63E}.Release|x64.ActiveCfg = Release|Any CPU
		{7AE37670-7570-4EB1-8E66-94DE225CC63E}.Release|x64.Build.0 = Release|Any CPU
		{7AE37670-7570-4EB1-8E66-94DE225CC63E}.Release|x86.ActiveCfg = Release|Any CPU
		{7AE37670-7570-4EB1-8E66-94DE225CC63E}.Release|x86.Build.0 = Release|Any CPU
		{326A3938-5C0B-4280-9175-7E059679731B}.Debug|Any CPU.ActiveCfg = Debug|Any CPU
		{326A3938-5C0B-4280-9175-7E059679731B}.Debug|Any CPU.Build.0 = Debug|Any CPU
		{326A3938-5C0B-4280-9175-7E059679731B}.Debug|x64.ActiveCfg = Debug|Any CPU
		{326A3938-5C0B-4280-9175-7E059679731B}.Debug|x64.Build.0 = Debug|Any CPU
		{326A3938-5C0B-4280-9175-7E059679731B}.Debug|x86.ActiveCfg = Debug|Any CPU
		{326A3938-5C0B-4280-9175-7E059679731B}.Debug|x86.Build.0 = Debug|Any CPU
		{326A3938-5C0B-4280-9175-7E059679731B}.Release|Any CPU.ActiveCfg = Release|Any CPU
		{326A3938-5C0B-4280-9175-7E059679731B}.Release|Any CPU.Build.0 = Release|Any CPU
		{326A3938-5C0B-4280-9175-7E059679731B}.Release|x64.ActiveCfg = Release|Any CPU
		{326A3938-5C0B-4280-9175-7E059679731B}.Release|x64.Build.0 = Release|Any CPU
		{326A3938-5C0B-4280-9175-7E059679731B}.Release|x86.ActiveCfg = Release|Any CPU
		{326A3938-5C0B-4280-9175-7E059679731B}.Release|x86.Build.0 = Release|Any CPU
		{9F99DC5B-DAD0-4C43-BFFF-8027E4077334}.Debug|Any CPU.ActiveCfg = Debug|Any CPU
		{9F99DC5B-DAD0-4C43-BFFF-8027E4077334}.Debug|Any CPU.Build.0 = Debug|Any CPU
		{9F99DC5B-DAD0-4C43-BFFF-8027E4077334}.Debug|x64.ActiveCfg = Debug|Any CPU
		{9F99DC5B-DAD0-4C43-BFFF-8027E4077334}.Debug|x64.Build.0 = Debug|Any CPU
		{9F99DC5B-DAD0-4C43-BFFF-8027E4077334}.Debug|x86.ActiveCfg = Debug|Any CPU
		{9F99DC5B-DAD0-4C43-BFFF-8027E4077334}.Debug|x86.Build.0 = Debug|Any CPU
		{9F99DC5B-DAD0-4C43-BFFF-8027E4077334}.Release|Any CPU.ActiveCfg = Release|Any CPU
		{9F99DC5B-DAD0-4C43-BFFF-8027E4077334}.Release|Any CPU.Build.0 = Release|Any CPU
		{9F99DC5B-DAD0-4C43-BFFF-8027E4077334}.Release|x64.ActiveCfg = Release|Any CPU
		{9F99DC5B-DAD0-4C43-BFFF-8027E4077334}.Release|x64.Build.0 = Release|Any CPU
		{9F99DC5B-DAD0-4C43-BFFF-8027E4077334}.Release|x86.ActiveCfg = Release|Any CPU
		{9F99DC5B-DAD0-4C43-BFFF-8027E4077334}.Release|x86.Build.0 = Release|Any CPU
		{D8806C9D-8C2E-4EF3-8016-F3ED83902493}.Debug|Any CPU.ActiveCfg = Debug|Any CPU
		{D8806C9D-8C2E-4EF3-8016-F3ED83902493}.Debug|Any CPU.Build.0 = Debug|Any CPU
		{D8806C9D-8C2E-4EF3-8016-F3ED83902493}.Debug|x64.ActiveCfg = Debug|Any CPU
		{D8806C9D-8C2E-4EF3-8016-F3ED83902493}.Debug|x64.Build.0 = Debug|Any CPU
		{D8806C9D-8C2E-4EF3-8016-F3ED83902493}.Debug|x86.ActiveCfg = Debug|Any CPU
		{D8806C9D-8C2E-4EF3-8016-F3ED83902493}.Debug|x86.Build.0 = Debug|Any CPU
		{D8806C9D-8C2E-4EF3-8016-F3ED83902493}.Release|Any CPU.ActiveCfg = Release|Any CPU
		{D8806C9D-8C2E-4EF3-8016-F3ED83902493}.Release|Any CPU.Build.0 = Release|Any CPU
		{D8806C9D-8C2E-4EF3-8016-F3ED83902493}.Release|x64.ActiveCfg = Release|Any CPU
		{D8806C9D-8C2E-4EF3-8016-F3ED83902493}.Release|x64.Build.0 = Release|Any CPU
		{D8806C9D-8C2E-4EF3-8016-F3ED83902493}.Release|x86.ActiveCfg = Release|Any CPU
		{D8806C9D-8C2E-4EF3-8016-F3ED83902493}.Release|x86.Build.0 = Release|Any CPU
		{ECB0DA5C-3E0C-4C17-9961-019377CA9C50}.Debug|Any CPU.ActiveCfg = Debug|Any CPU
		{ECB0DA5C-3E0C-4C17-9961-019377CA9C50}.Debug|Any CPU.Build.0 = Debug|Any CPU
		{ECB0DA5C-3E0C-4C17-9961-019377CA9C50}.Debug|x64.ActiveCfg = Debug|Any CPU
		{ECB0DA5C-3E0C-4C17-9961-019377CA9C50}.Debug|x64.Build.0 = Debug|Any CPU
		{ECB0DA5C-3E0C-4C17-9961-019377CA9C50}.Debug|x86.ActiveCfg = Debug|Any CPU
		{ECB0DA5C-3E0C-4C17-9961-019377CA9C50}.Debug|x86.Build.0 = Debug|Any CPU
		{ECB0DA5C-3E0C-4C17-9961-019377CA9C50}.Release|Any CPU.ActiveCfg = Release|Any CPU
		{ECB0DA5C-3E0C-4C17-9961-019377CA9C50}.Release|Any CPU.Build.0 = Release|Any CPU
		{ECB0DA5C-3E0C-4C17-9961-019377CA9C50}.Release|x64.ActiveCfg = Release|Any CPU
		{ECB0DA5C-3E0C-4C17-9961-019377CA9C50}.Release|x64.Build.0 = Release|Any CPU
		{ECB0DA5C-3E0C-4C17-9961-019377CA9C50}.Release|x86.ActiveCfg = Release|Any CPU
		{ECB0DA5C-3E0C-4C17-9961-019377CA9C50}.Release|x86.Build.0 = Release|Any CPU
		{F3C03589-20A5-4D6E-A2C5-4143A11F03B3}.Debug|Any CPU.ActiveCfg = Debug|Any CPU
		{F3C03589-20A5-4D6E-A2C5-4143A11F03B3}.Debug|Any CPU.Build.0 = Debug|Any CPU
		{F3C03589-20A5-4D6E-A2C5-4143A11F03B3}.Debug|x64.ActiveCfg = Debug|Any CPU
		{F3C03589-20A5-4D6E-A2C5-4143A11F03B3}.Debug|x64.Build.0 = Debug|Any CPU
		{F3C03589-20A5-4D6E-A2C5-4143A11F03B3}.Debug|x86.ActiveCfg = Debug|Any CPU
		{F3C03589-20A5-4D6E-A2C5-4143A11F03B3}.Debug|x86.Build.0 = Debug|Any CPU
		{F3C03589-20A5-4D6E-A2C5-4143A11F03B3}.Release|Any CPU.ActiveCfg = Release|Any CPU
		{F3C03589-20A5-4D6E-A2C5-4143A11F03B3}.Release|Any CPU.Build.0 = Release|Any CPU
		{F3C03589-20A5-4D6E-A2C5-4143A11F03B3}.Release|x64.ActiveCfg = Release|Any CPU
		{F3C03589-20A5-4D6E-A2C5-4143A11F03B3}.Release|x64.Build.0 = Release|Any CPU
		{F3C03589-20A5-4D6E-A2C5-4143A11F03B3}.Release|x86.ActiveCfg = Release|Any CPU
		{F3C03589-20A5-4D6E-A2C5-4143A11F03B3}.Release|x86.Build.0 = Release|Any CPU
	EndGlobalSection
	GlobalSection(SolutionProperties) = preSolution
		HideSolutionNode = FALSE
	EndGlobalSection
	GlobalSection(NestedProjects) = preSolution
		{647D258A-4FE1-4DFA-8D02-0E5DBE3B40F7} = {3FC16DAB-215C-422B-9130-61D566695463}
		{9C3B9BC2-1066-4052-8188-BAAFEC9FAA42} = {3FC16DAB-215C-422B-9130-61D566695463}
		{9D38A783-B8EE-44C9-825A-DCCCA972FF0B} = {3FC16DAB-215C-422B-9130-61D566695463}
		{18C0711F-2B26-49D8-89AB-F68499A0EB9B} = {3FC16DAB-215C-422B-9130-61D566695463}
		{C04E2349-B339-4AEF-89FB-AD8DCD9B117A} = {3FC16DAB-215C-422B-9130-61D566695463}
		{7176CD56-0822-410E-9318-C3440D24A0BB} = {2A80B702-C4AB-409F-AFD5-CE7AC809785F}
		{6D52D932-7890-4269-8F05-FDEA6DE45B42} = {2A80B702-C4AB-409F-AFD5-CE7AC809785F}
		{12080E4D-027D-4880-8A94-AA22DCD15F07} = {2A80B702-C4AB-409F-AFD5-CE7AC809785F}
		{517E6A56-5FFA-4FD0-B645-02C295C968C3} = {60D2D4E3-E055-4A9C-BDB1-7328DAA9BD5C}
		{2A80B702-C4AB-409F-AFD5-CE7AC809785F} = {3FC16DAB-215C-422B-9130-61D566695463}
		{EDAC1981-61FC-4030-AA5F-C9A4D054CF00} = {3FC16DAB-215C-422B-9130-61D566695463}
		{2E23FB6C-FAD1-41B1-9187-1ECD7548FBCC} = {3FC16DAB-215C-422B-9130-61D566695463}
		{B6C71468-2074-44DF-89E1-1B97E4A3DFDE} = {3FC16DAB-215C-422B-9130-61D566695463}
		{7A96CCA0-4D47-48C6-A889-B560048E0C16} = {3FC16DAB-215C-422B-9130-61D566695463}
		{3B9E0D18-FE40-4E36-A07B-9198CA5CDBBB} = {3FC16DAB-215C-422B-9130-61D566695463}
		{90C3DBB8-97BC-4265-B635-1A512CF32C46} = {60D2D4E3-E055-4A9C-BDB1-7328DAA9BD5C}
		{358837A0-FA02-42C5-B1B0-327D7CFDAA76} = {60D2D4E3-E055-4A9C-BDB1-7328DAA9BD5C}
		{7AE37670-7570-4EB1-8E66-94DE225CC63E} = {60D2D4E3-E055-4A9C-BDB1-7328DAA9BD5C}
		{326A3938-5C0B-4280-9175-7E059679731B} = {60D2D4E3-E055-4A9C-BDB1-7328DAA9BD5C}
		{9F99DC5B-DAD0-4C43-BFFF-8027E4077334} = {3FC16DAB-215C-422B-9130-61D566695463}
		{51A868B3-34BD-4620-9CD8-79109914CC30} = {3FC16DAB-215C-422B-9130-61D566695463}
		{D8806C9D-8C2E-4EF3-8016-F3ED83902493} = {51A868B3-34BD-4620-9CD8-79109914CC30}
		{ECB0DA5C-3E0C-4C17-9961-019377CA9C50} = {3FC16DAB-215C-422B-9130-61D566695463}
		{F3C03589-20A5-4D6E-A2C5-4143A11F03B3} = {2A80B702-C4AB-409F-AFD5-CE7AC809785F}
	EndGlobalSection
	GlobalSection(ExtensibilityGlobals) = postSolution
		SolutionGuid = {D02F665B-C14D-43C2-955C-9338A23836E0}
	EndGlobalSection
EndGlobal
