
Microsoft Visual Studio Solution File, Format Version 12.00
# Visual Studio Version 16
VisualStudioVersion = 16.0.30509.190
MinimumVisualStudioVersion = 15.0.26124.0
Project("{2150E333-8FDC-42A3-9474-1A3956D46DE8}") = "src", "src", "{3FC16DAB-215C-422B-9130-61D566695463}"
EndProject
Project("{9A19103F-16F7-4668-BE54-9A1E7A4F7556}") = "AspNetMigrator.ConsoleApp", "src\AspNetMigrator.Console\AspNetMigrator.ConsoleApp.csproj", "{647D258A-4FE1-4DFA-8D02-0E5DBE3B40F7}"
EndProject
Project("{9A19103F-16F7-4668-BE54-9A1E7A4F7556}") = "AspNetMigrator.Engine", "src\AspNetMigrator.Engine\AspNetMigrator.Engine.csproj", "{9C3B9BC2-1066-4052-8188-BAAFEC9FAA42}"
EndProject
Project("{2150E333-8FDC-42A3-9474-1A3956D46DE8}") = "Solution Items", "Solution Items", "{791D5C15-EC26-497C-95F1-9A7C03BE8FF3}"
	ProjectSection(SolutionItems) = preProject
		LICENSE.txt = LICENSE.txt
		README.md = README.md
	EndProjectSection
EndProject
Project("{9A19103F-16F7-4668-BE54-9A1E7A4F7556}") = "AspNetMigrator.TryConvertProjectConverter", "src\AspNetMigrator.TryConvertProjectConverter\AspNetMigrator.TryConvertProjectConverter.csproj", "{9D38A783-B8EE-44C9-825A-DCCCA972FF0B}"
EndProject
Project("{FAE04EC0-301F-11D3-BF4B-00C04F79EFBC}") = "AspNetMigrator.DefaultPackageUpdater", "src\AspNetMigrator.DefaultPackageUpdater\AspNetMigrator.DefaultPackageUpdater.csproj", "{18C0711F-2B26-49D8-89AB-F68499A0EB9B}"
EndProject
Project("{FAE04EC0-301F-11D3-BF4B-00C04F79EFBC}") = "AspNetMigrator.DefaultSourceUpdater", "src\AspNetMigrator.DefaultSourceUpdater\AspNetMigrator.DefaultSourceUpdater.csproj", "{C04E2349-B339-4AEF-89FB-AD8DCD9B117A}"
EndProject
Global
	GlobalSection(SolutionConfigurationPlatforms) = preSolution
		Debug|Any CPU = Debug|Any CPU
		Debug|x64 = Debug|x64
		Debug|x86 = Debug|x86
		Release|Any CPU = Release|Any CPU
		Release|x64 = Release|x64
		Release|x86 = Release|x86
	EndGlobalSection
	GlobalSection(ProjectConfigurationPlatforms) = postSolution
		{647D258A-4FE1-4DFA-8D02-0E5DBE3B40F7}.Debug|Any CPU.ActiveCfg = Debug|Any CPU
		{647D258A-4FE1-4DFA-8D02-0E5DBE3B40F7}.Debug|Any CPU.Build.0 = Debug|Any CPU
		{647D258A-4FE1-4DFA-8D02-0E5DBE3B40F7}.Debug|x64.ActiveCfg = Debug|Any CPU
		{647D258A-4FE1-4DFA-8D02-0E5DBE3B40F7}.Debug|x64.Build.0 = Debug|Any CPU
		{647D258A-4FE1-4DFA-8D02-0E5DBE3B40F7}.Debug|x86.ActiveCfg = Debug|Any CPU
		{647D258A-4FE1-4DFA-8D02-0E5DBE3B40F7}.Debug|x86.Build.0 = Debug|Any CPU
		{647D258A-4FE1-4DFA-8D02-0E5DBE3B40F7}.Release|Any CPU.ActiveCfg = Release|Any CPU
		{647D258A-4FE1-4DFA-8D02-0E5DBE3B40F7}.Release|Any CPU.Build.0 = Release|Any CPU
		{647D258A-4FE1-4DFA-8D02-0E5DBE3B40F7}.Release|x64.ActiveCfg = Release|Any CPU
		{647D258A-4FE1-4DFA-8D02-0E5DBE3B40F7}.Release|x64.Build.0 = Release|Any CPU
		{647D258A-4FE1-4DFA-8D02-0E5DBE3B40F7}.Release|x86.ActiveCfg = Release|Any CPU
		{647D258A-4FE1-4DFA-8D02-0E5DBE3B40F7}.Release|x86.Build.0 = Release|Any CPU
		{9C3B9BC2-1066-4052-8188-BAAFEC9FAA42}.Debug|Any CPU.ActiveCfg = Debug|Any CPU
		{9C3B9BC2-1066-4052-8188-BAAFEC9FAA42}.Debug|Any CPU.Build.0 = Debug|Any CPU
		{9C3B9BC2-1066-4052-8188-BAAFEC9FAA42}.Debug|x64.ActiveCfg = Debug|Any CPU
		{9C3B9BC2-1066-4052-8188-BAAFEC9FAA42}.Debug|x64.Build.0 = Debug|Any CPU
		{9C3B9BC2-1066-4052-8188-BAAFEC9FAA42}.Debug|x86.ActiveCfg = Debug|Any CPU
		{9C3B9BC2-1066-4052-8188-BAAFEC9FAA42}.Debug|x86.Build.0 = Debug|Any CPU
		{9C3B9BC2-1066-4052-8188-BAAFEC9FAA42}.Release|Any CPU.ActiveCfg = Release|Any CPU
		{9C3B9BC2-1066-4052-8188-BAAFEC9FAA42}.Release|Any CPU.Build.0 = Release|Any CPU
		{9C3B9BC2-1066-4052-8188-BAAFEC9FAA42}.Release|x64.ActiveCfg = Release|Any CPU
		{9C3B9BC2-1066-4052-8188-BAAFEC9FAA42}.Release|x64.Build.0 = Release|Any CPU
		{9C3B9BC2-1066-4052-8188-BAAFEC9FAA42}.Release|x86.ActiveCfg = Release|Any CPU
		{9C3B9BC2-1066-4052-8188-BAAFEC9FAA42}.Release|x86.Build.0 = Release|Any CPU
		{9D38A783-B8EE-44C9-825A-DCCCA972FF0B}.Debug|Any CPU.ActiveCfg = Debug|Any CPU
		{9D38A783-B8EE-44C9-825A-DCCCA972FF0B}.Debug|Any CPU.Build.0 = Debug|Any CPU
		{9D38A783-B8EE-44C9-825A-DCCCA972FF0B}.Debug|x64.ActiveCfg = Debug|Any CPU
		{9D38A783-B8EE-44C9-825A-DCCCA972FF0B}.Debug|x64.Build.0 = Debug|Any CPU
		{9D38A783-B8EE-44C9-825A-DCCCA972FF0B}.Debug|x86.ActiveCfg = Debug|Any CPU
		{9D38A783-B8EE-44C9-825A-DCCCA972FF0B}.Debug|x86.Build.0 = Debug|Any CPU
		{9D38A783-B8EE-44C9-825A-DCCCA972FF0B}.Release|Any CPU.ActiveCfg = Release|Any CPU
		{9D38A783-B8EE-44C9-825A-DCCCA972FF0B}.Release|Any CPU.Build.0 = Release|Any CPU
		{9D38A783-B8EE-44C9-825A-DCCCA972FF0B}.Release|x64.ActiveCfg = Release|Any CPU
		{9D38A783-B8EE-44C9-825A-DCCCA972FF0B}.Release|x64.Build.0 = Release|Any CPU
		{9D38A783-B8EE-44C9-825A-DCCCA972FF0B}.Release|x86.ActiveCfg = Release|Any CPU
		{9D38A783-B8EE-44C9-825A-DCCCA972FF0B}.Release|x86.Build.0 = Release|Any CPU
		{18C0711F-2B26-49D8-89AB-F68499A0EB9B}.Debug|Any CPU.ActiveCfg = Debug|Any CPU
		{18C0711F-2B26-49D8-89AB-F68499A0EB9B}.Debug|Any CPU.Build.0 = Debug|Any CPU
		{18C0711F-2B26-49D8-89AB-F68499A0EB9B}.Debug|x64.ActiveCfg = Debug|Any CPU
		{18C0711F-2B26-49D8-89AB-F68499A0EB9B}.Debug|x64.Build.0 = Debug|Any CPU
		{18C0711F-2B26-49D8-89AB-F68499A0EB9B}.Debug|x86.ActiveCfg = Debug|Any CPU
		{18C0711F-2B26-49D8-89AB-F68499A0EB9B}.Debug|x86.Build.0 = Debug|Any CPU
		{18C0711F-2B26-49D8-89AB-F68499A0EB9B}.Release|Any CPU.ActiveCfg = Release|Any CPU
		{18C0711F-2B26-49D8-89AB-F68499A0EB9B}.Release|Any CPU.Build.0 = Release|Any CPU
		{18C0711F-2B26-49D8-89AB-F68499A0EB9B}.Release|x64.ActiveCfg = Release|Any CPU
		{18C0711F-2B26-49D8-89AB-F68499A0EB9B}.Release|x64.Build.0 = Release|Any CPU
		{18C0711F-2B26-49D8-89AB-F68499A0EB9B}.Release|x86.ActiveCfg = Release|Any CPU
		{18C0711F-2B26-49D8-89AB-F68499A0EB9B}.Release|x86.Build.0 = Release|Any CPU
		{C04E2349-B339-4AEF-89FB-AD8DCD9B117A}.Debug|Any CPU.ActiveCfg = Debug|Any CPU
		{C04E2349-B339-4AEF-89FB-AD8DCD9B117A}.Debug|Any CPU.Build.0 = Debug|Any CPU
		{C04E2349-B339-4AEF-89FB-AD8DCD9B117A}.Debug|x64.ActiveCfg = Debug|Any CPU
		{C04E2349-B339-4AEF-89FB-AD8DCD9B117A}.Debug|x64.Build.0 = Debug|Any CPU
		{C04E2349-B339-4AEF-89FB-AD8DCD9B117A}.Debug|x86.ActiveCfg = Debug|Any CPU
		{C04E2349-B339-4AEF-89FB-AD8DCD9B117A}.Debug|x86.Build.0 = Debug|Any CPU
		{C04E2349-B339-4AEF-89FB-AD8DCD9B117A}.Release|Any CPU.ActiveCfg = Release|Any CPU
		{C04E2349-B339-4AEF-89FB-AD8DCD9B117A}.Release|Any CPU.Build.0 = Release|Any CPU
		{C04E2349-B339-4AEF-89FB-AD8DCD9B117A}.Release|x64.ActiveCfg = Release|Any CPU
		{C04E2349-B339-4AEF-89FB-AD8DCD9B117A}.Release|x64.Build.0 = Release|Any CPU
		{C04E2349-B339-4AEF-89FB-AD8DCD9B117A}.Release|x86.ActiveCfg = Release|Any CPU
		{C04E2349-B339-4AEF-89FB-AD8DCD9B117A}.Release|x86.Build.0 = Release|Any CPU
	EndGlobalSection
	GlobalSection(SolutionProperties) = preSolution
		HideSolutionNode = FALSE
	EndGlobalSection
	GlobalSection(NestedProjects) = preSolution
		{647D258A-4FE1-4DFA-8D02-0E5DBE3B40F7} = {3FC16DAB-215C-422B-9130-61D566695463}
		{9C3B9BC2-1066-4052-8188-BAAFEC9FAA42} = {3FC16DAB-215C-422B-9130-61D566695463}
		{18C0711F-2B26-49D8-89AB-F68499A0EB9B} = {3FC16DAB-215C-422B-9130-61D566695463}
		{C04E2349-B339-4AEF-89FB-AD8DCD9B117A} = {3FC16DAB-215C-422B-9130-61D566695463}
	EndGlobalSection
	GlobalSection(ExtensibilityGlobals) = postSolution
		SolutionGuid = {D02F665B-C14D-43C2-955C-9338A23836E0}
	EndGlobalSection
EndGlobal
