
Microsoft Visual Studio Solution File, Format Version 12.00
# Visual Studio Version 16
VisualStudioVersion = 16.0.30509.190
MinimumVisualStudioVersion = 15.0.26124.0
Project("{2150E333-8FDC-42A3-9474-1A3956D46DE8}") = "src", "src", "{3FC16DAB-215C-422B-9130-61D566695463}"
EndProject
Project("{9A19103F-16F7-4668-BE54-9A1E7A4F7556}") = "Microsoft.DotNet.UpgradeAssistant.Cli", "src\cli\Microsoft.DotNet.UpgradeAssistant.Cli\Microsoft.DotNet.UpgradeAssistant.Cli.csproj", "{647D258A-4FE1-4DFA-8D02-0E5DBE3B40F7}"
EndProject
Project("{9A19103F-16F7-4668-BE54-9A1E7A4F7556}") = "Microsoft.DotNet.UpgradeAssistant.Abstractions", "src\common\Microsoft.DotNet.UpgradeAssistant.Abstractions\Microsoft.DotNet.UpgradeAssistant.Abstractions.csproj", "{9C3B9BC2-1066-4052-8188-BAAFEC9FAA42}"
EndProject
Project("{2150E333-8FDC-42A3-9474-1A3956D46DE8}") = "Solution Items", "Solution Items", "{791D5C15-EC26-497C-95F1-9A7C03BE8FF3}"
	ProjectSection(SolutionItems) = preProject
		.editorconfig = .editorconfig
		azure-pipelines.yml = azure-pipelines.yml
		CHANGELOG.md = CHANGELOG.md
		Directory.Build.props = Directory.Build.props
		Directory.Build.targets = Directory.Build.targets
		Directory.Packages.props = Directory.Packages.props
		GitVersion.yml = GitVersion.yml
		global.json = global.json
		LICENSE.txt = LICENSE.txt
		.github\workflows\publish.yml = .github\workflows\publish.yml
		README.md = README.md
		TryConvertInstaller.targets = TryConvertInstaller.targets
	EndProjectSection
EndProject
Project("{9A19103F-16F7-4668-BE54-9A1E7A4F7556}") = "Microsoft.DotNet.UpgradeAssistant.Steps.ProjectFormat", "src\steps\Microsoft.DotNet.UpgradeAssistant.Steps.ProjectFormat\Microsoft.DotNet.UpgradeAssistant.Steps.ProjectFormat.csproj", "{9D38A783-B8EE-44C9-825A-DCCCA972FF0B}"
EndProject
Project("{9A19103F-16F7-4668-BE54-9A1E7A4F7556}") = "Microsoft.DotNet.UpgradeAssistant.Steps.Packages", "src\steps\Microsoft.DotNet.UpgradeAssistant.Steps.Packages\Microsoft.DotNet.UpgradeAssistant.Steps.Packages.csproj", "{18C0711F-2B26-49D8-89AB-F68499A0EB9B}"
EndProject
Project("{9A19103F-16F7-4668-BE54-9A1E7A4F7556}") = "Microsoft.DotNet.UpgradeAssistant.Steps.Source", "src\steps\Microsoft.DotNet.UpgradeAssistant.Steps.Source\Microsoft.DotNet.UpgradeAssistant.Steps.Source.csproj", "{C04E2349-B339-4AEF-89FB-AD8DCD9B117A}"
EndProject
Project("{9A19103F-16F7-4668-BE54-9A1E7A4F7556}") = "Microsoft.DotNet.UpgradeAssistant.Extensions.Default.CSharp.Analyzers", "src\extensions\default\analyzers\Microsoft.DotNet.UpgradeAssistant.Extensions.Default.CSharp.Analyzers\Microsoft.DotNet.UpgradeAssistant.Extensions.Default.CSharp.Analyzers.csproj", "{7176CD56-0822-410E-9318-C3440D24A0BB}"
EndProject
Project("{9A19103F-16F7-4668-BE54-9A1E7A4F7556}") = "Microsoft.DotNet.UpgradeAssistant.Extensions.Default.CSharp.CodeFixes", "src\extensions\default\analyzers\Microsoft.DotNet.UpgradeAssistant.Extensions.Default.CSharp.CodeFixes\Microsoft.DotNet.UpgradeAssistant.Extensions.Default.CSharp.CodeFixes.csproj", "{6D52D932-7890-4269-8F05-FDEA6DE45B42}"
EndProject
Project("{9A19103F-16F7-4668-BE54-9A1E7A4F7556}") = "Microsoft.DotNet.UpgradeAssistant.Extensions.Default.Analyzers.Package", "src\extensions\default\analyzers\Microsoft.DotNet.UpgradeAssistant.Extensions.Default.Analyzers.Package\Microsoft.DotNet.UpgradeAssistant.Extensions.Default.Analyzers.Package.csproj", "{12080E4D-027D-4880-8A94-AA22DCD15F07}"
EndProject
Project("{9A19103F-16F7-4668-BE54-9A1E7A4F7556}") = "Microsoft.DotNet.UpgradeAssistant.Extensions.Default.Analyzers.Test", "tests\extensions\default\analyzers\Microsoft.DotNet.UpgradeAssistant.Extensions.Default.Analyzers.Test\Microsoft.DotNet.UpgradeAssistant.Extensions.Default.Analyzers.Test.csproj", "{517E6A56-5FFA-4FD0-B645-02C295C968C3}"
EndProject
Project("{2150E333-8FDC-42A3-9474-1A3956D46DE8}") = "analyzers", "analyzers", "{2A80B702-C4AB-409F-AFD5-CE7AC809785F}"
EndProject
Project("{2150E333-8FDC-42A3-9474-1A3956D46DE8}") = "tests", "tests", "{60D2D4E3-E055-4A9C-BDB1-7328DAA9BD5C}"
	ProjectSection(SolutionItems) = preProject
		tests\Directory.Build.props = tests\Directory.Build.props
		tests\Directory.Build.targets = tests\Directory.Build.targets
	EndProjectSection
EndProject
Project("{9A19103F-16F7-4668-BE54-9A1E7A4F7556}") = "Microsoft.DotNet.UpgradeAssistant.MSBuild", "src\components\Microsoft.DotNet.UpgradeAssistant.MSBuild\Microsoft.DotNet.UpgradeAssistant.MSBuild.csproj", "{EDAC1981-61FC-4030-AA5F-C9A4D054CF00}"
EndProject
Project("{9A19103F-16F7-4668-BE54-9A1E7A4F7556}") = "Microsoft.DotNet.UpgradeAssistant.Steps.Templates", "src\steps\Microsoft.DotNet.UpgradeAssistant.Steps.Templates\Microsoft.DotNet.UpgradeAssistant.Steps.Templates.csproj", "{2E23FB6C-FAD1-41B1-9187-1ECD7548FBCC}"
EndProject
Project("{9A19103F-16F7-4668-BE54-9A1E7A4F7556}") = "Microsoft.DotNet.UpgradeAssistant.Steps.Solution", "src\steps\Microsoft.DotNet.UpgradeAssistant.Steps.Solution\Microsoft.DotNet.UpgradeAssistant.Steps.Solution.csproj", "{B6C71468-2074-44DF-89E1-1B97E4A3DFDE}"
EndProject
Project("{9A19103F-16F7-4668-BE54-9A1E7A4F7556}") = "Microsoft.DotNet.UpgradeAssistant.Steps.Backup", "src\steps\Microsoft.DotNet.UpgradeAssistant.Steps.Backup\Microsoft.DotNet.UpgradeAssistant.Steps.Backup.csproj", "{7A96CCA0-4D47-48C6-A889-B560048E0C16}"
EndProject
Project("{9A19103F-16F7-4668-BE54-9A1E7A4F7556}") = "Microsoft.DotNet.UpgradeAssistant", "src\components\Microsoft.DotNet.UpgradeAssistant\Microsoft.DotNet.UpgradeAssistant.csproj", "{3B9E0D18-FE40-4E36-A07B-9198CA5CDBBB}"
EndProject
Project("{9A19103F-16F7-4668-BE54-9A1E7A4F7556}") = "Microsoft.DotNet.UpgradeAssistant.Tests", "tests\components\Microsoft.DotNet.UpgradeAssistant.Tests\Microsoft.DotNet.UpgradeAssistant.Tests.csproj", "{90C3DBB8-97BC-4265-B635-1A512CF32C46}"
EndProject
Project("{9A19103F-16F7-4668-BE54-9A1E7A4F7556}") = "Microsoft.DotNet.UpgradeAssistant.TestHelpers", "tests\Microsoft.DotNet.UpgradeAssistant.TestHelpers\Microsoft.DotNet.UpgradeAssistant.TestHelpers.csproj", "{358837A0-FA02-42C5-B1B0-327D7CFDAA76}"
EndProject
Project("{9A19103F-16F7-4668-BE54-9A1E7A4F7556}") = "Integration.Tests", "tests\tool\Integration.Tests\Integration.Tests.csproj", "{7AE37670-7570-4EB1-8E66-94DE225CC63E}"
EndProject
Project("{9A19103F-16F7-4668-BE54-9A1E7A4F7556}") = "Microsoft.DotNet.UpgradeAssistant.MSBuild.Tests", "tests\components\Microsoft.DotNet.UpgradeAssistant.MSBuild.Tests\Microsoft.DotNet.UpgradeAssistant.MSBuild.Tests.csproj", "{326A3938-5C0B-4280-9175-7E059679731B}"
EndProject
Project("{9A19103F-16F7-4668-BE54-9A1E7A4F7556}") = "Microsoft.DotNet.UpgradeAssistant.Steps.Configuration", "src\steps\Microsoft.DotNet.UpgradeAssistant.Steps.Configuration\Microsoft.DotNet.UpgradeAssistant.Steps.Configuration.csproj", "{9F99DC5B-DAD0-4C43-BFFF-8027E4077334}"
EndProject
Project("{9A19103F-16F7-4668-BE54-9A1E7A4F7556}") = "Microsoft.DotNet.UpgradeAssistant.Extensions.Default.ConfigUpdaters", "src\extensions\default\Microsoft.DotNet.UpgradeAssistant.Extensions.Default.ConfigUpdaters\Microsoft.DotNet.UpgradeAssistant.Extensions.Default.ConfigUpdaters.csproj", "{D8806C9D-8C2E-4EF3-8016-F3ED83902493}"
EndProject
Project("{9A19103F-16F7-4668-BE54-9A1E7A4F7556}") = "Microsoft.DotNet.UpgradeAssistant.Extensions", "src\components\Microsoft.DotNet.UpgradeAssistant.Extensions\Microsoft.DotNet.UpgradeAssistant.Extensions.csproj", "{F3C03589-20A5-4D6E-A2C5-4143A11F03B3}"
EndProject
Project("{2150E333-8FDC-42A3-9474-1A3956D46DE8}") = "cli", "cli", "{72016889-9414-472E-AC99-17B0876B8F06}"
EndProject
Project("{2150E333-8FDC-42A3-9474-1A3956D46DE8}") = "extensions", "extensions", "{AA22EE67-3BBE-49A2-8868-531FE68FE162}"
EndProject
Project("{2150E333-8FDC-42A3-9474-1A3956D46DE8}") = "steps", "steps", "{76CD255A-B5BB-4CB2-91C4-EDEA98C61289}"
EndProject
Project("{2150E333-8FDC-42A3-9474-1A3956D46DE8}") = "default", "default", "{4D21C152-7EF3-4248-B424-530F7BE51FD3}"
EndProject
Project("{2150E333-8FDC-42A3-9474-1A3956D46DE8}") = "common", "common", "{DF2E1ED9-DC44-4DD4-B6A1-165304E88118}"
EndProject
Project("{2150E333-8FDC-42A3-9474-1A3956D46DE8}") = "analyzers", "analyzers", "{597F6238-6E57-445B-A9A0-3DEB5BD92471}"
EndProject
Project("{2150E333-8FDC-42A3-9474-1A3956D46DE8}") = "tool", "tool", "{7B2C772E-8C8A-4FB3-AB75-D2179FB53866}"
EndProject
Project("{2150E333-8FDC-42A3-9474-1A3956D46DE8}") = "components", "components", "{28247E7B-243D-4901-B26A-7A7615EBADDC}"
EndProject
Project("{2150E333-8FDC-42A3-9474-1A3956D46DE8}") = "extensions", "extensions", "{82BC0AAB-94CA-4D5B-BF95-F7329D1150CB}"
EndProject
Project("{2150E333-8FDC-42A3-9474-1A3956D46DE8}") = "default", "default", "{4E12F429-CEC0-4080-B0FE-39F9B8B9AE4C}"
EndProject
Project("{2150E333-8FDC-42A3-9474-1A3956D46DE8}") = "components", "components", "{1BA017ED-6BA7-42F0-BC5E-613495A55A6B}"
EndProject
Project("{9A19103F-16F7-4668-BE54-9A1E7A4F7556}") = "Microsoft.DotNet.UpgradeAssistant.Extensions.Default.ConfigUpdaters.Tests", "tests\extensions\default\Microsoft.DotNet.UpgradeAssistant.Extensions.Default.ConfigUpdaters.Tests\Microsoft.DotNet.UpgradeAssistant.Extensions.Default.ConfigUpdaters.Tests.csproj", "{C35E0AC6-D871-4ABA-93B3-0DA35F34D6FC}"
EndProject
Project("{9A19103F-16F7-4668-BE54-9A1E7A4F7556}") = "Microsoft.DotNet.UpgradeAssistant.Extensions.Default", "src\extensions\default\Microsoft.DotNet.UpgradeAssistant.Extensions.Default\Microsoft.DotNet.UpgradeAssistant.Extensions.Default.csproj", "{DBE3FD1D-811C-416B-AE2E-08D468ABA4D6}"
EndProject
Project("{2150E333-8FDC-42A3-9474-1A3956D46DE8}") = "steps", "steps", "{421DCA6B-467F-4CE3-AD9D-7B2001CFD299}"
EndProject
Project("{9A19103F-16F7-4668-BE54-9A1E7A4F7556}") = "Microsoft.DotNet.UpgradeAssistant.Steps.ProjectFormat.Tests", "tests\steps\Microsoft.DotNet.UpgradeAssistant.Steps.ProjectFormat.Tests\Microsoft.DotNet.UpgradeAssistant.Steps.ProjectFormat.Tests.csproj", "{F9BA18A4-53E7-4747-A55A-061ED26BA520}"
EndProject
Project("{9A19103F-16F7-4668-BE54-9A1E7A4F7556}") = "Microsoft.DotNet.UpgradeAssistant.Steps.Configuration.Tests", "tests\steps\Microsoft.DotNet.UpgradeAssistant.Steps.Configuration.Tests\Microsoft.DotNet.UpgradeAssistant.Steps.Configuration.Tests.csproj", "{A58297FF-2276-415F-9A9C-75F9F1656E8C}"
EndProject
Project("{9A19103F-16F7-4668-BE54-9A1E7A4F7556}") = "Microsoft.DotNet.UpgradeAssistant.Steps.Packages.Tests", "tests\steps\Microsoft.DotNet.UpgradeAssistant.Steps.Packages.Tests\Microsoft.DotNet.UpgradeAssistant.Steps.Packages.Tests.csproj", "{FFB7401A-9AF6-4FCE-B305-B7BE2B1361D7}"
EndProject
Project("{9A19103F-16F7-4668-BE54-9A1E7A4F7556}") = "Microsoft.DotNet.UpgradeAssistant.Steps.Razor", "src\steps\Microsoft.DotNet.UpgradeAssistant.Steps.Razor\Microsoft.DotNet.UpgradeAssistant.Steps.Razor.csproj", "{117FFF7E-019E-400E-9F51-A4F7F9F3195D}"
EndProject
Project("{9A19103F-16F7-4668-BE54-9A1E7A4F7556}") = "Microsoft.DotNet.UpgradeAssistant.Steps.Razor.Tests", "tests\steps\Microsoft.DotNet.UpgradeAssistant.Steps.Razor.Tests\Microsoft.DotNet.UpgradeAssistant.Steps.Razor.Tests.csproj", "{D41E4E00-B3F2-4F31-B890-C27F9E997B71}"
EndProject
Project("{9A19103F-16F7-4668-BE54-9A1E7A4F7556}") = "Microsoft.DotNet.UpgradeAssistant.Abstractions.Tests", "tests\common\Microsoft.DotNet.UpgradeAssistant.Abstractions.Tests\Microsoft.DotNet.UpgradeAssistant.Abstractions.Tests.csproj", "{C0E07F03-E689-4FEB-BDFC-039633ECD11C}"
EndProject
Project("{2150E333-8FDC-42A3-9474-1A3956D46DE8}") = "common", "common", "{8B8F1470-B862-4BF8-B41D-F078D43277FA}"
EndProject
Project("{9A19103F-16F7-4668-BE54-9A1E7A4F7556}") = "Microsoft.DotNet.UpgradeAssistant.Steps.Solution.Tests", "tests\steps\Microsoft.DotNet.UpgradeAssistant.Steps.Solution.Tests\Microsoft.DotNet.UpgradeAssistant.Steps.Solution.Tests.csproj", "{16141B3F-F785-4CFD-9FD2-67E9D76C4827}"
EndProject
Project("{9A19103F-16F7-4668-BE54-9A1E7A4F7556}") = "Microsoft.DotNet.UpgradeAssistant.Steps.Backup.Tests", "tests\steps\Microsoft.DotNet.UpgradeAssistant.Steps.Backup.Tests\Microsoft.DotNet.UpgradeAssistant.Steps.Backup.Tests.csproj", "{61A3EF4A-68CC-442E-87EC-F05B874A4C98}"
EndProject
Project("{FAE04EC0-301F-11D3-BF4B-00C04F79EFBC}") = "Microsoft.DotNet.UpgradeAssistant.Extensions.Default.Analyzers.Common", "src\extensions\default\analyzers\Microsoft.DotNet.UpgradeAssistant.Extensions.Default.Analyzers.Common\Microsoft.DotNet.UpgradeAssistant.Extensions.Default.Analyzers.Common.csproj", "{91391896-C591-43FD-B6F6-7D9150DB3CB2}"
EndProject
Global
	GlobalSection(SolutionConfigurationPlatforms) = preSolution
		Debug|Any CPU = Debug|Any CPU
		Debug|x64 = Debug|x64
		Debug|x86 = Debug|x86
		Release|Any CPU = Release|Any CPU
		Release|x64 = Release|x64
		Release|x86 = Release|x86
	EndGlobalSection
	GlobalSection(ProjectConfigurationPlatforms) = postSolution
		{647D258A-4FE1-4DFA-8D02-0E5DBE3B40F7}.Debug|Any CPU.ActiveCfg = Debug|Any CPU
		{647D258A-4FE1-4DFA-8D02-0E5DBE3B40F7}.Debug|Any CPU.Build.0 = Debug|Any CPU
		{647D258A-4FE1-4DFA-8D02-0E5DBE3B40F7}.Debug|x64.ActiveCfg = Debug|Any CPU
		{647D258A-4FE1-4DFA-8D02-0E5DBE3B40F7}.Debug|x64.Build.0 = Debug|Any CPU
		{647D258A-4FE1-4DFA-8D02-0E5DBE3B40F7}.Debug|x86.ActiveCfg = Debug|Any CPU
		{647D258A-4FE1-4DFA-8D02-0E5DBE3B40F7}.Debug|x86.Build.0 = Debug|Any CPU
		{647D258A-4FE1-4DFA-8D02-0E5DBE3B40F7}.Release|Any CPU.ActiveCfg = Release|Any CPU
		{647D258A-4FE1-4DFA-8D02-0E5DBE3B40F7}.Release|Any CPU.Build.0 = Release|Any CPU
		{647D258A-4FE1-4DFA-8D02-0E5DBE3B40F7}.Release|x64.ActiveCfg = Release|Any CPU
		{647D258A-4FE1-4DFA-8D02-0E5DBE3B40F7}.Release|x64.Build.0 = Release|Any CPU
		{647D258A-4FE1-4DFA-8D02-0E5DBE3B40F7}.Release|x86.ActiveCfg = Release|Any CPU
		{647D258A-4FE1-4DFA-8D02-0E5DBE3B40F7}.Release|x86.Build.0 = Release|Any CPU
		{9C3B9BC2-1066-4052-8188-BAAFEC9FAA42}.Debug|Any CPU.ActiveCfg = Debug|Any CPU
		{9C3B9BC2-1066-4052-8188-BAAFEC9FAA42}.Debug|Any CPU.Build.0 = Debug|Any CPU
		{9C3B9BC2-1066-4052-8188-BAAFEC9FAA42}.Debug|x64.ActiveCfg = Debug|Any CPU
		{9C3B9BC2-1066-4052-8188-BAAFEC9FAA42}.Debug|x64.Build.0 = Debug|Any CPU
		{9C3B9BC2-1066-4052-8188-BAAFEC9FAA42}.Debug|x86.ActiveCfg = Debug|Any CPU
		{9C3B9BC2-1066-4052-8188-BAAFEC9FAA42}.Debug|x86.Build.0 = Debug|Any CPU
		{9C3B9BC2-1066-4052-8188-BAAFEC9FAA42}.Release|Any CPU.ActiveCfg = Release|Any CPU
		{9C3B9BC2-1066-4052-8188-BAAFEC9FAA42}.Release|Any CPU.Build.0 = Release|Any CPU
		{9C3B9BC2-1066-4052-8188-BAAFEC9FAA42}.Release|x64.ActiveCfg = Release|Any CPU
		{9C3B9BC2-1066-4052-8188-BAAFEC9FAA42}.Release|x64.Build.0 = Release|Any CPU
		{9C3B9BC2-1066-4052-8188-BAAFEC9FAA42}.Release|x86.ActiveCfg = Release|Any CPU
		{9C3B9BC2-1066-4052-8188-BAAFEC9FAA42}.Release|x86.Build.0 = Release|Any CPU
		{9D38A783-B8EE-44C9-825A-DCCCA972FF0B}.Debug|Any CPU.ActiveCfg = Debug|Any CPU
		{9D38A783-B8EE-44C9-825A-DCCCA972FF0B}.Debug|Any CPU.Build.0 = Debug|Any CPU
		{9D38A783-B8EE-44C9-825A-DCCCA972FF0B}.Debug|x64.ActiveCfg = Debug|Any CPU
		{9D38A783-B8EE-44C9-825A-DCCCA972FF0B}.Debug|x64.Build.0 = Debug|Any CPU
		{9D38A783-B8EE-44C9-825A-DCCCA972FF0B}.Debug|x86.ActiveCfg = Debug|Any CPU
		{9D38A783-B8EE-44C9-825A-DCCCA972FF0B}.Debug|x86.Build.0 = Debug|Any CPU
		{9D38A783-B8EE-44C9-825A-DCCCA972FF0B}.Release|Any CPU.ActiveCfg = Release|Any CPU
		{9D38A783-B8EE-44C9-825A-DCCCA972FF0B}.Release|Any CPU.Build.0 = Release|Any CPU
		{9D38A783-B8EE-44C9-825A-DCCCA972FF0B}.Release|x64.ActiveCfg = Release|Any CPU
		{9D38A783-B8EE-44C9-825A-DCCCA972FF0B}.Release|x64.Build.0 = Release|Any CPU
		{9D38A783-B8EE-44C9-825A-DCCCA972FF0B}.Release|x86.ActiveCfg = Release|Any CPU
		{9D38A783-B8EE-44C9-825A-DCCCA972FF0B}.Release|x86.Build.0 = Release|Any CPU
		{18C0711F-2B26-49D8-89AB-F68499A0EB9B}.Debug|Any CPU.ActiveCfg = Debug|Any CPU
		{18C0711F-2B26-49D8-89AB-F68499A0EB9B}.Debug|Any CPU.Build.0 = Debug|Any CPU
		{18C0711F-2B26-49D8-89AB-F68499A0EB9B}.Debug|x64.ActiveCfg = Debug|Any CPU
		{18C0711F-2B26-49D8-89AB-F68499A0EB9B}.Debug|x64.Build.0 = Debug|Any CPU
		{18C0711F-2B26-49D8-89AB-F68499A0EB9B}.Debug|x86.ActiveCfg = Debug|Any CPU
		{18C0711F-2B26-49D8-89AB-F68499A0EB9B}.Debug|x86.Build.0 = Debug|Any CPU
		{18C0711F-2B26-49D8-89AB-F68499A0EB9B}.Release|Any CPU.ActiveCfg = Release|Any CPU
		{18C0711F-2B26-49D8-89AB-F68499A0EB9B}.Release|Any CPU.Build.0 = Release|Any CPU
		{18C0711F-2B26-49D8-89AB-F68499A0EB9B}.Release|x64.ActiveCfg = Release|Any CPU
		{18C0711F-2B26-49D8-89AB-F68499A0EB9B}.Release|x64.Build.0 = Release|Any CPU
		{18C0711F-2B26-49D8-89AB-F68499A0EB9B}.Release|x86.ActiveCfg = Release|Any CPU
		{18C0711F-2B26-49D8-89AB-F68499A0EB9B}.Release|x86.Build.0 = Release|Any CPU
		{C04E2349-B339-4AEF-89FB-AD8DCD9B117A}.Debug|Any CPU.ActiveCfg = Debug|Any CPU
		{C04E2349-B339-4AEF-89FB-AD8DCD9B117A}.Debug|Any CPU.Build.0 = Debug|Any CPU
		{C04E2349-B339-4AEF-89FB-AD8DCD9B117A}.Debug|x64.ActiveCfg = Debug|Any CPU
		{C04E2349-B339-4AEF-89FB-AD8DCD9B117A}.Debug|x64.Build.0 = Debug|Any CPU
		{C04E2349-B339-4AEF-89FB-AD8DCD9B117A}.Debug|x86.ActiveCfg = Debug|Any CPU
		{C04E2349-B339-4AEF-89FB-AD8DCD9B117A}.Debug|x86.Build.0 = Debug|Any CPU
		{C04E2349-B339-4AEF-89FB-AD8DCD9B117A}.Release|Any CPU.ActiveCfg = Release|Any CPU
		{C04E2349-B339-4AEF-89FB-AD8DCD9B117A}.Release|Any CPU.Build.0 = Release|Any CPU
		{C04E2349-B339-4AEF-89FB-AD8DCD9B117A}.Release|x64.ActiveCfg = Release|Any CPU
		{C04E2349-B339-4AEF-89FB-AD8DCD9B117A}.Release|x64.Build.0 = Release|Any CPU
		{C04E2349-B339-4AEF-89FB-AD8DCD9B117A}.Release|x86.ActiveCfg = Release|Any CPU
		{C04E2349-B339-4AEF-89FB-AD8DCD9B117A}.Release|x86.Build.0 = Release|Any CPU
		{7176CD56-0822-410E-9318-C3440D24A0BB}.Debug|Any CPU.ActiveCfg = Debug|Any CPU
		{7176CD56-0822-410E-9318-C3440D24A0BB}.Debug|Any CPU.Build.0 = Debug|Any CPU
		{7176CD56-0822-410E-9318-C3440D24A0BB}.Debug|x64.ActiveCfg = Debug|Any CPU
		{7176CD56-0822-410E-9318-C3440D24A0BB}.Debug|x64.Build.0 = Debug|Any CPU
		{7176CD56-0822-410E-9318-C3440D24A0BB}.Debug|x86.ActiveCfg = Debug|Any CPU
		{7176CD56-0822-410E-9318-C3440D24A0BB}.Debug|x86.Build.0 = Debug|Any CPU
		{7176CD56-0822-410E-9318-C3440D24A0BB}.Release|Any CPU.ActiveCfg = Release|Any CPU
		{7176CD56-0822-410E-9318-C3440D24A0BB}.Release|Any CPU.Build.0 = Release|Any CPU
		{7176CD56-0822-410E-9318-C3440D24A0BB}.Release|x64.ActiveCfg = Release|Any CPU
		{7176CD56-0822-410E-9318-C3440D24A0BB}.Release|x64.Build.0 = Release|Any CPU
		{7176CD56-0822-410E-9318-C3440D24A0BB}.Release|x86.ActiveCfg = Release|Any CPU
		{7176CD56-0822-410E-9318-C3440D24A0BB}.Release|x86.Build.0 = Release|Any CPU
		{6D52D932-7890-4269-8F05-FDEA6DE45B42}.Debug|Any CPU.ActiveCfg = Debug|Any CPU
		{6D52D932-7890-4269-8F05-FDEA6DE45B42}.Debug|Any CPU.Build.0 = Debug|Any CPU
		{6D52D932-7890-4269-8F05-FDEA6DE45B42}.Debug|x64.ActiveCfg = Debug|Any CPU
		{6D52D932-7890-4269-8F05-FDEA6DE45B42}.Debug|x64.Build.0 = Debug|Any CPU
		{6D52D932-7890-4269-8F05-FDEA6DE45B42}.Debug|x86.ActiveCfg = Debug|Any CPU
		{6D52D932-7890-4269-8F05-FDEA6DE45B42}.Debug|x86.Build.0 = Debug|Any CPU
		{6D52D932-7890-4269-8F05-FDEA6DE45B42}.Release|Any CPU.ActiveCfg = Release|Any CPU
		{6D52D932-7890-4269-8F05-FDEA6DE45B42}.Release|Any CPU.Build.0 = Release|Any CPU
		{6D52D932-7890-4269-8F05-FDEA6DE45B42}.Release|x64.ActiveCfg = Release|Any CPU
		{6D52D932-7890-4269-8F05-FDEA6DE45B42}.Release|x64.Build.0 = Release|Any CPU
		{6D52D932-7890-4269-8F05-FDEA6DE45B42}.Release|x86.ActiveCfg = Release|Any CPU
		{6D52D932-7890-4269-8F05-FDEA6DE45B42}.Release|x86.Build.0 = Release|Any CPU
		{12080E4D-027D-4880-8A94-AA22DCD15F07}.Debug|Any CPU.ActiveCfg = Debug|Any CPU
		{12080E4D-027D-4880-8A94-AA22DCD15F07}.Debug|Any CPU.Build.0 = Debug|Any CPU
		{12080E4D-027D-4880-8A94-AA22DCD15F07}.Debug|x64.ActiveCfg = Debug|Any CPU
		{12080E4D-027D-4880-8A94-AA22DCD15F07}.Debug|x64.Build.0 = Debug|Any CPU
		{12080E4D-027D-4880-8A94-AA22DCD15F07}.Debug|x86.ActiveCfg = Debug|Any CPU
		{12080E4D-027D-4880-8A94-AA22DCD15F07}.Debug|x86.Build.0 = Debug|Any CPU
		{12080E4D-027D-4880-8A94-AA22DCD15F07}.Release|Any CPU.ActiveCfg = Release|Any CPU
		{12080E4D-027D-4880-8A94-AA22DCD15F07}.Release|Any CPU.Build.0 = Release|Any CPU
		{12080E4D-027D-4880-8A94-AA22DCD15F07}.Release|x64.ActiveCfg = Release|Any CPU
		{12080E4D-027D-4880-8A94-AA22DCD15F07}.Release|x64.Build.0 = Release|Any CPU
		{12080E4D-027D-4880-8A94-AA22DCD15F07}.Release|x86.ActiveCfg = Release|Any CPU
		{12080E4D-027D-4880-8A94-AA22DCD15F07}.Release|x86.Build.0 = Release|Any CPU
		{517E6A56-5FFA-4FD0-B645-02C295C968C3}.Debug|Any CPU.ActiveCfg = Debug|Any CPU
		{517E6A56-5FFA-4FD0-B645-02C295C968C3}.Debug|Any CPU.Build.0 = Debug|Any CPU
		{517E6A56-5FFA-4FD0-B645-02C295C968C3}.Debug|x64.ActiveCfg = Debug|Any CPU
		{517E6A56-5FFA-4FD0-B645-02C295C968C3}.Debug|x64.Build.0 = Debug|Any CPU
		{517E6A56-5FFA-4FD0-B645-02C295C968C3}.Debug|x86.ActiveCfg = Debug|Any CPU
		{517E6A56-5FFA-4FD0-B645-02C295C968C3}.Debug|x86.Build.0 = Debug|Any CPU
		{517E6A56-5FFA-4FD0-B645-02C295C968C3}.Release|Any CPU.ActiveCfg = Release|Any CPU
		{517E6A56-5FFA-4FD0-B645-02C295C968C3}.Release|Any CPU.Build.0 = Release|Any CPU
		{517E6A56-5FFA-4FD0-B645-02C295C968C3}.Release|x64.ActiveCfg = Release|Any CPU
		{517E6A56-5FFA-4FD0-B645-02C295C968C3}.Release|x64.Build.0 = Release|Any CPU
		{517E6A56-5FFA-4FD0-B645-02C295C968C3}.Release|x86.ActiveCfg = Release|Any CPU
		{517E6A56-5FFA-4FD0-B645-02C295C968C3}.Release|x86.Build.0 = Release|Any CPU
		{EDAC1981-61FC-4030-AA5F-C9A4D054CF00}.Debug|Any CPU.ActiveCfg = Debug|Any CPU
		{EDAC1981-61FC-4030-AA5F-C9A4D054CF00}.Debug|Any CPU.Build.0 = Debug|Any CPU
		{EDAC1981-61FC-4030-AA5F-C9A4D054CF00}.Debug|x64.ActiveCfg = Debug|Any CPU
		{EDAC1981-61FC-4030-AA5F-C9A4D054CF00}.Debug|x64.Build.0 = Debug|Any CPU
		{EDAC1981-61FC-4030-AA5F-C9A4D054CF00}.Debug|x86.ActiveCfg = Debug|Any CPU
		{EDAC1981-61FC-4030-AA5F-C9A4D054CF00}.Debug|x86.Build.0 = Debug|Any CPU
		{EDAC1981-61FC-4030-AA5F-C9A4D054CF00}.Release|Any CPU.ActiveCfg = Release|Any CPU
		{EDAC1981-61FC-4030-AA5F-C9A4D054CF00}.Release|Any CPU.Build.0 = Release|Any CPU
		{EDAC1981-61FC-4030-AA5F-C9A4D054CF00}.Release|x64.ActiveCfg = Release|Any CPU
		{EDAC1981-61FC-4030-AA5F-C9A4D054CF00}.Release|x64.Build.0 = Release|Any CPU
		{EDAC1981-61FC-4030-AA5F-C9A4D054CF00}.Release|x86.ActiveCfg = Release|Any CPU
		{EDAC1981-61FC-4030-AA5F-C9A4D054CF00}.Release|x86.Build.0 = Release|Any CPU
		{2E23FB6C-FAD1-41B1-9187-1ECD7548FBCC}.Debug|Any CPU.ActiveCfg = Debug|Any CPU
		{2E23FB6C-FAD1-41B1-9187-1ECD7548FBCC}.Debug|Any CPU.Build.0 = Debug|Any CPU
		{2E23FB6C-FAD1-41B1-9187-1ECD7548FBCC}.Debug|x64.ActiveCfg = Debug|Any CPU
		{2E23FB6C-FAD1-41B1-9187-1ECD7548FBCC}.Debug|x64.Build.0 = Debug|Any CPU
		{2E23FB6C-FAD1-41B1-9187-1ECD7548FBCC}.Debug|x86.ActiveCfg = Debug|Any CPU
		{2E23FB6C-FAD1-41B1-9187-1ECD7548FBCC}.Debug|x86.Build.0 = Debug|Any CPU
		{2E23FB6C-FAD1-41B1-9187-1ECD7548FBCC}.Release|Any CPU.ActiveCfg = Release|Any CPU
		{2E23FB6C-FAD1-41B1-9187-1ECD7548FBCC}.Release|Any CPU.Build.0 = Release|Any CPU
		{2E23FB6C-FAD1-41B1-9187-1ECD7548FBCC}.Release|x64.ActiveCfg = Release|Any CPU
		{2E23FB6C-FAD1-41B1-9187-1ECD7548FBCC}.Release|x64.Build.0 = Release|Any CPU
		{2E23FB6C-FAD1-41B1-9187-1ECD7548FBCC}.Release|x86.ActiveCfg = Release|Any CPU
		{2E23FB6C-FAD1-41B1-9187-1ECD7548FBCC}.Release|x86.Build.0 = Release|Any CPU
		{B6C71468-2074-44DF-89E1-1B97E4A3DFDE}.Debug|Any CPU.ActiveCfg = Debug|Any CPU
		{B6C71468-2074-44DF-89E1-1B97E4A3DFDE}.Debug|Any CPU.Build.0 = Debug|Any CPU
		{B6C71468-2074-44DF-89E1-1B97E4A3DFDE}.Debug|x64.ActiveCfg = Debug|Any CPU
		{B6C71468-2074-44DF-89E1-1B97E4A3DFDE}.Debug|x64.Build.0 = Debug|Any CPU
		{B6C71468-2074-44DF-89E1-1B97E4A3DFDE}.Debug|x86.ActiveCfg = Debug|Any CPU
		{B6C71468-2074-44DF-89E1-1B97E4A3DFDE}.Debug|x86.Build.0 = Debug|Any CPU
		{B6C71468-2074-44DF-89E1-1B97E4A3DFDE}.Release|Any CPU.ActiveCfg = Release|Any CPU
		{B6C71468-2074-44DF-89E1-1B97E4A3DFDE}.Release|Any CPU.Build.0 = Release|Any CPU
		{B6C71468-2074-44DF-89E1-1B97E4A3DFDE}.Release|x64.ActiveCfg = Release|Any CPU
		{B6C71468-2074-44DF-89E1-1B97E4A3DFDE}.Release|x64.Build.0 = Release|Any CPU
		{B6C71468-2074-44DF-89E1-1B97E4A3DFDE}.Release|x86.ActiveCfg = Release|Any CPU
		{B6C71468-2074-44DF-89E1-1B97E4A3DFDE}.Release|x86.Build.0 = Release|Any CPU
		{7A96CCA0-4D47-48C6-A889-B560048E0C16}.Debug|Any CPU.ActiveCfg = Debug|Any CPU
		{7A96CCA0-4D47-48C6-A889-B560048E0C16}.Debug|Any CPU.Build.0 = Debug|Any CPU
		{7A96CCA0-4D47-48C6-A889-B560048E0C16}.Debug|x64.ActiveCfg = Debug|Any CPU
		{7A96CCA0-4D47-48C6-A889-B560048E0C16}.Debug|x64.Build.0 = Debug|Any CPU
		{7A96CCA0-4D47-48C6-A889-B560048E0C16}.Debug|x86.ActiveCfg = Debug|Any CPU
		{7A96CCA0-4D47-48C6-A889-B560048E0C16}.Debug|x86.Build.0 = Debug|Any CPU
		{7A96CCA0-4D47-48C6-A889-B560048E0C16}.Release|Any CPU.ActiveCfg = Release|Any CPU
		{7A96CCA0-4D47-48C6-A889-B560048E0C16}.Release|Any CPU.Build.0 = Release|Any CPU
		{7A96CCA0-4D47-48C6-A889-B560048E0C16}.Release|x64.ActiveCfg = Release|Any CPU
		{7A96CCA0-4D47-48C6-A889-B560048E0C16}.Release|x64.Build.0 = Release|Any CPU
		{7A96CCA0-4D47-48C6-A889-B560048E0C16}.Release|x86.ActiveCfg = Release|Any CPU
		{7A96CCA0-4D47-48C6-A889-B560048E0C16}.Release|x86.Build.0 = Release|Any CPU
		{3B9E0D18-FE40-4E36-A07B-9198CA5CDBBB}.Debug|Any CPU.ActiveCfg = Debug|Any CPU
		{3B9E0D18-FE40-4E36-A07B-9198CA5CDBBB}.Debug|Any CPU.Build.0 = Debug|Any CPU
		{3B9E0D18-FE40-4E36-A07B-9198CA5CDBBB}.Debug|x64.ActiveCfg = Debug|Any CPU
		{3B9E0D18-FE40-4E36-A07B-9198CA5CDBBB}.Debug|x64.Build.0 = Debug|Any CPU
		{3B9E0D18-FE40-4E36-A07B-9198CA5CDBBB}.Debug|x86.ActiveCfg = Debug|Any CPU
		{3B9E0D18-FE40-4E36-A07B-9198CA5CDBBB}.Debug|x86.Build.0 = Debug|Any CPU
		{3B9E0D18-FE40-4E36-A07B-9198CA5CDBBB}.Release|Any CPU.ActiveCfg = Release|Any CPU
		{3B9E0D18-FE40-4E36-A07B-9198CA5CDBBB}.Release|Any CPU.Build.0 = Release|Any CPU
		{3B9E0D18-FE40-4E36-A07B-9198CA5CDBBB}.Release|x64.ActiveCfg = Release|Any CPU
		{3B9E0D18-FE40-4E36-A07B-9198CA5CDBBB}.Release|x64.Build.0 = Release|Any CPU
		{3B9E0D18-FE40-4E36-A07B-9198CA5CDBBB}.Release|x86.ActiveCfg = Release|Any CPU
		{3B9E0D18-FE40-4E36-A07B-9198CA5CDBBB}.Release|x86.Build.0 = Release|Any CPU
		{90C3DBB8-97BC-4265-B635-1A512CF32C46}.Debug|Any CPU.ActiveCfg = Debug|Any CPU
		{90C3DBB8-97BC-4265-B635-1A512CF32C46}.Debug|Any CPU.Build.0 = Debug|Any CPU
		{90C3DBB8-97BC-4265-B635-1A512CF32C46}.Debug|x64.ActiveCfg = Debug|Any CPU
		{90C3DBB8-97BC-4265-B635-1A512CF32C46}.Debug|x64.Build.0 = Debug|Any CPU
		{90C3DBB8-97BC-4265-B635-1A512CF32C46}.Debug|x86.ActiveCfg = Debug|Any CPU
		{90C3DBB8-97BC-4265-B635-1A512CF32C46}.Debug|x86.Build.0 = Debug|Any CPU
		{90C3DBB8-97BC-4265-B635-1A512CF32C46}.Release|Any CPU.ActiveCfg = Release|Any CPU
		{90C3DBB8-97BC-4265-B635-1A512CF32C46}.Release|Any CPU.Build.0 = Release|Any CPU
		{90C3DBB8-97BC-4265-B635-1A512CF32C46}.Release|x64.ActiveCfg = Release|Any CPU
		{90C3DBB8-97BC-4265-B635-1A512CF32C46}.Release|x64.Build.0 = Release|Any CPU
		{90C3DBB8-97BC-4265-B635-1A512CF32C46}.Release|x86.ActiveCfg = Release|Any CPU
		{90C3DBB8-97BC-4265-B635-1A512CF32C46}.Release|x86.Build.0 = Release|Any CPU
		{358837A0-FA02-42C5-B1B0-327D7CFDAA76}.Debug|Any CPU.ActiveCfg = Debug|Any CPU
		{358837A0-FA02-42C5-B1B0-327D7CFDAA76}.Debug|Any CPU.Build.0 = Debug|Any CPU
		{358837A0-FA02-42C5-B1B0-327D7CFDAA76}.Debug|x64.ActiveCfg = Debug|Any CPU
		{358837A0-FA02-42C5-B1B0-327D7CFDAA76}.Debug|x64.Build.0 = Debug|Any CPU
		{358837A0-FA02-42C5-B1B0-327D7CFDAA76}.Debug|x86.ActiveCfg = Debug|Any CPU
		{358837A0-FA02-42C5-B1B0-327D7CFDAA76}.Debug|x86.Build.0 = Debug|Any CPU
		{358837A0-FA02-42C5-B1B0-327D7CFDAA76}.Release|Any CPU.ActiveCfg = Release|Any CPU
		{358837A0-FA02-42C5-B1B0-327D7CFDAA76}.Release|Any CPU.Build.0 = Release|Any CPU
		{358837A0-FA02-42C5-B1B0-327D7CFDAA76}.Release|x64.ActiveCfg = Release|Any CPU
		{358837A0-FA02-42C5-B1B0-327D7CFDAA76}.Release|x64.Build.0 = Release|Any CPU
		{358837A0-FA02-42C5-B1B0-327D7CFDAA76}.Release|x86.ActiveCfg = Release|Any CPU
		{358837A0-FA02-42C5-B1B0-327D7CFDAA76}.Release|x86.Build.0 = Release|Any CPU
		{7AE37670-7570-4EB1-8E66-94DE225CC63E}.Debug|Any CPU.ActiveCfg = Debug|Any CPU
		{7AE37670-7570-4EB1-8E66-94DE225CC63E}.Debug|Any CPU.Build.0 = Debug|Any CPU
		{7AE37670-7570-4EB1-8E66-94DE225CC63E}.Debug|x64.ActiveCfg = Debug|Any CPU
		{7AE37670-7570-4EB1-8E66-94DE225CC63E}.Debug|x64.Build.0 = Debug|Any CPU
		{7AE37670-7570-4EB1-8E66-94DE225CC63E}.Debug|x86.ActiveCfg = Debug|Any CPU
		{7AE37670-7570-4EB1-8E66-94DE225CC63E}.Debug|x86.Build.0 = Debug|Any CPU
		{7AE37670-7570-4EB1-8E66-94DE225CC63E}.Release|Any CPU.ActiveCfg = Release|Any CPU
		{7AE37670-7570-4EB1-8E66-94DE225CC63E}.Release|Any CPU.Build.0 = Release|Any CPU
		{7AE37670-7570-4EB1-8E66-94DE225CC63E}.Release|x64.ActiveCfg = Release|Any CPU
		{7AE37670-7570-4EB1-8E66-94DE225CC63E}.Release|x64.Build.0 = Release|Any CPU
		{7AE37670-7570-4EB1-8E66-94DE225CC63E}.Release|x86.ActiveCfg = Release|Any CPU
		{7AE37670-7570-4EB1-8E66-94DE225CC63E}.Release|x86.Build.0 = Release|Any CPU
		{326A3938-5C0B-4280-9175-7E059679731B}.Debug|Any CPU.ActiveCfg = Debug|Any CPU
		{326A3938-5C0B-4280-9175-7E059679731B}.Debug|Any CPU.Build.0 = Debug|Any CPU
		{326A3938-5C0B-4280-9175-7E059679731B}.Debug|x64.ActiveCfg = Debug|Any CPU
		{326A3938-5C0B-4280-9175-7E059679731B}.Debug|x64.Build.0 = Debug|Any CPU
		{326A3938-5C0B-4280-9175-7E059679731B}.Debug|x86.ActiveCfg = Debug|Any CPU
		{326A3938-5C0B-4280-9175-7E059679731B}.Debug|x86.Build.0 = Debug|Any CPU
		{326A3938-5C0B-4280-9175-7E059679731B}.Release|Any CPU.ActiveCfg = Release|Any CPU
		{326A3938-5C0B-4280-9175-7E059679731B}.Release|Any CPU.Build.0 = Release|Any CPU
		{326A3938-5C0B-4280-9175-7E059679731B}.Release|x64.ActiveCfg = Release|Any CPU
		{326A3938-5C0B-4280-9175-7E059679731B}.Release|x64.Build.0 = Release|Any CPU
		{326A3938-5C0B-4280-9175-7E059679731B}.Release|x86.ActiveCfg = Release|Any CPU
		{326A3938-5C0B-4280-9175-7E059679731B}.Release|x86.Build.0 = Release|Any CPU
		{9F99DC5B-DAD0-4C43-BFFF-8027E4077334}.Debug|Any CPU.ActiveCfg = Debug|Any CPU
		{9F99DC5B-DAD0-4C43-BFFF-8027E4077334}.Debug|Any CPU.Build.0 = Debug|Any CPU
		{9F99DC5B-DAD0-4C43-BFFF-8027E4077334}.Debug|x64.ActiveCfg = Debug|Any CPU
		{9F99DC5B-DAD0-4C43-BFFF-8027E4077334}.Debug|x64.Build.0 = Debug|Any CPU
		{9F99DC5B-DAD0-4C43-BFFF-8027E4077334}.Debug|x86.ActiveCfg = Debug|Any CPU
		{9F99DC5B-DAD0-4C43-BFFF-8027E4077334}.Debug|x86.Build.0 = Debug|Any CPU
		{9F99DC5B-DAD0-4C43-BFFF-8027E4077334}.Release|Any CPU.ActiveCfg = Release|Any CPU
		{9F99DC5B-DAD0-4C43-BFFF-8027E4077334}.Release|Any CPU.Build.0 = Release|Any CPU
		{9F99DC5B-DAD0-4C43-BFFF-8027E4077334}.Release|x64.ActiveCfg = Release|Any CPU
		{9F99DC5B-DAD0-4C43-BFFF-8027E4077334}.Release|x64.Build.0 = Release|Any CPU
		{9F99DC5B-DAD0-4C43-BFFF-8027E4077334}.Release|x86.ActiveCfg = Release|Any CPU
		{9F99DC5B-DAD0-4C43-BFFF-8027E4077334}.Release|x86.Build.0 = Release|Any CPU
		{D8806C9D-8C2E-4EF3-8016-F3ED83902493}.Debug|Any CPU.ActiveCfg = Debug|Any CPU
		{D8806C9D-8C2E-4EF3-8016-F3ED83902493}.Debug|Any CPU.Build.0 = Debug|Any CPU
		{D8806C9D-8C2E-4EF3-8016-F3ED83902493}.Debug|x64.ActiveCfg = Debug|Any CPU
		{D8806C9D-8C2E-4EF3-8016-F3ED83902493}.Debug|x64.Build.0 = Debug|Any CPU
		{D8806C9D-8C2E-4EF3-8016-F3ED83902493}.Debug|x86.ActiveCfg = Debug|Any CPU
		{D8806C9D-8C2E-4EF3-8016-F3ED83902493}.Debug|x86.Build.0 = Debug|Any CPU
		{D8806C9D-8C2E-4EF3-8016-F3ED83902493}.Release|Any CPU.ActiveCfg = Release|Any CPU
		{D8806C9D-8C2E-4EF3-8016-F3ED83902493}.Release|Any CPU.Build.0 = Release|Any CPU
		{D8806C9D-8C2E-4EF3-8016-F3ED83902493}.Release|x64.ActiveCfg = Release|Any CPU
		{D8806C9D-8C2E-4EF3-8016-F3ED83902493}.Release|x64.Build.0 = Release|Any CPU
		{D8806C9D-8C2E-4EF3-8016-F3ED83902493}.Release|x86.ActiveCfg = Release|Any CPU
		{D8806C9D-8C2E-4EF3-8016-F3ED83902493}.Release|x86.Build.0 = Release|Any CPU
		{F3C03589-20A5-4D6E-A2C5-4143A11F03B3}.Debug|Any CPU.ActiveCfg = Debug|Any CPU
		{F3C03589-20A5-4D6E-A2C5-4143A11F03B3}.Debug|Any CPU.Build.0 = Debug|Any CPU
		{F3C03589-20A5-4D6E-A2C5-4143A11F03B3}.Debug|x64.ActiveCfg = Debug|Any CPU
		{F3C03589-20A5-4D6E-A2C5-4143A11F03B3}.Debug|x64.Build.0 = Debug|Any CPU
		{F3C03589-20A5-4D6E-A2C5-4143A11F03B3}.Debug|x86.ActiveCfg = Debug|Any CPU
		{F3C03589-20A5-4D6E-A2C5-4143A11F03B3}.Debug|x86.Build.0 = Debug|Any CPU
		{F3C03589-20A5-4D6E-A2C5-4143A11F03B3}.Release|Any CPU.ActiveCfg = Release|Any CPU
		{F3C03589-20A5-4D6E-A2C5-4143A11F03B3}.Release|Any CPU.Build.0 = Release|Any CPU
		{F3C03589-20A5-4D6E-A2C5-4143A11F03B3}.Release|x64.ActiveCfg = Release|Any CPU
		{F3C03589-20A5-4D6E-A2C5-4143A11F03B3}.Release|x64.Build.0 = Release|Any CPU
		{F3C03589-20A5-4D6E-A2C5-4143A11F03B3}.Release|x86.ActiveCfg = Release|Any CPU
		{F3C03589-20A5-4D6E-A2C5-4143A11F03B3}.Release|x86.Build.0 = Release|Any CPU
		{C35E0AC6-D871-4ABA-93B3-0DA35F34D6FC}.Debug|Any CPU.ActiveCfg = Debug|Any CPU
		{C35E0AC6-D871-4ABA-93B3-0DA35F34D6FC}.Debug|Any CPU.Build.0 = Debug|Any CPU
		{C35E0AC6-D871-4ABA-93B3-0DA35F34D6FC}.Debug|x64.ActiveCfg = Debug|Any CPU
		{C35E0AC6-D871-4ABA-93B3-0DA35F34D6FC}.Debug|x64.Build.0 = Debug|Any CPU
		{C35E0AC6-D871-4ABA-93B3-0DA35F34D6FC}.Debug|x86.ActiveCfg = Debug|Any CPU
		{C35E0AC6-D871-4ABA-93B3-0DA35F34D6FC}.Debug|x86.Build.0 = Debug|Any CPU
		{C35E0AC6-D871-4ABA-93B3-0DA35F34D6FC}.Release|Any CPU.ActiveCfg = Release|Any CPU
		{C35E0AC6-D871-4ABA-93B3-0DA35F34D6FC}.Release|Any CPU.Build.0 = Release|Any CPU
		{C35E0AC6-D871-4ABA-93B3-0DA35F34D6FC}.Release|x64.ActiveCfg = Release|Any CPU
		{C35E0AC6-D871-4ABA-93B3-0DA35F34D6FC}.Release|x64.Build.0 = Release|Any CPU
		{C35E0AC6-D871-4ABA-93B3-0DA35F34D6FC}.Release|x86.ActiveCfg = Release|Any CPU
		{C35E0AC6-D871-4ABA-93B3-0DA35F34D6FC}.Release|x86.Build.0 = Release|Any CPU
		{DBE3FD1D-811C-416B-AE2E-08D468ABA4D6}.Debug|Any CPU.ActiveCfg = Debug|Any CPU
		{DBE3FD1D-811C-416B-AE2E-08D468ABA4D6}.Debug|Any CPU.Build.0 = Debug|Any CPU
		{DBE3FD1D-811C-416B-AE2E-08D468ABA4D6}.Debug|x64.ActiveCfg = Debug|Any CPU
		{DBE3FD1D-811C-416B-AE2E-08D468ABA4D6}.Debug|x64.Build.0 = Debug|Any CPU
		{DBE3FD1D-811C-416B-AE2E-08D468ABA4D6}.Debug|x86.ActiveCfg = Debug|Any CPU
		{DBE3FD1D-811C-416B-AE2E-08D468ABA4D6}.Debug|x86.Build.0 = Debug|Any CPU
		{DBE3FD1D-811C-416B-AE2E-08D468ABA4D6}.Release|Any CPU.ActiveCfg = Release|Any CPU
		{DBE3FD1D-811C-416B-AE2E-08D468ABA4D6}.Release|Any CPU.Build.0 = Release|Any CPU
		{DBE3FD1D-811C-416B-AE2E-08D468ABA4D6}.Release|x64.ActiveCfg = Release|Any CPU
		{DBE3FD1D-811C-416B-AE2E-08D468ABA4D6}.Release|x64.Build.0 = Release|Any CPU
		{DBE3FD1D-811C-416B-AE2E-08D468ABA4D6}.Release|x86.ActiveCfg = Release|Any CPU
		{DBE3FD1D-811C-416B-AE2E-08D468ABA4D6}.Release|x86.Build.0 = Release|Any CPU
		{F9BA18A4-53E7-4747-A55A-061ED26BA520}.Debug|Any CPU.ActiveCfg = Debug|Any CPU
		{F9BA18A4-53E7-4747-A55A-061ED26BA520}.Debug|Any CPU.Build.0 = Debug|Any CPU
		{F9BA18A4-53E7-4747-A55A-061ED26BA520}.Debug|x64.ActiveCfg = Debug|Any CPU
		{F9BA18A4-53E7-4747-A55A-061ED26BA520}.Debug|x64.Build.0 = Debug|Any CPU
		{F9BA18A4-53E7-4747-A55A-061ED26BA520}.Debug|x86.ActiveCfg = Debug|Any CPU
		{F9BA18A4-53E7-4747-A55A-061ED26BA520}.Debug|x86.Build.0 = Debug|Any CPU
		{F9BA18A4-53E7-4747-A55A-061ED26BA520}.Release|Any CPU.ActiveCfg = Release|Any CPU
		{F9BA18A4-53E7-4747-A55A-061ED26BA520}.Release|Any CPU.Build.0 = Release|Any CPU
		{F9BA18A4-53E7-4747-A55A-061ED26BA520}.Release|x64.ActiveCfg = Release|Any CPU
		{F9BA18A4-53E7-4747-A55A-061ED26BA520}.Release|x64.Build.0 = Release|Any CPU
		{F9BA18A4-53E7-4747-A55A-061ED26BA520}.Release|x86.ActiveCfg = Release|Any CPU
		{F9BA18A4-53E7-4747-A55A-061ED26BA520}.Release|x86.Build.0 = Release|Any CPU
		{A58297FF-2276-415F-9A9C-75F9F1656E8C}.Debug|Any CPU.ActiveCfg = Debug|Any CPU
		{A58297FF-2276-415F-9A9C-75F9F1656E8C}.Debug|Any CPU.Build.0 = Debug|Any CPU
		{A58297FF-2276-415F-9A9C-75F9F1656E8C}.Debug|x64.ActiveCfg = Debug|Any CPU
		{A58297FF-2276-415F-9A9C-75F9F1656E8C}.Debug|x64.Build.0 = Debug|Any CPU
		{A58297FF-2276-415F-9A9C-75F9F1656E8C}.Debug|x86.ActiveCfg = Debug|Any CPU
		{A58297FF-2276-415F-9A9C-75F9F1656E8C}.Debug|x86.Build.0 = Debug|Any CPU
		{A58297FF-2276-415F-9A9C-75F9F1656E8C}.Release|Any CPU.ActiveCfg = Release|Any CPU
		{A58297FF-2276-415F-9A9C-75F9F1656E8C}.Release|Any CPU.Build.0 = Release|Any CPU
		{A58297FF-2276-415F-9A9C-75F9F1656E8C}.Release|x64.ActiveCfg = Release|Any CPU
		{A58297FF-2276-415F-9A9C-75F9F1656E8C}.Release|x64.Build.0 = Release|Any CPU
		{A58297FF-2276-415F-9A9C-75F9F1656E8C}.Release|x86.ActiveCfg = Release|Any CPU
		{A58297FF-2276-415F-9A9C-75F9F1656E8C}.Release|x86.Build.0 = Release|Any CPU
		{FFB7401A-9AF6-4FCE-B305-B7BE2B1361D7}.Debug|Any CPU.ActiveCfg = Debug|Any CPU
		{FFB7401A-9AF6-4FCE-B305-B7BE2B1361D7}.Debug|Any CPU.Build.0 = Debug|Any CPU
		{FFB7401A-9AF6-4FCE-B305-B7BE2B1361D7}.Debug|x64.ActiveCfg = Debug|Any CPU
		{FFB7401A-9AF6-4FCE-B305-B7BE2B1361D7}.Debug|x64.Build.0 = Debug|Any CPU
		{FFB7401A-9AF6-4FCE-B305-B7BE2B1361D7}.Debug|x86.ActiveCfg = Debug|Any CPU
		{FFB7401A-9AF6-4FCE-B305-B7BE2B1361D7}.Debug|x86.Build.0 = Debug|Any CPU
		{FFB7401A-9AF6-4FCE-B305-B7BE2B1361D7}.Release|Any CPU.ActiveCfg = Release|Any CPU
		{FFB7401A-9AF6-4FCE-B305-B7BE2B1361D7}.Release|Any CPU.Build.0 = Release|Any CPU
		{FFB7401A-9AF6-4FCE-B305-B7BE2B1361D7}.Release|x64.ActiveCfg = Release|Any CPU
		{FFB7401A-9AF6-4FCE-B305-B7BE2B1361D7}.Release|x64.Build.0 = Release|Any CPU
		{FFB7401A-9AF6-4FCE-B305-B7BE2B1361D7}.Release|x86.ActiveCfg = Release|Any CPU
		{FFB7401A-9AF6-4FCE-B305-B7BE2B1361D7}.Release|x86.Build.0 = Release|Any CPU
		{117FFF7E-019E-400E-9F51-A4F7F9F3195D}.Debug|Any CPU.ActiveCfg = Debug|Any CPU
		{117FFF7E-019E-400E-9F51-A4F7F9F3195D}.Debug|Any CPU.Build.0 = Debug|Any CPU
		{117FFF7E-019E-400E-9F51-A4F7F9F3195D}.Debug|x64.ActiveCfg = Debug|Any CPU
		{117FFF7E-019E-400E-9F51-A4F7F9F3195D}.Debug|x64.Build.0 = Debug|Any CPU
		{117FFF7E-019E-400E-9F51-A4F7F9F3195D}.Debug|x86.ActiveCfg = Debug|Any CPU
		{117FFF7E-019E-400E-9F51-A4F7F9F3195D}.Debug|x86.Build.0 = Debug|Any CPU
		{117FFF7E-019E-400E-9F51-A4F7F9F3195D}.Release|Any CPU.ActiveCfg = Release|Any CPU
		{117FFF7E-019E-400E-9F51-A4F7F9F3195D}.Release|Any CPU.Build.0 = Release|Any CPU
		{117FFF7E-019E-400E-9F51-A4F7F9F3195D}.Release|x64.ActiveCfg = Release|Any CPU
		{117FFF7E-019E-400E-9F51-A4F7F9F3195D}.Release|x64.Build.0 = Release|Any CPU
		{117FFF7E-019E-400E-9F51-A4F7F9F3195D}.Release|x86.ActiveCfg = Release|Any CPU
		{117FFF7E-019E-400E-9F51-A4F7F9F3195D}.Release|x86.Build.0 = Release|Any CPU
		{D41E4E00-B3F2-4F31-B890-C27F9E997B71}.Debug|Any CPU.ActiveCfg = Debug|Any CPU
		{D41E4E00-B3F2-4F31-B890-C27F9E997B71}.Debug|Any CPU.Build.0 = Debug|Any CPU
		{D41E4E00-B3F2-4F31-B890-C27F9E997B71}.Debug|x64.ActiveCfg = Debug|Any CPU
		{D41E4E00-B3F2-4F31-B890-C27F9E997B71}.Debug|x64.Build.0 = Debug|Any CPU
		{D41E4E00-B3F2-4F31-B890-C27F9E997B71}.Debug|x86.ActiveCfg = Debug|Any CPU
		{D41E4E00-B3F2-4F31-B890-C27F9E997B71}.Debug|x86.Build.0 = Debug|Any CPU
		{D41E4E00-B3F2-4F31-B890-C27F9E997B71}.Release|Any CPU.ActiveCfg = Release|Any CPU
		{D41E4E00-B3F2-4F31-B890-C27F9E997B71}.Release|Any CPU.Build.0 = Release|Any CPU
		{D41E4E00-B3F2-4F31-B890-C27F9E997B71}.Release|x64.ActiveCfg = Release|Any CPU
		{D41E4E00-B3F2-4F31-B890-C27F9E997B71}.Release|x64.Build.0 = Release|Any CPU
		{D41E4E00-B3F2-4F31-B890-C27F9E997B71}.Release|x86.ActiveCfg = Release|Any CPU
		{D41E4E00-B3F2-4F31-B890-C27F9E997B71}.Release|x86.Build.0 = Release|Any CPU
		{C0E07F03-E689-4FEB-BDFC-039633ECD11C}.Debug|Any CPU.ActiveCfg = Debug|Any CPU
		{C0E07F03-E689-4FEB-BDFC-039633ECD11C}.Debug|Any CPU.Build.0 = Debug|Any CPU
		{C0E07F03-E689-4FEB-BDFC-039633ECD11C}.Debug|x64.ActiveCfg = Debug|Any CPU
		{C0E07F03-E689-4FEB-BDFC-039633ECD11C}.Debug|x64.Build.0 = Debug|Any CPU
		{C0E07F03-E689-4FEB-BDFC-039633ECD11C}.Debug|x86.ActiveCfg = Debug|Any CPU
		{C0E07F03-E689-4FEB-BDFC-039633ECD11C}.Debug|x86.Build.0 = Debug|Any CPU
		{C0E07F03-E689-4FEB-BDFC-039633ECD11C}.Release|Any CPU.ActiveCfg = Release|Any CPU
		{C0E07F03-E689-4FEB-BDFC-039633ECD11C}.Release|Any CPU.Build.0 = Release|Any CPU
		{C0E07F03-E689-4FEB-BDFC-039633ECD11C}.Release|x64.ActiveCfg = Release|Any CPU
		{C0E07F03-E689-4FEB-BDFC-039633ECD11C}.Release|x64.Build.0 = Release|Any CPU
		{C0E07F03-E689-4FEB-BDFC-039633ECD11C}.Release|x86.ActiveCfg = Release|Any CPU
		{C0E07F03-E689-4FEB-BDFC-039633ECD11C}.Release|x86.Build.0 = Release|Any CPU
		{16141B3F-F785-4CFD-9FD2-67E9D76C4827}.Debug|Any CPU.ActiveCfg = Debug|Any CPU
		{16141B3F-F785-4CFD-9FD2-67E9D76C4827}.Debug|Any CPU.Build.0 = Debug|Any CPU
		{16141B3F-F785-4CFD-9FD2-67E9D76C4827}.Debug|x64.ActiveCfg = Debug|Any CPU
		{16141B3F-F785-4CFD-9FD2-67E9D76C4827}.Debug|x64.Build.0 = Debug|Any CPU
		{16141B3F-F785-4CFD-9FD2-67E9D76C4827}.Debug|x86.ActiveCfg = Debug|Any CPU
		{16141B3F-F785-4CFD-9FD2-67E9D76C4827}.Debug|x86.Build.0 = Debug|Any CPU
		{16141B3F-F785-4CFD-9FD2-67E9D76C4827}.Release|Any CPU.ActiveCfg = Release|Any CPU
		{16141B3F-F785-4CFD-9FD2-67E9D76C4827}.Release|Any CPU.Build.0 = Release|Any CPU
		{16141B3F-F785-4CFD-9FD2-67E9D76C4827}.Release|x64.ActiveCfg = Release|Any CPU
		{16141B3F-F785-4CFD-9FD2-67E9D76C4827}.Release|x64.Build.0 = Release|Any CPU
		{16141B3F-F785-4CFD-9FD2-67E9D76C4827}.Release|x86.ActiveCfg = Release|Any CPU
		{16141B3F-F785-4CFD-9FD2-67E9D76C4827}.Release|x86.Build.0 = Release|Any CPU
		{61A3EF4A-68CC-442E-87EC-F05B874A4C98}.Debug|Any CPU.ActiveCfg = Debug|Any CPU
		{61A3EF4A-68CC-442E-87EC-F05B874A4C98}.Debug|Any CPU.Build.0 = Debug|Any CPU
		{61A3EF4A-68CC-442E-87EC-F05B874A4C98}.Debug|x64.ActiveCfg = Debug|Any CPU
		{61A3EF4A-68CC-442E-87EC-F05B874A4C98}.Debug|x64.Build.0 = Debug|Any CPU
		{61A3EF4A-68CC-442E-87EC-F05B874A4C98}.Debug|x86.ActiveCfg = Debug|Any CPU
		{61A3EF4A-68CC-442E-87EC-F05B874A4C98}.Debug|x86.Build.0 = Debug|Any CPU
		{61A3EF4A-68CC-442E-87EC-F05B874A4C98}.Release|Any CPU.ActiveCfg = Release|Any CPU
		{61A3EF4A-68CC-442E-87EC-F05B874A4C98}.Release|Any CPU.Build.0 = Release|Any CPU
		{61A3EF4A-68CC-442E-87EC-F05B874A4C98}.Release|x64.ActiveCfg = Release|Any CPU
		{61A3EF4A-68CC-442E-87EC-F05B874A4C98}.Release|x64.Build.0 = Release|Any CPU
		{61A3EF4A-68CC-442E-87EC-F05B874A4C98}.Release|x86.ActiveCfg = Release|Any CPU
		{61A3EF4A-68CC-442E-87EC-F05B874A4C98}.Release|x86.Build.0 = Release|Any CPU
		{91391896-C591-43FD-B6F6-7D9150DB3CB2}.Debug|Any CPU.ActiveCfg = Debug|Any CPU
		{91391896-C591-43FD-B6F6-7D9150DB3CB2}.Debug|Any CPU.Build.0 = Debug|Any CPU
		{91391896-C591-43FD-B6F6-7D9150DB3CB2}.Debug|x64.ActiveCfg = Debug|Any CPU
		{91391896-C591-43FD-B6F6-7D9150DB3CB2}.Debug|x64.Build.0 = Debug|Any CPU
		{91391896-C591-43FD-B6F6-7D9150DB3CB2}.Debug|x86.ActiveCfg = Debug|Any CPU
		{91391896-C591-43FD-B6F6-7D9150DB3CB2}.Debug|x86.Build.0 = Debug|Any CPU
		{91391896-C591-43FD-B6F6-7D9150DB3CB2}.Release|Any CPU.ActiveCfg = Release|Any CPU
		{91391896-C591-43FD-B6F6-7D9150DB3CB2}.Release|Any CPU.Build.0 = Release|Any CPU
		{91391896-C591-43FD-B6F6-7D9150DB3CB2}.Release|x64.ActiveCfg = Release|Any CPU
		{91391896-C591-43FD-B6F6-7D9150DB3CB2}.Release|x64.Build.0 = Release|Any CPU
		{91391896-C591-43FD-B6F6-7D9150DB3CB2}.Release|x86.ActiveCfg = Release|Any CPU
		{91391896-C591-43FD-B6F6-7D9150DB3CB2}.Release|x86.Build.0 = Release|Any CPU
	EndGlobalSection
	GlobalSection(SolutionProperties) = preSolution
		HideSolutionNode = FALSE
	EndGlobalSection
	GlobalSection(NestedProjects) = preSolution
		{647D258A-4FE1-4DFA-8D02-0E5DBE3B40F7} = {72016889-9414-472E-AC99-17B0876B8F06}
		{9C3B9BC2-1066-4052-8188-BAAFEC9FAA42} = {DF2E1ED9-DC44-4DD4-B6A1-165304E88118}
		{9D38A783-B8EE-44C9-825A-DCCCA972FF0B} = {76CD255A-B5BB-4CB2-91C4-EDEA98C61289}
		{18C0711F-2B26-49D8-89AB-F68499A0EB9B} = {76CD255A-B5BB-4CB2-91C4-EDEA98C61289}
		{C04E2349-B339-4AEF-89FB-AD8DCD9B117A} = {76CD255A-B5BB-4CB2-91C4-EDEA98C61289}
		{7176CD56-0822-410E-9318-C3440D24A0BB} = {2A80B702-C4AB-409F-AFD5-CE7AC809785F}
		{6D52D932-7890-4269-8F05-FDEA6DE45B42} = {2A80B702-C4AB-409F-AFD5-CE7AC809785F}
		{12080E4D-027D-4880-8A94-AA22DCD15F07} = {2A80B702-C4AB-409F-AFD5-CE7AC809785F}
		{517E6A56-5FFA-4FD0-B645-02C295C968C3} = {597F6238-6E57-445B-A9A0-3DEB5BD92471}
		{2A80B702-C4AB-409F-AFD5-CE7AC809785F} = {4D21C152-7EF3-4248-B424-530F7BE51FD3}
		{EDAC1981-61FC-4030-AA5F-C9A4D054CF00} = {28247E7B-243D-4901-B26A-7A7615EBADDC}
		{2E23FB6C-FAD1-41B1-9187-1ECD7548FBCC} = {76CD255A-B5BB-4CB2-91C4-EDEA98C61289}
		{B6C71468-2074-44DF-89E1-1B97E4A3DFDE} = {76CD255A-B5BB-4CB2-91C4-EDEA98C61289}
		{7A96CCA0-4D47-48C6-A889-B560048E0C16} = {76CD255A-B5BB-4CB2-91C4-EDEA98C61289}
		{3B9E0D18-FE40-4E36-A07B-9198CA5CDBBB} = {28247E7B-243D-4901-B26A-7A7615EBADDC}
		{90C3DBB8-97BC-4265-B635-1A512CF32C46} = {1BA017ED-6BA7-42F0-BC5E-613495A55A6B}
		{358837A0-FA02-42C5-B1B0-327D7CFDAA76} = {60D2D4E3-E055-4A9C-BDB1-7328DAA9BD5C}
		{7AE37670-7570-4EB1-8E66-94DE225CC63E} = {7B2C772E-8C8A-4FB3-AB75-D2179FB53866}
		{326A3938-5C0B-4280-9175-7E059679731B} = {1BA017ED-6BA7-42F0-BC5E-613495A55A6B}
		{9F99DC5B-DAD0-4C43-BFFF-8027E4077334} = {76CD255A-B5BB-4CB2-91C4-EDEA98C61289}
		{D8806C9D-8C2E-4EF3-8016-F3ED83902493} = {4D21C152-7EF3-4248-B424-530F7BE51FD3}
		{F3C03589-20A5-4D6E-A2C5-4143A11F03B3} = {28247E7B-243D-4901-B26A-7A7615EBADDC}
		{72016889-9414-472E-AC99-17B0876B8F06} = {3FC16DAB-215C-422B-9130-61D566695463}
		{AA22EE67-3BBE-49A2-8868-531FE68FE162} = {3FC16DAB-215C-422B-9130-61D566695463}
		{76CD255A-B5BB-4CB2-91C4-EDEA98C61289} = {3FC16DAB-215C-422B-9130-61D566695463}
		{4D21C152-7EF3-4248-B424-530F7BE51FD3} = {AA22EE67-3BBE-49A2-8868-531FE68FE162}
		{DF2E1ED9-DC44-4DD4-B6A1-165304E88118} = {3FC16DAB-215C-422B-9130-61D566695463}
		{597F6238-6E57-445B-A9A0-3DEB5BD92471} = {4E12F429-CEC0-4080-B0FE-39F9B8B9AE4C}
		{7B2C772E-8C8A-4FB3-AB75-D2179FB53866} = {60D2D4E3-E055-4A9C-BDB1-7328DAA9BD5C}
		{28247E7B-243D-4901-B26A-7A7615EBADDC} = {3FC16DAB-215C-422B-9130-61D566695463}
		{82BC0AAB-94CA-4D5B-BF95-F7329D1150CB} = {60D2D4E3-E055-4A9C-BDB1-7328DAA9BD5C}
		{4E12F429-CEC0-4080-B0FE-39F9B8B9AE4C} = {82BC0AAB-94CA-4D5B-BF95-F7329D1150CB}
		{1BA017ED-6BA7-42F0-BC5E-613495A55A6B} = {60D2D4E3-E055-4A9C-BDB1-7328DAA9BD5C}
		{C35E0AC6-D871-4ABA-93B3-0DA35F34D6FC} = {4E12F429-CEC0-4080-B0FE-39F9B8B9AE4C}
		{DBE3FD1D-811C-416B-AE2E-08D468ABA4D6} = {4D21C152-7EF3-4248-B424-530F7BE51FD3}
		{421DCA6B-467F-4CE3-AD9D-7B2001CFD299} = {60D2D4E3-E055-4A9C-BDB1-7328DAA9BD5C}
		{F9BA18A4-53E7-4747-A55A-061ED26BA520} = {421DCA6B-467F-4CE3-AD9D-7B2001CFD299}
		{A58297FF-2276-415F-9A9C-75F9F1656E8C} = {421DCA6B-467F-4CE3-AD9D-7B2001CFD299}
		{FFB7401A-9AF6-4FCE-B305-B7BE2B1361D7} = {421DCA6B-467F-4CE3-AD9D-7B2001CFD299}
		{117FFF7E-019E-400E-9F51-A4F7F9F3195D} = {76CD255A-B5BB-4CB2-91C4-EDEA98C61289}
		{D41E4E00-B3F2-4F31-B890-C27F9E997B71} = {421DCA6B-467F-4CE3-AD9D-7B2001CFD299}
		{C0E07F03-E689-4FEB-BDFC-039633ECD11C} = {8B8F1470-B862-4BF8-B41D-F078D43277FA}
		{8B8F1470-B862-4BF8-B41D-F078D43277FA} = {60D2D4E3-E055-4A9C-BDB1-7328DAA9BD5C}
		{16141B3F-F785-4CFD-9FD2-67E9D76C4827} = {421DCA6B-467F-4CE3-AD9D-7B2001CFD299}
		{61A3EF4A-68CC-442E-87EC-F05B874A4C98} = {421DCA6B-467F-4CE3-AD9D-7B2001CFD299}
		{91391896-C591-43FD-B6F6-7D9150DB3CB2} = {2A80B702-C4AB-409F-AFD5-CE7AC809785F}
	EndGlobalSection
	GlobalSection(ExtensibilityGlobals) = postSolution
		SolutionGuid = {D02F665B-C14D-43C2-955C-9338A23836E0}
	EndGlobalSection
EndGlobal
