Microsoft Visual Studio Solution File, Format Version 12.00
# Visual Studio Version 17
VisualStudioVersion = 17.0.31710.8
MinimumVisualStudioVersion = 15.0.26124.0
Project("{2150E333-8FDC-42A3-9474-1A3956D46DE8}") = "src", "src", "{3FC16DAB-215C-422B-9130-61D566695463}"
EndProject
Project("{9A19103F-16F7-4668-BE54-9A1E7A4F7556}") = "Microsoft.DotNet.UpgradeAssistant.Cli", "src\cli\Microsoft.DotNet.UpgradeAssistant.Cli\Microsoft.DotNet.UpgradeAssistant.Cli.csproj", "{647D258A-4FE1-4DFA-8D02-0E5DBE3B40F7}"
EndProject
Project("{9A19103F-16F7-4668-BE54-9A1E7A4F7556}") = "Microsoft.DotNet.UpgradeAssistant.Abstractions", "src\common\Microsoft.DotNet.UpgradeAssistant.Abstractions\Microsoft.DotNet.UpgradeAssistant.Abstractions.csproj", "{9C3B9BC2-1066-4052-8188-BAAFEC9FAA42}"
EndProject
Project("{2150E333-8FDC-42A3-9474-1A3956D46DE8}") = "Solution Items", "Solution Items", "{791D5C15-EC26-497C-95F1-9A7C03BE8FF3}"
	ProjectSection(SolutionItems) = preProject
		.editorconfig = .editorconfig
		.vsconfig = .vsconfig
		azure-pipeline.yml = azure-pipeline.yml
		CHANGELOG.md = CHANGELOG.md
		CONTRIBUTING.md = CONTRIBUTING.md
		Directory.Build.props = Directory.Build.props
		Directory.Build.targets = Directory.Build.targets
		Extensions.targets = Extensions.targets
		global.json = global.json
		LICENSE.txt = LICENSE.txt
		NuGet.config = NuGet.config
		.github\workflows\publish.yml = .github\workflows\publish.yml
		README.md = README.md
		stylecop.json = stylecop.json
	EndProjectSection
EndProject
Project("{9A19103F-16F7-4668-BE54-9A1E7A4F7556}") = "Microsoft.DotNet.UpgradeAssistant.Steps.Packages", "src\extensions\default\Microsoft.DotNet.UpgradeAssistant.Steps.Packages\Microsoft.DotNet.UpgradeAssistant.Steps.Packages.csproj", "{18C0711F-2B26-49D8-89AB-F68499A0EB9B}"
EndProject
Project("{9A19103F-16F7-4668-BE54-9A1E7A4F7556}") = "Microsoft.DotNet.UpgradeAssistant.Steps.Source", "src\extensions\default\Microsoft.DotNet.UpgradeAssistant.Steps.Source\Microsoft.DotNet.UpgradeAssistant.Steps.Source.csproj", "{C04E2349-B339-4AEF-89FB-AD8DCD9B117A}"
EndProject
Project("{9A19103F-16F7-4668-BE54-9A1E7A4F7556}") = "Microsoft.DotNet.UpgradeAssistant.Extensions.Default.Analyzers", "src\extensions\default\analyzers\Microsoft.DotNet.UpgradeAssistant.Extensions.Default.Analyzers\Microsoft.DotNet.UpgradeAssistant.Extensions.Default.Analyzers.csproj", "{7176CD56-0822-410E-9318-C3440D24A0BB}"
EndProject
Project("{9A19103F-16F7-4668-BE54-9A1E7A4F7556}") = "Microsoft.DotNet.UpgradeAssistant.Extensions.Default.CodeFixes", "src\extensions\default\analyzers\Microsoft.DotNet.UpgradeAssistant.Extensions.Default.CodeFixes\Microsoft.DotNet.UpgradeAssistant.Extensions.Default.CodeFixes.csproj", "{6D52D932-7890-4269-8F05-FDEA6DE45B42}"
EndProject
Project("{9A19103F-16F7-4668-BE54-9A1E7A4F7556}") = "Microsoft.DotNet.UpgradeAssistant.Extensions.Default.Analyzers.Package", "src\extensions\default\analyzers\Microsoft.DotNet.UpgradeAssistant.Extensions.Default.Analyzers.Package\Microsoft.DotNet.UpgradeAssistant.Extensions.Default.Analyzers.Package.csproj", "{12080E4D-027D-4880-8A94-AA22DCD15F07}"
EndProject
Project("{9A19103F-16F7-4668-BE54-9A1E7A4F7556}") = "Microsoft.DotNet.UpgradeAssistant.Extensions.Default.Analyzers.Test", "tests\extensions\default\analyzers\Microsoft.DotNet.UpgradeAssistant.Extensions.Default.Analyzers.Test\Microsoft.DotNet.UpgradeAssistant.Extensions.Default.Analyzers.Test.csproj", "{517E6A56-5FFA-4FD0-B645-02C295C968C3}"
EndProject
Project("{2150E333-8FDC-42A3-9474-1A3956D46DE8}") = "analyzers", "analyzers", "{2A80B702-C4AB-409F-AFD5-CE7AC809785F}"
EndProject
Project("{2150E333-8FDC-42A3-9474-1A3956D46DE8}") = "tests", "tests", "{60D2D4E3-E055-4A9C-BDB1-7328DAA9BD5C}"
	ProjectSection(SolutionItems) = preProject
		tests\Directory.Build.props = tests\Directory.Build.props
		tests\Directory.Build.targets = tests\Directory.Build.targets
	EndProjectSection
EndProject
Project("{9A19103F-16F7-4668-BE54-9A1E7A4F7556}") = "Microsoft.DotNet.UpgradeAssistant.MSBuild", "src\components\Microsoft.DotNet.UpgradeAssistant.MSBuild\Microsoft.DotNet.UpgradeAssistant.MSBuild.csproj", "{EDAC1981-61FC-4030-AA5F-C9A4D054CF00}"
EndProject
Project("{9A19103F-16F7-4668-BE54-9A1E7A4F7556}") = "Microsoft.DotNet.UpgradeAssistant.Steps.Templates", "src\extensions\default\Microsoft.DotNet.UpgradeAssistant.Steps.Templates\Microsoft.DotNet.UpgradeAssistant.Steps.Templates.csproj", "{2E23FB6C-FAD1-41B1-9187-1ECD7548FBCC}"
EndProject
Project("{9A19103F-16F7-4668-BE54-9A1E7A4F7556}") = "Microsoft.DotNet.UpgradeAssistant.Steps.Solution", "src\extensions\default\Microsoft.DotNet.UpgradeAssistant.Steps.Solution\Microsoft.DotNet.UpgradeAssistant.Steps.Solution.csproj", "{B6C71468-2074-44DF-89E1-1B97E4A3DFDE}"
EndProject
Project("{9A19103F-16F7-4668-BE54-9A1E7A4F7556}") = "Microsoft.DotNet.UpgradeAssistant.Steps.Backup", "src\extensions\default\Microsoft.DotNet.UpgradeAssistant.Steps.Backup\Microsoft.DotNet.UpgradeAssistant.Steps.Backup.csproj", "{7A96CCA0-4D47-48C6-A889-B560048E0C16}"
EndProject
Project("{9A19103F-16F7-4668-BE54-9A1E7A4F7556}") = "Microsoft.DotNet.UpgradeAssistant", "src\components\Microsoft.DotNet.UpgradeAssistant\Microsoft.DotNet.UpgradeAssistant.csproj", "{3B9E0D18-FE40-4E36-A07B-9198CA5CDBBB}"
EndProject
Project("{9A19103F-16F7-4668-BE54-9A1E7A4F7556}") = "Microsoft.DotNet.UpgradeAssistant.Tests", "tests\components\Microsoft.DotNet.UpgradeAssistant.Tests\Microsoft.DotNet.UpgradeAssistant.Tests.csproj", "{90C3DBB8-97BC-4265-B635-1A512CF32C46}"
EndProject
Project("{9A19103F-16F7-4668-BE54-9A1E7A4F7556}") = "Microsoft.DotNet.UpgradeAssistant.TestHelpers", "tests\Microsoft.DotNet.UpgradeAssistant.TestHelpers\Microsoft.DotNet.UpgradeAssistant.TestHelpers.csproj", "{358837A0-FA02-42C5-B1B0-327D7CFDAA76}"
EndProject
Project("{9A19103F-16F7-4668-BE54-9A1E7A4F7556}") = "Integration.Tests", "tests\tool\Integration.Tests\Integration.Tests.csproj", "{7AE37670-7570-4EB1-8E66-94DE225CC63E}"
EndProject
Project("{9A19103F-16F7-4668-BE54-9A1E7A4F7556}") = "Microsoft.DotNet.UpgradeAssistant.MSBuild.Tests", "tests\components\Microsoft.DotNet.UpgradeAssistant.MSBuild.Tests\Microsoft.DotNet.UpgradeAssistant.MSBuild.Tests.csproj", "{326A3938-5C0B-4280-9175-7E059679731B}"
EndProject
Project("{9A19103F-16F7-4668-BE54-9A1E7A4F7556}") = "Microsoft.DotNet.UpgradeAssistant.Steps.Configuration", "src\extensions\default\Microsoft.DotNet.UpgradeAssistant.Steps.Configuration\Microsoft.DotNet.UpgradeAssistant.Steps.Configuration.csproj", "{9F99DC5B-DAD0-4C43-BFFF-8027E4077334}"
EndProject
Project("{9A19103F-16F7-4668-BE54-9A1E7A4F7556}") = "Microsoft.DotNet.UpgradeAssistant.Extensions", "src\components\Microsoft.DotNet.UpgradeAssistant.Extensions\Microsoft.DotNet.UpgradeAssistant.Extensions.csproj", "{F3C03589-20A5-4D6E-A2C5-4143A11F03B3}"
EndProject
Project("{2150E333-8FDC-42A3-9474-1A3956D46DE8}") = "cli", "cli", "{72016889-9414-472E-AC99-17B0876B8F06}"
EndProject
Project("{2150E333-8FDC-42A3-9474-1A3956D46DE8}") = "extensions", "extensions", "{AA22EE67-3BBE-49A2-8868-531FE68FE162}"
EndProject
Project("{2150E333-8FDC-42A3-9474-1A3956D46DE8}") = "default", "default", "{4D21C152-7EF3-4248-B424-530F7BE51FD3}"
EndProject
Project("{2150E333-8FDC-42A3-9474-1A3956D46DE8}") = "common", "common", "{DF2E1ED9-DC44-4DD4-B6A1-165304E88118}"
EndProject
Project("{2150E333-8FDC-42A3-9474-1A3956D46DE8}") = "analyzers", "analyzers", "{597F6238-6E57-445B-A9A0-3DEB5BD92471}"
EndProject
Project("{2150E333-8FDC-42A3-9474-1A3956D46DE8}") = "tool", "tool", "{7B2C772E-8C8A-4FB3-AB75-D2179FB53866}"
EndProject
Project("{2150E333-8FDC-42A3-9474-1A3956D46DE8}") = "components", "components", "{28247E7B-243D-4901-B26A-7A7615EBADDC}"
EndProject
Project("{2150E333-8FDC-42A3-9474-1A3956D46DE8}") = "extensions", "extensions", "{82BC0AAB-94CA-4D5B-BF95-F7329D1150CB}"
EndProject
Project("{2150E333-8FDC-42A3-9474-1A3956D46DE8}") = "default", "default", "{4E12F429-CEC0-4080-B0FE-39F9B8B9AE4C}"
EndProject
Project("{2150E333-8FDC-42A3-9474-1A3956D46DE8}") = "components", "components", "{1BA017ED-6BA7-42F0-BC5E-613495A55A6B}"
EndProject
Project("{9A19103F-16F7-4668-BE54-9A1E7A4F7556}") = "Microsoft.DotNet.UpgradeAssistant.Extensions.Default", "src\extensions\default\Microsoft.DotNet.UpgradeAssistant.Extensions.Default\Microsoft.DotNet.UpgradeAssistant.Extensions.Default.csproj", "{DBE3FD1D-811C-416B-AE2E-08D468ABA4D6}"
EndProject
Project("{9A19103F-16F7-4668-BE54-9A1E7A4F7556}") = "Microsoft.DotNet.UpgradeAssistant.Extensions.TryConvert.Tests", "tests\extensions\default\Microsoft.DotNet.UpgradeAssistant.Steps.ProjectFormat.Tests\Microsoft.DotNet.UpgradeAssistant.Extensions.TryConvert.Tests.csproj", "{F9BA18A4-53E7-4747-A55A-061ED26BA520}"
EndProject
Project("{9A19103F-16F7-4668-BE54-9A1E7A4F7556}") = "Microsoft.DotNet.UpgradeAssistant.Steps.Configuration.Tests", "tests\extensions\default\Microsoft.DotNet.UpgradeAssistant.Steps.Configuration.Tests\Microsoft.DotNet.UpgradeAssistant.Steps.Configuration.Tests.csproj", "{A58297FF-2276-415F-9A9C-75F9F1656E8C}"
EndProject
Project("{9A19103F-16F7-4668-BE54-9A1E7A4F7556}") = "Microsoft.DotNet.UpgradeAssistant.Telemetry", "src\components\Microsoft.DotNet.UpgradeAssistant.Telemetry\Microsoft.DotNet.UpgradeAssistant.Telemetry.csproj", "{C6ACCD43-DDD9-4CD0-8F25-8975B3348005}"
EndProject
Project("{9A19103F-16F7-4668-BE54-9A1E7A4F7556}") = "Microsoft.DotNet.UpgradeAssistant.Steps.Packages.Tests", "tests\extensions\default\Microsoft.DotNet.UpgradeAssistant.Steps.Packages.Tests\Microsoft.DotNet.UpgradeAssistant.Steps.Packages.Tests.csproj", "{FFB7401A-9AF6-4FCE-B305-B7BE2B1361D7}"
EndProject
Project("{9A19103F-16F7-4668-BE54-9A1E7A4F7556}") = "Microsoft.DotNet.UpgradeAssistant.Steps.Razor", "src\extensions\web\Microsoft.DotNet.UpgradeAssistant.Steps.Razor\Microsoft.DotNet.UpgradeAssistant.Steps.Razor.csproj", "{117FFF7E-019E-400E-9F51-A4F7F9F3195D}"
EndProject
Project("{9A19103F-16F7-4668-BE54-9A1E7A4F7556}") = "Microsoft.DotNet.UpgradeAssistant.Steps.Razor.Tests", "tests\extensions\web\Microsoft.DotNet.UpgradeAssistant.Steps.Razor.Tests\Microsoft.DotNet.UpgradeAssistant.Steps.Razor.Tests.csproj", "{D41E4E00-B3F2-4F31-B890-C27F9E997B71}"
EndProject
Project("{9A19103F-16F7-4668-BE54-9A1E7A4F7556}") = "Microsoft.DotNet.UpgradeAssistant.Abstractions.Tests", "tests\common\Microsoft.DotNet.UpgradeAssistant.Abstractions.Tests\Microsoft.DotNet.UpgradeAssistant.Abstractions.Tests.csproj", "{DA7F5186-9971-4BC0-9BDB-AD5F9058C4C3}"
EndProject
Project("{2150E333-8FDC-42A3-9474-1A3956D46DE8}") = "common", "common", "{8B8F1470-B862-4BF8-B41D-F078D43277FA}"
EndProject
Project("{9A19103F-16F7-4668-BE54-9A1E7A4F7556}") = "Microsoft.DotNet.UpgradeAssistant.Steps.Solution.Tests", "tests\extensions\default\Microsoft.DotNet.UpgradeAssistant.Steps.Solution.Tests\Microsoft.DotNet.UpgradeAssistant.Steps.Solution.Tests.csproj", "{16141B3F-F785-4CFD-9FD2-67E9D76C4827}"
EndProject
Project("{9A19103F-16F7-4668-BE54-9A1E7A4F7556}") = "Microsoft.DotNet.UpgradeAssistant.Steps.Backup.Tests", "tests\extensions\default\Microsoft.DotNet.UpgradeAssistant.Steps.Backup.Tests\Microsoft.DotNet.UpgradeAssistant.Steps.Backup.Tests.csproj", "{61A3EF4A-68CC-442E-87EC-F05B874A4C98}"
EndProject
Project("{9A19103F-16F7-4668-BE54-9A1E7A4F7556}") = "Microsoft.DotNet.UpgradeAssistant.Extensions.Default.Analyzers.Common", "src\extensions\default\analyzers\Microsoft.DotNet.UpgradeAssistant.Extensions.Default.Analyzers.Common\Microsoft.DotNet.UpgradeAssistant.Extensions.Default.Analyzers.Common.csproj", "{91391896-C591-43FD-B6F6-7D9150DB3CB2}"
EndProject
Project("{9A19103F-16F7-4668-BE54-9A1E7A4F7556}") = "FindReplaceStepSample", "samples\FindReplaceStepSample\FindReplaceStepSample.csproj", "{5B8E8267-E90E-4E78-A219-A62AEDCE81CE}"
EndProject
Project("{2150E333-8FDC-42A3-9474-1A3956D46DE8}") = "samples", "samples", "{EE464F98-73F3-4858-8B5C-5254EECFA3B3}"
	ProjectSection(SolutionItems) = preProject
		samples\README.md = samples\README.md
	EndProjectSection
EndProject
Project("{9A19103F-16F7-4668-BE54-9A1E7A4F7556}") = "SourceUpdaterSample", "samples\SourceUpdaterSample\SourceUpdaterSample.csproj", "{AF6A2C7F-686F-4DAF-81C7-9A36CBD797C0}"
EndProject
Project("{9A19103F-16F7-4668-BE54-9A1E7A4F7556}") = "UpgradeStepSample", "samples\UpgradeStepSample\UpgradeStepSample.csproj", "{43CF805F-4FA3-4453-B99A-2BB0AA0B9875}"
EndProject
Project("{9A19103F-16F7-4668-BE54-9A1E7A4F7556}") = "PackageMapSample", "samples\PackageMapSample\PackageMapSample.csproj", "{63EF08F2-3786-4C47-9F6B-52EAEDEE1523}"
EndProject
Project("{9A19103F-16F7-4668-BE54-9A1E7A4F7556}") = "Microsoft.DotNet.UpgradeAssistant.Extensions.Tests", "tests\components\Microsoft.DotNet.UpgradeAssistant.Extensions.Tests\Microsoft.DotNet.UpgradeAssistant.Extensions.Tests.csproj", "{7B32AFFA-DA49-4F6C-8105-8638145A8BEF}"
EndProject
Project("{2150E333-8FDC-42A3-9474-1A3956D46DE8}") = "web", "web", "{E0B28CEA-41C6-4907-ABAE-9E2F5D0A92C7}"
EndProject
Project("{9A19103F-16F7-4668-BE54-9A1E7A4F7556}") = "Microsoft.DotNet.UpgradeAssistant.Extensions.Web", "src\extensions\web\Microsoft.DotNet.UpgradeAssistant.Extensions.Web\Microsoft.DotNet.UpgradeAssistant.Extensions.Web.csproj", "{DBA122C2-7C2E-432D-B538-53BB7C09C446}"
EndProject
Project("{2150E333-8FDC-42A3-9474-1A3956D46DE8}") = "web", "web", "{AC17CD64-6601-43B2-BF1E-EFD7FFEEC012}"
EndProject
Project("{9A19103F-16F7-4668-BE54-9A1E7A4F7556}") = "Microsoft.DotNet.UpgradeAssistant.Extensions.Web.Tests", "tests\extensions\web\Microsoft.DotNet.UpgradeAssistant.Extensions.Web.Tests\Microsoft.DotNet.UpgradeAssistant.Extensions.Web.Tests.csproj", "{F380A54A-F8FF-4342-B558-FF70F1AA693F}"
EndProject
Project("{2150E333-8FDC-42A3-9474-1A3956D46DE8}") = "vb", "vb", "{F2EF99BD-71B3-41E5-B316-347EA69C41A9}"
EndProject
Project("{9A19103F-16F7-4668-BE54-9A1E7A4F7556}") = "Microsoft.DotNet.UpgradeAssistant.Extensions.VisualBasic", "src\extensions\vb\Microsoft.DotNet.UpgradeAssistant.Extensions.VisualBasic\Microsoft.DotNet.UpgradeAssistant.Extensions.VisualBasic.csproj", "{608E7CE5-5674-49EB-8728-719A468FC62E}"
EndProject
Project("{2150E333-8FDC-42A3-9474-1A3956D46DE8}") = "vb", "vb", "{7402353B-840C-4444-B079-B9B19832C264}"
EndProject
Project("{9A19103F-16F7-4668-BE54-9A1E7A4F7556}") = "Microsoft.DotNet.UpgradeAssistant.Extensions.VisualBasic.Tests", "tests\extensions\vb\Microsoft.DotNet.UpgradeAssistant.Extensions.VisualBasic.Tests\Microsoft.DotNet.UpgradeAssistant.Extensions.VisualBasic.Tests.csproj", "{A68B41DF-D065-4CD4-A722-3C0C38151496}"
EndProject
Project("{2150E333-8FDC-42A3-9474-1A3956D46DE8}") = "maui", "maui", "{E3725E02-CA07-44F1-A47F-792CBE882FAE}"
EndProject
Project("{9A19103F-16F7-4668-BE54-9A1E7A4F7556}") = "Microsoft.DotNet.UpgradeAssistant.Extensions.Maui", "src\extensions\maui\Microsoft.DotNet.UpgradeAssistant.Extensions.Maui\Microsoft.DotNet.UpgradeAssistant.Extensions.Maui.csproj", "{A122DD5B-4B80-4558-8DB2-8E9EBFF12A1A}"
EndProject
Project("{9A19103F-16F7-4668-BE54-9A1E7A4F7556}") = "Microsoft.DotNet.UpgradeAssistant.Analysis", "src\components\Microsoft.DotNet.UpgradeAssistant.Analysis\Microsoft.DotNet.UpgradeAssistant.Analysis.csproj", "{B5B6D54F-7782-4CAC-AB13-48619B40465B}"
EndProject
Project("{2150E333-8FDC-42A3-9474-1A3956D46DE8}") = "eng", "eng", "{6D0B9445-40A2-48E6-9F04-A83EA207CC3C}"
EndProject
Project("{F088123C-0E9E-452A-89E6-6BA2F21D5CAC}") = "DependencyValidation", "eng\DependencyValidation\DependencyValidation.modelproj", "{7EE540F0-2904-4306-BF35-842F3D654F25}"
EndProject
Project("{9A19103F-16F7-4668-BE54-9A1E7A4F7556}") = "Microsoft.DotNet.UpgradeAssistant.Abstractions.Internal", "src\common\Microsoft.DotNet.UpgradeAssistant.Abstractions.Internal\Microsoft.DotNet.UpgradeAssistant.Abstractions.Internal.csproj", "{C1AA58AF-224E-428A-8A27-BC8BB18F2E2E}"
EndProject
Project("{2150E333-8FDC-42A3-9474-1A3956D46DE8}") = "windows", "windows", "{1D8A46E6-D0C5-429A-A7B6-8F1BE9551AD7}"
EndProject
Project("{9A19103F-16F7-4668-BE54-9A1E7A4F7556}") = "Microsoft.DotNet.UpgradeAssistant.Extensions.Windows", "src\extensions\windows\Microsoft.DotNet.UpgradeAssistant.Extensions.Windows\Microsoft.DotNet.UpgradeAssistant.Extensions.Windows.csproj", "{69B55184-9DB6-4492-9501-E54207F4BED7}"
EndProject
Project("{2150E333-8FDC-42A3-9474-1A3956D46DE8}") = "windows", "windows", "{98B57945-2141-4880-B6C2-51B44C67E300}"
EndProject
Project("{9A19103F-16F7-4668-BE54-9A1E7A4F7556}") = "Microsoft.DotNet.UpgradeAssistant.Extensions.Windows.Tests", "tests\extensions\windows\Microsoft.DotNet.UpgradeAssistant.Extensions.Windows.Tests\Microsoft.DotNet.UpgradeAssistant.Extensions.Windows.Tests.csproj", "{025C3A17-0FBB-4B5E-9386-6A5E979FAA56}"
EndProject
Project("{2150E333-8FDC-42A3-9474-1A3956D46DE8}") = "maui", "maui", "{7304F25F-0F4D-450F-A529-3C7AFE9D98CA}"
EndProject
Project("{9A19103F-16F7-4668-BE54-9A1E7A4F7556}") = "Microsoft.DotNet.UpgradeAssistant.Extensions.Maui.Tests", "tests\extensions\maui\Microsoft.DotNet.UpgradeAssistant.Extensions.Maui.Tests\Microsoft.DotNet.UpgradeAssistant.Extensions.Maui.Tests.csproj", "{CEDAAB8D-613C-4A3F-8114-7D6B480F1EE3}"
EndProject
Project("{9A19103F-16F7-4668-BE54-9A1E7A4F7556}") = "Microsoft.DotNet.UpgradeAssistant.Steps.Source.Tests", "tests\extensions\default\Microsoft.DotNet.UpgradeAssistant.Steps.Source.Tests\Microsoft.DotNet.UpgradeAssistant.Steps.Source.Tests.csproj", "{134CE4A1-E9A4-49C0-A998-7C531E6207CE}"
EndProject
Project("{2150E333-8FDC-42A3-9474-1A3956D46DE8}") = "nuget", "nuget", "{021F1610-F2D0-4F00-81C7-AD7397DA296C}"
EndProject
Project("{9A19103F-16F7-4668-BE54-9A1E7A4F7556}") = "Microsoft.DotNet.UpgradeAssistant.Extensions.NuGet", "src\extensions\nuget\Microsoft.DotNet.UpgradeAssistant.Extensions.NuGet\Microsoft.DotNet.UpgradeAssistant.Extensions.NuGet.csproj", "{E18A3CB0-BFDB-4672-AD53-7EAAF26C52AB}"
EndProject
Project("{2150E333-8FDC-42A3-9474-1A3956D46DE8}") = "nuget", "nuget", "{824AFFC6-40A2-4AD6-8010-B939841CA16E}"
EndProject
Project("{9A19103F-16F7-4668-BE54-9A1E7A4F7556}") = "Microsoft.DotNet.UpgradeAssistant.Extensions.NuGet.Tests", "tests\extensions\nuget\Microsoft.DotNet.UpgradeAssistant.Extensions.NuGet.Tests\Microsoft.DotNet.UpgradeAssistant.Extensions.NuGet.Tests.csproj", "{58633641-85F3-4F8E-AC18-0EFACC36D142}"
EndProject
Project("{2150E333-8FDC-42A3-9474-1A3956D46DE8}") = "looseassembly", "looseassembly", "{C982FE5E-797F-4A68-B8F0-F9312960FC1A}"
EndProject
Project("{9A19103F-16F7-4668-BE54-9A1E7A4F7556}") = "LooseAssembly", "src\extensions\looseassembly\LooseAssembly\LooseAssembly.csproj", "{6FF1BF91-58BC-4214-8C38-B87E45BC345D}"
EndProject
Project("{9A19103F-16F7-4668-BE54-9A1E7A4F7556}") = "LooseAssembly.NuGet", "src\extensions\looseassembly\LooseAssembly.NuGet\LooseAssembly.NuGet.csproj", "{E28E89BA-3569-4F92-A449-17EF31C97D4E}"
EndProject
Project("{9A19103F-16F7-4668-BE54-9A1E7A4F7556}") = "Client", "src\extensions\looseassembly\Client\Client.csproj", "{CBE4039D-C56E-42A8-A610-2E93656E4BF1}"
EndProject
Project("{2150E333-8FDC-42A3-9474-1A3956D46DE8}") = "looseassembly", "looseassembly", "{A7B6F2E5-238A-4C66-8C2F-2552086B6929}"
EndProject
Project("{9A19103F-16F7-4668-BE54-9A1E7A4F7556}") = "Client.Tests", "tests\extensions\looseassembly\Microsoft.DotNet.UpgradeAssistant.Extensions.LooseAssembly.Client.Tests\Client.Tests.csproj", "{79DE380D-0EFD-49B5-8DA8-2EDC9F973980}"
EndProject
Project("{9A19103F-16F7-4668-BE54-9A1E7A4F7556}") = "Microsoft.DotNet.UpgradeAssistant.Extensions.Default.Vsix", "src\extensions\default\analyzers\Vsix\Microsoft.DotNet.UpgradeAssistant.Extensions.Default.Vsix.csproj", "{C03DDECB-2578-409E-A802-BD68D16125D0}"
EndProject
Project("{9A19103F-16F7-4668-BE54-9A1E7A4F7556}") = "Microsoft.DotNet.UpgradeAssistant.Analysis.Tests", "tests\components\Microsoft.DotNet.UpgradeAssistant.Analysis.Tests\Microsoft.DotNet.UpgradeAssistant.Analysis.Tests.csproj", "{621A7579-1A3B-4454-818F-E3B8F4A640F5}"
EndProject
Project("{9A19103F-16F7-4668-BE54-9A1E7A4F7556}") = "Microsoft.DotNet.UpgradeAssistant.Abstractions.Internal.Tests", "tests\common\Microsoft.DotNet.UpgradeAssistant.Abstractions.Internal.Tests\Microsoft.DotNet.UpgradeAssistant.Abstractions.Internal.Tests.csproj", "{468CCF26-CF48-4A19-8346-C59A38EE85E3}"
EndProject
Project("{2150E333-8FDC-42A3-9474-1A3956D46DE8}") = "try-convert", "try-convert", "{560581F2-23CA-4A68-84A4-FB6470EC6D68}"
EndProject
Project("{9A19103F-16F7-4668-BE54-9A1E7A4F7556}") = "Microsoft.DotNet.UpgradeAssistant.Extensions.TryConvert", "src\extensions\try-convert\Microsoft.DotNet.UpgradeAssistant.Extensions.TryConvert\Microsoft.DotNet.UpgradeAssistant.Extensions.TryConvert.csproj", "{2D223074-2202-4AA0-83E4-DD6E7079C92D}"
EndProject
Project("{2150E333-8FDC-42A3-9474-1A3956D46DE8}") = "try-convert", "try-convert", "{24CB56A5-1223-4E44-AB22-D91A9E07A0C9}"
EndProject
Project("{2150E333-8FDC-42A3-9474-1A3956D46DE8}") = "binaryanalysis", "binaryanalysis", "{F998A89F-F8FF-4CBE-AB3B-917E380EA85E}"
EndProject
Project("{9A19103F-16F7-4668-BE54-9A1E7A4F7556}") = "Microsoft.DotNet.UpgradeAssistant.Extensions.BinaryAnalysis", "src\extensions\binaryanalysis\Microsoft.DotNet.UpgradeAssistant.Extensions.BinaryAnalysis\Microsoft.DotNet.UpgradeAssistant.Extensions.BinaryAnalysis.csproj", "{0F9C6B12-AABD-4CF7-B149-B132EA59017C}"
EndProject
Project("{9A19103F-16F7-4668-BE54-9A1E7A4F7556}") = "MSBuild.Abstractions", "src\extensions\try-convert\MSBuild.Abstractions\MSBuild.Abstractions.csproj", "{CB5EC218-D498-4283-A850-B5B1EA22131E}"
EndProject
Project("{9A19103F-16F7-4668-BE54-9A1E7A4F7556}") = "MSBuild.Conversion.Facts", "src\extensions\try-convert\MSBuild.Conversion.Facts\MSBuild.Conversion.Facts.csproj", "{EFD5B370-3502-40D4-843D-F22C5E0D86C8}"
EndProject
Project("{9A19103F-16F7-4668-BE54-9A1E7A4F7556}") = "MSBuild.Conversion.Package", "src\extensions\try-convert\MSBuild.Conversion.Package\MSBuild.Conversion.Package.csproj", "{BD878A65-4069-445C-83B2-1AD7C5DC2FB1}"
EndProject
Project("{9A19103F-16F7-4668-BE54-9A1E7A4F7556}") = "MSBuild.Conversion.Project", "src\extensions\try-convert\MSBuild.Conversion.Project\MSBuild.Conversion.Project.csproj", "{7D99F0D6-8A5C-411C-9ED6-56325258DD2F}"
EndProject
Project("{9A19103F-16F7-4668-BE54-9A1E7A4F7556}") = "MSBuild.Conversion.SDK", "src\extensions\try-convert\MSBuild.Conversion.SDK\MSBuild.Conversion.SDK.csproj", "{5AE4C64D-3BB3-446E-B5E2-CE364B231CC7}"
EndProject
Project("{2150E333-8FDC-42A3-9474-1A3956D46DE8}") = "wcf", "wcf", "{33D0F0FE-9437-4811-A9B6-E7A5F010A8C2}"
EndProject
Project("{2150E333-8FDC-42A3-9474-1A3956D46DE8}") = "wcf", "wcf", "{674761D3-2573-4983-AA31-2DC1B4A32A76}"
EndProject
Project("{9A19103F-16F7-4668-BE54-9A1E7A4F7556}") = "Microsoft.DotNet.UpgradeAssistant.Extensions.WCFUpdater.Tests", "tests\extensions\wcf\Microsoft.DotNet.UpgradeAssistant.Extensions.WCFUpdater.Test\Microsoft.DotNet.UpgradeAssistant.Extensions.WCFUpdater.Tests.csproj", "{BCA7C100-F799-415C-BEFD-96E9027D4600}"
EndProject
Project("{9A19103F-16F7-4668-BE54-9A1E7A4F7556}") = "Microsoft.DotNet.UpgradeAssistant.Extensions.WCFUpdater", "src\extensions\wcf\Microsoft.DotNet.UpgradeAssistant.Extensions.WCFUpdater\Microsoft.DotNet.UpgradeAssistant.Extensions.WCFUpdater.csproj", "{6056A8FC-26BE-422D-8096-DF69A3298CAF}"
EndProject
Global
	GlobalSection(SolutionConfigurationPlatforms) = preSolution
		Debug|Any CPU = Debug|Any CPU
		Debug|x64 = Debug|x64
		Debug|x86 = Debug|x86
		Release|Any CPU = Release|Any CPU
		Release|x64 = Release|x64
		Release|x86 = Release|x86
	EndGlobalSection
	GlobalSection(ProjectConfigurationPlatforms) = postSolution
		{647D258A-4FE1-4DFA-8D02-0E5DBE3B40F7}.Debug|Any CPU.ActiveCfg = Debug|Any CPU
		{647D258A-4FE1-4DFA-8D02-0E5DBE3B40F7}.Debug|Any CPU.Build.0 = Debug|Any CPU
		{647D258A-4FE1-4DFA-8D02-0E5DBE3B40F7}.Debug|x64.ActiveCfg = Debug|Any CPU
		{647D258A-4FE1-4DFA-8D02-0E5DBE3B40F7}.Debug|x64.Build.0 = Debug|Any CPU
		{647D258A-4FE1-4DFA-8D02-0E5DBE3B40F7}.Debug|x86.ActiveCfg = Debug|Any CPU
		{647D258A-4FE1-4DFA-8D02-0E5DBE3B40F7}.Debug|x86.Build.0 = Debug|Any CPU
		{647D258A-4FE1-4DFA-8D02-0E5DBE3B40F7}.Release|Any CPU.ActiveCfg = Release|Any CPU
		{647D258A-4FE1-4DFA-8D02-0E5DBE3B40F7}.Release|Any CPU.Build.0 = Release|Any CPU
		{647D258A-4FE1-4DFA-8D02-0E5DBE3B40F7}.Release|x64.ActiveCfg = Release|Any CPU
		{647D258A-4FE1-4DFA-8D02-0E5DBE3B40F7}.Release|x64.Build.0 = Release|Any CPU
		{647D258A-4FE1-4DFA-8D02-0E5DBE3B40F7}.Release|x86.ActiveCfg = Release|Any CPU
		{647D258A-4FE1-4DFA-8D02-0E5DBE3B40F7}.Release|x86.Build.0 = Release|Any CPU
		{9C3B9BC2-1066-4052-8188-BAAFEC9FAA42}.Debug|Any CPU.ActiveCfg = Debug|Any CPU
		{9C3B9BC2-1066-4052-8188-BAAFEC9FAA42}.Debug|Any CPU.Build.0 = Debug|Any CPU
		{9C3B9BC2-1066-4052-8188-BAAFEC9FAA42}.Debug|x64.ActiveCfg = Debug|Any CPU
		{9C3B9BC2-1066-4052-8188-BAAFEC9FAA42}.Debug|x64.Build.0 = Debug|Any CPU
		{9C3B9BC2-1066-4052-8188-BAAFEC9FAA42}.Debug|x86.ActiveCfg = Debug|Any CPU
		{9C3B9BC2-1066-4052-8188-BAAFEC9FAA42}.Debug|x86.Build.0 = Debug|Any CPU
		{9C3B9BC2-1066-4052-8188-BAAFEC9FAA42}.Release|Any CPU.ActiveCfg = Release|Any CPU
		{9C3B9BC2-1066-4052-8188-BAAFEC9FAA42}.Release|Any CPU.Build.0 = Release|Any CPU
		{9C3B9BC2-1066-4052-8188-BAAFEC9FAA42}.Release|x64.ActiveCfg = Release|Any CPU
		{9C3B9BC2-1066-4052-8188-BAAFEC9FAA42}.Release|x64.Build.0 = Release|Any CPU
		{9C3B9BC2-1066-4052-8188-BAAFEC9FAA42}.Release|x86.ActiveCfg = Release|Any CPU
		{9C3B9BC2-1066-4052-8188-BAAFEC9FAA42}.Release|x86.Build.0 = Release|Any CPU
		{18C0711F-2B26-49D8-89AB-F68499A0EB9B}.Debug|Any CPU.ActiveCfg = Debug|Any CPU
		{18C0711F-2B26-49D8-89AB-F68499A0EB9B}.Debug|Any CPU.Build.0 = Debug|Any CPU
		{18C0711F-2B26-49D8-89AB-F68499A0EB9B}.Debug|x64.ActiveCfg = Debug|Any CPU
		{18C0711F-2B26-49D8-89AB-F68499A0EB9B}.Debug|x64.Build.0 = Debug|Any CPU
		{18C0711F-2B26-49D8-89AB-F68499A0EB9B}.Debug|x86.ActiveCfg = Debug|Any CPU
		{18C0711F-2B26-49D8-89AB-F68499A0EB9B}.Debug|x86.Build.0 = Debug|Any CPU
		{18C0711F-2B26-49D8-89AB-F68499A0EB9B}.Release|Any CPU.ActiveCfg = Release|Any CPU
		{18C0711F-2B26-49D8-89AB-F68499A0EB9B}.Release|Any CPU.Build.0 = Release|Any CPU
		{18C0711F-2B26-49D8-89AB-F68499A0EB9B}.Release|x64.ActiveCfg = Release|Any CPU
		{18C0711F-2B26-49D8-89AB-F68499A0EB9B}.Release|x64.Build.0 = Release|Any CPU
		{18C0711F-2B26-49D8-89AB-F68499A0EB9B}.Release|x86.ActiveCfg = Release|Any CPU
		{18C0711F-2B26-49D8-89AB-F68499A0EB9B}.Release|x86.Build.0 = Release|Any CPU
		{C04E2349-B339-4AEF-89FB-AD8DCD9B117A}.Debug|Any CPU.ActiveCfg = Debug|Any CPU
		{C04E2349-B339-4AEF-89FB-AD8DCD9B117A}.Debug|Any CPU.Build.0 = Debug|Any CPU
		{C04E2349-B339-4AEF-89FB-AD8DCD9B117A}.Debug|x64.ActiveCfg = Debug|Any CPU
		{C04E2349-B339-4AEF-89FB-AD8DCD9B117A}.Debug|x64.Build.0 = Debug|Any CPU
		{C04E2349-B339-4AEF-89FB-AD8DCD9B117A}.Debug|x86.ActiveCfg = Debug|Any CPU
		{C04E2349-B339-4AEF-89FB-AD8DCD9B117A}.Debug|x86.Build.0 = Debug|Any CPU
		{C04E2349-B339-4AEF-89FB-AD8DCD9B117A}.Release|Any CPU.ActiveCfg = Release|Any CPU
		{C04E2349-B339-4AEF-89FB-AD8DCD9B117A}.Release|Any CPU.Build.0 = Release|Any CPU
		{C04E2349-B339-4AEF-89FB-AD8DCD9B117A}.Release|x64.ActiveCfg = Release|Any CPU
		{C04E2349-B339-4AEF-89FB-AD8DCD9B117A}.Release|x64.Build.0 = Release|Any CPU
		{C04E2349-B339-4AEF-89FB-AD8DCD9B117A}.Release|x86.ActiveCfg = Release|Any CPU
		{C04E2349-B339-4AEF-89FB-AD8DCD9B117A}.Release|x86.Build.0 = Release|Any CPU
		{7176CD56-0822-410E-9318-C3440D24A0BB}.Debug|Any CPU.ActiveCfg = Debug|Any CPU
		{7176CD56-0822-410E-9318-C3440D24A0BB}.Debug|Any CPU.Build.0 = Debug|Any CPU
		{7176CD56-0822-410E-9318-C3440D24A0BB}.Debug|x64.ActiveCfg = Debug|Any CPU
		{7176CD56-0822-410E-9318-C3440D24A0BB}.Debug|x64.Build.0 = Debug|Any CPU
		{7176CD56-0822-410E-9318-C3440D24A0BB}.Debug|x86.ActiveCfg = Debug|Any CPU
		{7176CD56-0822-410E-9318-C3440D24A0BB}.Debug|x86.Build.0 = Debug|Any CPU
		{7176CD56-0822-410E-9318-C3440D24A0BB}.Release|Any CPU.ActiveCfg = Release|Any CPU
		{7176CD56-0822-410E-9318-C3440D24A0BB}.Release|Any CPU.Build.0 = Release|Any CPU
		{7176CD56-0822-410E-9318-C3440D24A0BB}.Release|x64.ActiveCfg = Release|Any CPU
		{7176CD56-0822-410E-9318-C3440D24A0BB}.Release|x64.Build.0 = Release|Any CPU
		{7176CD56-0822-410E-9318-C3440D24A0BB}.Release|x86.ActiveCfg = Release|Any CPU
		{7176CD56-0822-410E-9318-C3440D24A0BB}.Release|x86.Build.0 = Release|Any CPU
		{6D52D932-7890-4269-8F05-FDEA6DE45B42}.Debug|Any CPU.ActiveCfg = Debug|Any CPU
		{6D52D932-7890-4269-8F05-FDEA6DE45B42}.Debug|Any CPU.Build.0 = Debug|Any CPU
		{6D52D932-7890-4269-8F05-FDEA6DE45B42}.Debug|x64.ActiveCfg = Debug|Any CPU
		{6D52D932-7890-4269-8F05-FDEA6DE45B42}.Debug|x64.Build.0 = Debug|Any CPU
		{6D52D932-7890-4269-8F05-FDEA6DE45B42}.Debug|x86.ActiveCfg = Debug|Any CPU
		{6D52D932-7890-4269-8F05-FDEA6DE45B42}.Debug|x86.Build.0 = Debug|Any CPU
		{6D52D932-7890-4269-8F05-FDEA6DE45B42}.Release|Any CPU.ActiveCfg = Release|Any CPU
		{6D52D932-7890-4269-8F05-FDEA6DE45B42}.Release|Any CPU.Build.0 = Release|Any CPU
		{6D52D932-7890-4269-8F05-FDEA6DE45B42}.Release|x64.ActiveCfg = Release|Any CPU
		{6D52D932-7890-4269-8F05-FDEA6DE45B42}.Release|x64.Build.0 = Release|Any CPU
		{6D52D932-7890-4269-8F05-FDEA6DE45B42}.Release|x86.ActiveCfg = Release|Any CPU
		{6D52D932-7890-4269-8F05-FDEA6DE45B42}.Release|x86.Build.0 = Release|Any CPU
		{12080E4D-027D-4880-8A94-AA22DCD15F07}.Debug|Any CPU.ActiveCfg = Debug|Any CPU
		{12080E4D-027D-4880-8A94-AA22DCD15F07}.Debug|Any CPU.Build.0 = Debug|Any CPU
		{12080E4D-027D-4880-8A94-AA22DCD15F07}.Debug|x64.ActiveCfg = Debug|Any CPU
		{12080E4D-027D-4880-8A94-AA22DCD15F07}.Debug|x64.Build.0 = Debug|Any CPU
		{12080E4D-027D-4880-8A94-AA22DCD15F07}.Debug|x86.ActiveCfg = Debug|Any CPU
		{12080E4D-027D-4880-8A94-AA22DCD15F07}.Debug|x86.Build.0 = Debug|Any CPU
		{12080E4D-027D-4880-8A94-AA22DCD15F07}.Release|Any CPU.ActiveCfg = Release|Any CPU
		{12080E4D-027D-4880-8A94-AA22DCD15F07}.Release|Any CPU.Build.0 = Release|Any CPU
		{12080E4D-027D-4880-8A94-AA22DCD15F07}.Release|x64.ActiveCfg = Release|Any CPU
		{12080E4D-027D-4880-8A94-AA22DCD15F07}.Release|x64.Build.0 = Release|Any CPU
		{12080E4D-027D-4880-8A94-AA22DCD15F07}.Release|x86.ActiveCfg = Release|Any CPU
		{12080E4D-027D-4880-8A94-AA22DCD15F07}.Release|x86.Build.0 = Release|Any CPU
		{517E6A56-5FFA-4FD0-B645-02C295C968C3}.Debug|Any CPU.ActiveCfg = Debug|Any CPU
		{517E6A56-5FFA-4FD0-B645-02C295C968C3}.Debug|Any CPU.Build.0 = Debug|Any CPU
		{517E6A56-5FFA-4FD0-B645-02C295C968C3}.Debug|x64.ActiveCfg = Debug|Any CPU
		{517E6A56-5FFA-4FD0-B645-02C295C968C3}.Debug|x64.Build.0 = Debug|Any CPU
		{517E6A56-5FFA-4FD0-B645-02C295C968C3}.Debug|x86.ActiveCfg = Debug|Any CPU
		{517E6A56-5FFA-4FD0-B645-02C295C968C3}.Debug|x86.Build.0 = Debug|Any CPU
		{517E6A56-5FFA-4FD0-B645-02C295C968C3}.Release|Any CPU.ActiveCfg = Release|Any CPU
		{517E6A56-5FFA-4FD0-B645-02C295C968C3}.Release|Any CPU.Build.0 = Release|Any CPU
		{517E6A56-5FFA-4FD0-B645-02C295C968C3}.Release|x64.ActiveCfg = Release|Any CPU
		{517E6A56-5FFA-4FD0-B645-02C295C968C3}.Release|x64.Build.0 = Release|Any CPU
		{517E6A56-5FFA-4FD0-B645-02C295C968C3}.Release|x86.ActiveCfg = Release|Any CPU
		{517E6A56-5FFA-4FD0-B645-02C295C968C3}.Release|x86.Build.0 = Release|Any CPU
		{EDAC1981-61FC-4030-AA5F-C9A4D054CF00}.Debug|Any CPU.ActiveCfg = Debug|Any CPU
		{EDAC1981-61FC-4030-AA5F-C9A4D054CF00}.Debug|Any CPU.Build.0 = Debug|Any CPU
		{EDAC1981-61FC-4030-AA5F-C9A4D054CF00}.Debug|x64.ActiveCfg = Debug|Any CPU
		{EDAC1981-61FC-4030-AA5F-C9A4D054CF00}.Debug|x64.Build.0 = Debug|Any CPU
		{EDAC1981-61FC-4030-AA5F-C9A4D054CF00}.Debug|x86.ActiveCfg = Debug|Any CPU
		{EDAC1981-61FC-4030-AA5F-C9A4D054CF00}.Debug|x86.Build.0 = Debug|Any CPU
		{EDAC1981-61FC-4030-AA5F-C9A4D054CF00}.Release|Any CPU.ActiveCfg = Release|Any CPU
		{EDAC1981-61FC-4030-AA5F-C9A4D054CF00}.Release|Any CPU.Build.0 = Release|Any CPU
		{EDAC1981-61FC-4030-AA5F-C9A4D054CF00}.Release|x64.ActiveCfg = Release|Any CPU
		{EDAC1981-61FC-4030-AA5F-C9A4D054CF00}.Release|x64.Build.0 = Release|Any CPU
		{EDAC1981-61FC-4030-AA5F-C9A4D054CF00}.Release|x86.ActiveCfg = Release|Any CPU
		{EDAC1981-61FC-4030-AA5F-C9A4D054CF00}.Release|x86.Build.0 = Release|Any CPU
		{2E23FB6C-FAD1-41B1-9187-1ECD7548FBCC}.Debug|Any CPU.ActiveCfg = Debug|Any CPU
		{2E23FB6C-FAD1-41B1-9187-1ECD7548FBCC}.Debug|Any CPU.Build.0 = Debug|Any CPU
		{2E23FB6C-FAD1-41B1-9187-1ECD7548FBCC}.Debug|x64.ActiveCfg = Debug|Any CPU
		{2E23FB6C-FAD1-41B1-9187-1ECD7548FBCC}.Debug|x64.Build.0 = Debug|Any CPU
		{2E23FB6C-FAD1-41B1-9187-1ECD7548FBCC}.Debug|x86.ActiveCfg = Debug|Any CPU
		{2E23FB6C-FAD1-41B1-9187-1ECD7548FBCC}.Debug|x86.Build.0 = Debug|Any CPU
		{2E23FB6C-FAD1-41B1-9187-1ECD7548FBCC}.Release|Any CPU.ActiveCfg = Release|Any CPU
		{2E23FB6C-FAD1-41B1-9187-1ECD7548FBCC}.Release|Any CPU.Build.0 = Release|Any CPU
		{2E23FB6C-FAD1-41B1-9187-1ECD7548FBCC}.Release|x64.ActiveCfg = Release|Any CPU
		{2E23FB6C-FAD1-41B1-9187-1ECD7548FBCC}.Release|x64.Build.0 = Release|Any CPU
		{2E23FB6C-FAD1-41B1-9187-1ECD7548FBCC}.Release|x86.ActiveCfg = Release|Any CPU
		{2E23FB6C-FAD1-41B1-9187-1ECD7548FBCC}.Release|x86.Build.0 = Release|Any CPU
		{B6C71468-2074-44DF-89E1-1B97E4A3DFDE}.Debug|Any CPU.ActiveCfg = Debug|Any CPU
		{B6C71468-2074-44DF-89E1-1B97E4A3DFDE}.Debug|Any CPU.Build.0 = Debug|Any CPU
		{B6C71468-2074-44DF-89E1-1B97E4A3DFDE}.Debug|x64.ActiveCfg = Debug|Any CPU
		{B6C71468-2074-44DF-89E1-1B97E4A3DFDE}.Debug|x64.Build.0 = Debug|Any CPU
		{B6C71468-2074-44DF-89E1-1B97E4A3DFDE}.Debug|x86.ActiveCfg = Debug|Any CPU
		{B6C71468-2074-44DF-89E1-1B97E4A3DFDE}.Debug|x86.Build.0 = Debug|Any CPU
		{B6C71468-2074-44DF-89E1-1B97E4A3DFDE}.Release|Any CPU.ActiveCfg = Release|Any CPU
		{B6C71468-2074-44DF-89E1-1B97E4A3DFDE}.Release|Any CPU.Build.0 = Release|Any CPU
		{B6C71468-2074-44DF-89E1-1B97E4A3DFDE}.Release|x64.ActiveCfg = Release|Any CPU
		{B6C71468-2074-44DF-89E1-1B97E4A3DFDE}.Release|x64.Build.0 = Release|Any CPU
		{B6C71468-2074-44DF-89E1-1B97E4A3DFDE}.Release|x86.ActiveCfg = Release|Any CPU
		{B6C71468-2074-44DF-89E1-1B97E4A3DFDE}.Release|x86.Build.0 = Release|Any CPU
		{7A96CCA0-4D47-48C6-A889-B560048E0C16}.Debug|Any CPU.ActiveCfg = Debug|Any CPU
		{7A96CCA0-4D47-48C6-A889-B560048E0C16}.Debug|Any CPU.Build.0 = Debug|Any CPU
		{7A96CCA0-4D47-48C6-A889-B560048E0C16}.Debug|x64.ActiveCfg = Debug|Any CPU
		{7A96CCA0-4D47-48C6-A889-B560048E0C16}.Debug|x64.Build.0 = Debug|Any CPU
		{7A96CCA0-4D47-48C6-A889-B560048E0C16}.Debug|x86.ActiveCfg = Debug|Any CPU
		{7A96CCA0-4D47-48C6-A889-B560048E0C16}.Debug|x86.Build.0 = Debug|Any CPU
		{7A96CCA0-4D47-48C6-A889-B560048E0C16}.Release|Any CPU.ActiveCfg = Release|Any CPU
		{7A96CCA0-4D47-48C6-A889-B560048E0C16}.Release|Any CPU.Build.0 = Release|Any CPU
		{7A96CCA0-4D47-48C6-A889-B560048E0C16}.Release|x64.ActiveCfg = Release|Any CPU
		{7A96CCA0-4D47-48C6-A889-B560048E0C16}.Release|x64.Build.0 = Release|Any CPU
		{7A96CCA0-4D47-48C6-A889-B560048E0C16}.Release|x86.ActiveCfg = Release|Any CPU
		{7A96CCA0-4D47-48C6-A889-B560048E0C16}.Release|x86.Build.0 = Release|Any CPU
		{3B9E0D18-FE40-4E36-A07B-9198CA5CDBBB}.Debug|Any CPU.ActiveCfg = Debug|Any CPU
		{3B9E0D18-FE40-4E36-A07B-9198CA5CDBBB}.Debug|Any CPU.Build.0 = Debug|Any CPU
		{3B9E0D18-FE40-4E36-A07B-9198CA5CDBBB}.Debug|x64.ActiveCfg = Debug|Any CPU
		{3B9E0D18-FE40-4E36-A07B-9198CA5CDBBB}.Debug|x64.Build.0 = Debug|Any CPU
		{3B9E0D18-FE40-4E36-A07B-9198CA5CDBBB}.Debug|x86.ActiveCfg = Debug|Any CPU
		{3B9E0D18-FE40-4E36-A07B-9198CA5CDBBB}.Debug|x86.Build.0 = Debug|Any CPU
		{3B9E0D18-FE40-4E36-A07B-9198CA5CDBBB}.Release|Any CPU.ActiveCfg = Release|Any CPU
		{3B9E0D18-FE40-4E36-A07B-9198CA5CDBBB}.Release|Any CPU.Build.0 = Release|Any CPU
		{3B9E0D18-FE40-4E36-A07B-9198CA5CDBBB}.Release|x64.ActiveCfg = Release|Any CPU
		{3B9E0D18-FE40-4E36-A07B-9198CA5CDBBB}.Release|x64.Build.0 = Release|Any CPU
		{3B9E0D18-FE40-4E36-A07B-9198CA5CDBBB}.Release|x86.ActiveCfg = Release|Any CPU
		{3B9E0D18-FE40-4E36-A07B-9198CA5CDBBB}.Release|x86.Build.0 = Release|Any CPU
		{90C3DBB8-97BC-4265-B635-1A512CF32C46}.Debug|Any CPU.ActiveCfg = Debug|Any CPU
		{90C3DBB8-97BC-4265-B635-1A512CF32C46}.Debug|Any CPU.Build.0 = Debug|Any CPU
		{90C3DBB8-97BC-4265-B635-1A512CF32C46}.Debug|x64.ActiveCfg = Debug|Any CPU
		{90C3DBB8-97BC-4265-B635-1A512CF32C46}.Debug|x64.Build.0 = Debug|Any CPU
		{90C3DBB8-97BC-4265-B635-1A512CF32C46}.Debug|x86.ActiveCfg = Debug|Any CPU
		{90C3DBB8-97BC-4265-B635-1A512CF32C46}.Debug|x86.Build.0 = Debug|Any CPU
		{90C3DBB8-97BC-4265-B635-1A512CF32C46}.Release|Any CPU.ActiveCfg = Release|Any CPU
		{90C3DBB8-97BC-4265-B635-1A512CF32C46}.Release|Any CPU.Build.0 = Release|Any CPU
		{90C3DBB8-97BC-4265-B635-1A512CF32C46}.Release|x64.ActiveCfg = Release|Any CPU
		{90C3DBB8-97BC-4265-B635-1A512CF32C46}.Release|x64.Build.0 = Release|Any CPU
		{90C3DBB8-97BC-4265-B635-1A512CF32C46}.Release|x86.ActiveCfg = Release|Any CPU
		{90C3DBB8-97BC-4265-B635-1A512CF32C46}.Release|x86.Build.0 = Release|Any CPU
		{358837A0-FA02-42C5-B1B0-327D7CFDAA76}.Debug|Any CPU.ActiveCfg = Debug|Any CPU
		{358837A0-FA02-42C5-B1B0-327D7CFDAA76}.Debug|Any CPU.Build.0 = Debug|Any CPU
		{358837A0-FA02-42C5-B1B0-327D7CFDAA76}.Debug|x64.ActiveCfg = Debug|Any CPU
		{358837A0-FA02-42C5-B1B0-327D7CFDAA76}.Debug|x64.Build.0 = Debug|Any CPU
		{358837A0-FA02-42C5-B1B0-327D7CFDAA76}.Debug|x86.ActiveCfg = Debug|Any CPU
		{358837A0-FA02-42C5-B1B0-327D7CFDAA76}.Debug|x86.Build.0 = Debug|Any CPU
		{358837A0-FA02-42C5-B1B0-327D7CFDAA76}.Release|Any CPU.ActiveCfg = Release|Any CPU
		{358837A0-FA02-42C5-B1B0-327D7CFDAA76}.Release|Any CPU.Build.0 = Release|Any CPU
		{358837A0-FA02-42C5-B1B0-327D7CFDAA76}.Release|x64.ActiveCfg = Release|Any CPU
		{358837A0-FA02-42C5-B1B0-327D7CFDAA76}.Release|x64.Build.0 = Release|Any CPU
		{358837A0-FA02-42C5-B1B0-327D7CFDAA76}.Release|x86.ActiveCfg = Release|Any CPU
		{358837A0-FA02-42C5-B1B0-327D7CFDAA76}.Release|x86.Build.0 = Release|Any CPU
		{7AE37670-7570-4EB1-8E66-94DE225CC63E}.Debug|Any CPU.ActiveCfg = Debug|Any CPU
		{7AE37670-7570-4EB1-8E66-94DE225CC63E}.Debug|Any CPU.Build.0 = Debug|Any CPU
		{7AE37670-7570-4EB1-8E66-94DE225CC63E}.Debug|x64.ActiveCfg = Debug|Any CPU
		{7AE37670-7570-4EB1-8E66-94DE225CC63E}.Debug|x64.Build.0 = Debug|Any CPU
		{7AE37670-7570-4EB1-8E66-94DE225CC63E}.Debug|x86.ActiveCfg = Debug|Any CPU
		{7AE37670-7570-4EB1-8E66-94DE225CC63E}.Debug|x86.Build.0 = Debug|Any CPU
		{7AE37670-7570-4EB1-8E66-94DE225CC63E}.Release|Any CPU.ActiveCfg = Release|Any CPU
		{7AE37670-7570-4EB1-8E66-94DE225CC63E}.Release|Any CPU.Build.0 = Release|Any CPU
		{7AE37670-7570-4EB1-8E66-94DE225CC63E}.Release|x64.ActiveCfg = Release|Any CPU
		{7AE37670-7570-4EB1-8E66-94DE225CC63E}.Release|x64.Build.0 = Release|Any CPU
		{7AE37670-7570-4EB1-8E66-94DE225CC63E}.Release|x86.ActiveCfg = Release|Any CPU
		{7AE37670-7570-4EB1-8E66-94DE225CC63E}.Release|x86.Build.0 = Release|Any CPU
		{326A3938-5C0B-4280-9175-7E059679731B}.Debug|Any CPU.ActiveCfg = Debug|Any CPU
		{326A3938-5C0B-4280-9175-7E059679731B}.Debug|Any CPU.Build.0 = Debug|Any CPU
		{326A3938-5C0B-4280-9175-7E059679731B}.Debug|x64.ActiveCfg = Debug|Any CPU
		{326A3938-5C0B-4280-9175-7E059679731B}.Debug|x64.Build.0 = Debug|Any CPU
		{326A3938-5C0B-4280-9175-7E059679731B}.Debug|x86.ActiveCfg = Debug|Any CPU
		{326A3938-5C0B-4280-9175-7E059679731B}.Debug|x86.Build.0 = Debug|Any CPU
		{326A3938-5C0B-4280-9175-7E059679731B}.Release|Any CPU.ActiveCfg = Release|Any CPU
		{326A3938-5C0B-4280-9175-7E059679731B}.Release|Any CPU.Build.0 = Release|Any CPU
		{326A3938-5C0B-4280-9175-7E059679731B}.Release|x64.ActiveCfg = Release|Any CPU
		{326A3938-5C0B-4280-9175-7E059679731B}.Release|x64.Build.0 = Release|Any CPU
		{326A3938-5C0B-4280-9175-7E059679731B}.Release|x86.ActiveCfg = Release|Any CPU
		{326A3938-5C0B-4280-9175-7E059679731B}.Release|x86.Build.0 = Release|Any CPU
		{9F99DC5B-DAD0-4C43-BFFF-8027E4077334}.Debug|Any CPU.ActiveCfg = Debug|Any CPU
		{9F99DC5B-DAD0-4C43-BFFF-8027E4077334}.Debug|Any CPU.Build.0 = Debug|Any CPU
		{9F99DC5B-DAD0-4C43-BFFF-8027E4077334}.Debug|x64.ActiveCfg = Debug|Any CPU
		{9F99DC5B-DAD0-4C43-BFFF-8027E4077334}.Debug|x64.Build.0 = Debug|Any CPU
		{9F99DC5B-DAD0-4C43-BFFF-8027E4077334}.Debug|x86.ActiveCfg = Debug|Any CPU
		{9F99DC5B-DAD0-4C43-BFFF-8027E4077334}.Debug|x86.Build.0 = Debug|Any CPU
		{9F99DC5B-DAD0-4C43-BFFF-8027E4077334}.Release|Any CPU.ActiveCfg = Release|Any CPU
		{9F99DC5B-DAD0-4C43-BFFF-8027E4077334}.Release|Any CPU.Build.0 = Release|Any CPU
		{9F99DC5B-DAD0-4C43-BFFF-8027E4077334}.Release|x64.ActiveCfg = Release|Any CPU
		{9F99DC5B-DAD0-4C43-BFFF-8027E4077334}.Release|x64.Build.0 = Release|Any CPU
		{9F99DC5B-DAD0-4C43-BFFF-8027E4077334}.Release|x86.ActiveCfg = Release|Any CPU
		{9F99DC5B-DAD0-4C43-BFFF-8027E4077334}.Release|x86.Build.0 = Release|Any CPU
		{F3C03589-20A5-4D6E-A2C5-4143A11F03B3}.Debug|Any CPU.ActiveCfg = Debug|Any CPU
		{F3C03589-20A5-4D6E-A2C5-4143A11F03B3}.Debug|Any CPU.Build.0 = Debug|Any CPU
		{F3C03589-20A5-4D6E-A2C5-4143A11F03B3}.Debug|x64.ActiveCfg = Debug|Any CPU
		{F3C03589-20A5-4D6E-A2C5-4143A11F03B3}.Debug|x64.Build.0 = Debug|Any CPU
		{F3C03589-20A5-4D6E-A2C5-4143A11F03B3}.Debug|x86.ActiveCfg = Debug|Any CPU
		{F3C03589-20A5-4D6E-A2C5-4143A11F03B3}.Debug|x86.Build.0 = Debug|Any CPU
		{F3C03589-20A5-4D6E-A2C5-4143A11F03B3}.Release|Any CPU.ActiveCfg = Release|Any CPU
		{F3C03589-20A5-4D6E-A2C5-4143A11F03B3}.Release|Any CPU.Build.0 = Release|Any CPU
		{F3C03589-20A5-4D6E-A2C5-4143A11F03B3}.Release|x64.ActiveCfg = Release|Any CPU
		{F3C03589-20A5-4D6E-A2C5-4143A11F03B3}.Release|x64.Build.0 = Release|Any CPU
		{F3C03589-20A5-4D6E-A2C5-4143A11F03B3}.Release|x86.ActiveCfg = Release|Any CPU
		{F3C03589-20A5-4D6E-A2C5-4143A11F03B3}.Release|x86.Build.0 = Release|Any CPU
		{DBE3FD1D-811C-416B-AE2E-08D468ABA4D6}.Debug|Any CPU.ActiveCfg = Debug|Any CPU
		{DBE3FD1D-811C-416B-AE2E-08D468ABA4D6}.Debug|Any CPU.Build.0 = Debug|Any CPU
		{DBE3FD1D-811C-416B-AE2E-08D468ABA4D6}.Debug|x64.ActiveCfg = Debug|Any CPU
		{DBE3FD1D-811C-416B-AE2E-08D468ABA4D6}.Debug|x64.Build.0 = Debug|Any CPU
		{DBE3FD1D-811C-416B-AE2E-08D468ABA4D6}.Debug|x86.ActiveCfg = Debug|Any CPU
		{DBE3FD1D-811C-416B-AE2E-08D468ABA4D6}.Debug|x86.Build.0 = Debug|Any CPU
		{DBE3FD1D-811C-416B-AE2E-08D468ABA4D6}.Release|Any CPU.ActiveCfg = Release|Any CPU
		{DBE3FD1D-811C-416B-AE2E-08D468ABA4D6}.Release|Any CPU.Build.0 = Release|Any CPU
		{DBE3FD1D-811C-416B-AE2E-08D468ABA4D6}.Release|x64.ActiveCfg = Release|Any CPU
		{DBE3FD1D-811C-416B-AE2E-08D468ABA4D6}.Release|x64.Build.0 = Release|Any CPU
		{DBE3FD1D-811C-416B-AE2E-08D468ABA4D6}.Release|x86.ActiveCfg = Release|Any CPU
		{DBE3FD1D-811C-416B-AE2E-08D468ABA4D6}.Release|x86.Build.0 = Release|Any CPU
		{F9BA18A4-53E7-4747-A55A-061ED26BA520}.Debug|Any CPU.ActiveCfg = Debug|Any CPU
		{F9BA18A4-53E7-4747-A55A-061ED26BA520}.Debug|Any CPU.Build.0 = Debug|Any CPU
		{F9BA18A4-53E7-4747-A55A-061ED26BA520}.Debug|x64.ActiveCfg = Debug|Any CPU
		{F9BA18A4-53E7-4747-A55A-061ED26BA520}.Debug|x64.Build.0 = Debug|Any CPU
		{F9BA18A4-53E7-4747-A55A-061ED26BA520}.Debug|x86.ActiveCfg = Debug|Any CPU
		{F9BA18A4-53E7-4747-A55A-061ED26BA520}.Debug|x86.Build.0 = Debug|Any CPU
		{F9BA18A4-53E7-4747-A55A-061ED26BA520}.Release|Any CPU.ActiveCfg = Release|Any CPU
		{F9BA18A4-53E7-4747-A55A-061ED26BA520}.Release|Any CPU.Build.0 = Release|Any CPU
		{F9BA18A4-53E7-4747-A55A-061ED26BA520}.Release|x64.ActiveCfg = Release|Any CPU
		{F9BA18A4-53E7-4747-A55A-061ED26BA520}.Release|x64.Build.0 = Release|Any CPU
		{F9BA18A4-53E7-4747-A55A-061ED26BA520}.Release|x86.ActiveCfg = Release|Any CPU
		{F9BA18A4-53E7-4747-A55A-061ED26BA520}.Release|x86.Build.0 = Release|Any CPU
		{A58297FF-2276-415F-9A9C-75F9F1656E8C}.Debug|Any CPU.ActiveCfg = Debug|Any CPU
		{A58297FF-2276-415F-9A9C-75F9F1656E8C}.Debug|Any CPU.Build.0 = Debug|Any CPU
		{A58297FF-2276-415F-9A9C-75F9F1656E8C}.Debug|x64.ActiveCfg = Debug|Any CPU
		{A58297FF-2276-415F-9A9C-75F9F1656E8C}.Debug|x64.Build.0 = Debug|Any CPU
		{A58297FF-2276-415F-9A9C-75F9F1656E8C}.Debug|x86.ActiveCfg = Debug|Any CPU
		{A58297FF-2276-415F-9A9C-75F9F1656E8C}.Debug|x86.Build.0 = Debug|Any CPU
		{A58297FF-2276-415F-9A9C-75F9F1656E8C}.Release|Any CPU.ActiveCfg = Release|Any CPU
		{A58297FF-2276-415F-9A9C-75F9F1656E8C}.Release|Any CPU.Build.0 = Release|Any CPU
		{A58297FF-2276-415F-9A9C-75F9F1656E8C}.Release|x64.ActiveCfg = Release|Any CPU
		{A58297FF-2276-415F-9A9C-75F9F1656E8C}.Release|x64.Build.0 = Release|Any CPU
		{A58297FF-2276-415F-9A9C-75F9F1656E8C}.Release|x86.ActiveCfg = Release|Any CPU
		{A58297FF-2276-415F-9A9C-75F9F1656E8C}.Release|x86.Build.0 = Release|Any CPU
		{C6ACCD43-DDD9-4CD0-8F25-8975B3348005}.Debug|Any CPU.ActiveCfg = Debug|Any CPU
		{C6ACCD43-DDD9-4CD0-8F25-8975B3348005}.Debug|Any CPU.Build.0 = Debug|Any CPU
		{C6ACCD43-DDD9-4CD0-8F25-8975B3348005}.Debug|x64.ActiveCfg = Debug|Any CPU
		{C6ACCD43-DDD9-4CD0-8F25-8975B3348005}.Debug|x64.Build.0 = Debug|Any CPU
		{C6ACCD43-DDD9-4CD0-8F25-8975B3348005}.Debug|x86.ActiveCfg = Debug|Any CPU
		{C6ACCD43-DDD9-4CD0-8F25-8975B3348005}.Debug|x86.Build.0 = Debug|Any CPU
		{C6ACCD43-DDD9-4CD0-8F25-8975B3348005}.Release|Any CPU.ActiveCfg = Release|Any CPU
		{C6ACCD43-DDD9-4CD0-8F25-8975B3348005}.Release|Any CPU.Build.0 = Release|Any CPU
		{C6ACCD43-DDD9-4CD0-8F25-8975B3348005}.Release|x64.ActiveCfg = Release|Any CPU
		{C6ACCD43-DDD9-4CD0-8F25-8975B3348005}.Release|x64.Build.0 = Release|Any CPU
		{C6ACCD43-DDD9-4CD0-8F25-8975B3348005}.Release|x86.ActiveCfg = Release|Any CPU
		{C6ACCD43-DDD9-4CD0-8F25-8975B3348005}.Release|x86.Build.0 = Release|Any CPU
		{FFB7401A-9AF6-4FCE-B305-B7BE2B1361D7}.Debug|Any CPU.ActiveCfg = Debug|Any CPU
		{FFB7401A-9AF6-4FCE-B305-B7BE2B1361D7}.Debug|Any CPU.Build.0 = Debug|Any CPU
		{FFB7401A-9AF6-4FCE-B305-B7BE2B1361D7}.Debug|x64.ActiveCfg = Debug|Any CPU
		{FFB7401A-9AF6-4FCE-B305-B7BE2B1361D7}.Debug|x64.Build.0 = Debug|Any CPU
		{FFB7401A-9AF6-4FCE-B305-B7BE2B1361D7}.Debug|x86.ActiveCfg = Debug|Any CPU
		{FFB7401A-9AF6-4FCE-B305-B7BE2B1361D7}.Debug|x86.Build.0 = Debug|Any CPU
		{FFB7401A-9AF6-4FCE-B305-B7BE2B1361D7}.Release|Any CPU.ActiveCfg = Release|Any CPU
		{FFB7401A-9AF6-4FCE-B305-B7BE2B1361D7}.Release|Any CPU.Build.0 = Release|Any CPU
		{FFB7401A-9AF6-4FCE-B305-B7BE2B1361D7}.Release|x64.ActiveCfg = Release|Any CPU
		{FFB7401A-9AF6-4FCE-B305-B7BE2B1361D7}.Release|x64.Build.0 = Release|Any CPU
		{FFB7401A-9AF6-4FCE-B305-B7BE2B1361D7}.Release|x86.ActiveCfg = Release|Any CPU
		{FFB7401A-9AF6-4FCE-B305-B7BE2B1361D7}.Release|x86.Build.0 = Release|Any CPU
		{117FFF7E-019E-400E-9F51-A4F7F9F3195D}.Debug|Any CPU.ActiveCfg = Debug|Any CPU
		{117FFF7E-019E-400E-9F51-A4F7F9F3195D}.Debug|Any CPU.Build.0 = Debug|Any CPU
		{117FFF7E-019E-400E-9F51-A4F7F9F3195D}.Debug|x64.ActiveCfg = Debug|Any CPU
		{117FFF7E-019E-400E-9F51-A4F7F9F3195D}.Debug|x64.Build.0 = Debug|Any CPU
		{117FFF7E-019E-400E-9F51-A4F7F9F3195D}.Debug|x86.ActiveCfg = Debug|Any CPU
		{117FFF7E-019E-400E-9F51-A4F7F9F3195D}.Debug|x86.Build.0 = Debug|Any CPU
		{117FFF7E-019E-400E-9F51-A4F7F9F3195D}.Release|Any CPU.ActiveCfg = Release|Any CPU
		{117FFF7E-019E-400E-9F51-A4F7F9F3195D}.Release|Any CPU.Build.0 = Release|Any CPU
		{117FFF7E-019E-400E-9F51-A4F7F9F3195D}.Release|x64.ActiveCfg = Release|Any CPU
		{117FFF7E-019E-400E-9F51-A4F7F9F3195D}.Release|x64.Build.0 = Release|Any CPU
		{117FFF7E-019E-400E-9F51-A4F7F9F3195D}.Release|x86.ActiveCfg = Release|Any CPU
		{117FFF7E-019E-400E-9F51-A4F7F9F3195D}.Release|x86.Build.0 = Release|Any CPU
		{D41E4E00-B3F2-4F31-B890-C27F9E997B71}.Debug|Any CPU.ActiveCfg = Debug|Any CPU
		{D41E4E00-B3F2-4F31-B890-C27F9E997B71}.Debug|Any CPU.Build.0 = Debug|Any CPU
		{D41E4E00-B3F2-4F31-B890-C27F9E997B71}.Debug|x64.ActiveCfg = Debug|Any CPU
		{D41E4E00-B3F2-4F31-B890-C27F9E997B71}.Debug|x64.Build.0 = Debug|Any CPU
		{D41E4E00-B3F2-4F31-B890-C27F9E997B71}.Debug|x86.ActiveCfg = Debug|Any CPU
		{D41E4E00-B3F2-4F31-B890-C27F9E997B71}.Debug|x86.Build.0 = Debug|Any CPU
		{D41E4E00-B3F2-4F31-B890-C27F9E997B71}.Release|Any CPU.ActiveCfg = Release|Any CPU
		{D41E4E00-B3F2-4F31-B890-C27F9E997B71}.Release|Any CPU.Build.0 = Release|Any CPU
		{D41E4E00-B3F2-4F31-B890-C27F9E997B71}.Release|x64.ActiveCfg = Release|Any CPU
		{D41E4E00-B3F2-4F31-B890-C27F9E997B71}.Release|x64.Build.0 = Release|Any CPU
		{D41E4E00-B3F2-4F31-B890-C27F9E997B71}.Release|x86.ActiveCfg = Release|Any CPU
		{D41E4E00-B3F2-4F31-B890-C27F9E997B71}.Release|x86.Build.0 = Release|Any CPU
		{DA7F5186-9971-4BC0-9BDB-AD5F9058C4C3}.Debug|Any CPU.ActiveCfg = Debug|Any CPU
		{DA7F5186-9971-4BC0-9BDB-AD5F9058C4C3}.Debug|Any CPU.Build.0 = Debug|Any CPU
		{DA7F5186-9971-4BC0-9BDB-AD5F9058C4C3}.Debug|x64.ActiveCfg = Debug|Any CPU
		{DA7F5186-9971-4BC0-9BDB-AD5F9058C4C3}.Debug|x64.Build.0 = Debug|Any CPU
		{DA7F5186-9971-4BC0-9BDB-AD5F9058C4C3}.Debug|x86.ActiveCfg = Debug|Any CPU
		{DA7F5186-9971-4BC0-9BDB-AD5F9058C4C3}.Debug|x86.Build.0 = Debug|Any CPU
		{DA7F5186-9971-4BC0-9BDB-AD5F9058C4C3}.Release|Any CPU.ActiveCfg = Release|Any CPU
		{DA7F5186-9971-4BC0-9BDB-AD5F9058C4C3}.Release|Any CPU.Build.0 = Release|Any CPU
		{DA7F5186-9971-4BC0-9BDB-AD5F9058C4C3}.Release|x64.ActiveCfg = Release|Any CPU
		{DA7F5186-9971-4BC0-9BDB-AD5F9058C4C3}.Release|x64.Build.0 = Release|Any CPU
		{DA7F5186-9971-4BC0-9BDB-AD5F9058C4C3}.Release|x86.ActiveCfg = Release|Any CPU
		{DA7F5186-9971-4BC0-9BDB-AD5F9058C4C3}.Release|x86.Build.0 = Release|Any CPU
		{16141B3F-F785-4CFD-9FD2-67E9D76C4827}.Debug|Any CPU.ActiveCfg = Debug|Any CPU
		{16141B3F-F785-4CFD-9FD2-67E9D76C4827}.Debug|Any CPU.Build.0 = Debug|Any CPU
		{16141B3F-F785-4CFD-9FD2-67E9D76C4827}.Debug|x64.ActiveCfg = Debug|Any CPU
		{16141B3F-F785-4CFD-9FD2-67E9D76C4827}.Debug|x64.Build.0 = Debug|Any CPU
		{16141B3F-F785-4CFD-9FD2-67E9D76C4827}.Debug|x86.ActiveCfg = Debug|Any CPU
		{16141B3F-F785-4CFD-9FD2-67E9D76C4827}.Debug|x86.Build.0 = Debug|Any CPU
		{16141B3F-F785-4CFD-9FD2-67E9D76C4827}.Release|Any CPU.ActiveCfg = Release|Any CPU
		{16141B3F-F785-4CFD-9FD2-67E9D76C4827}.Release|Any CPU.Build.0 = Release|Any CPU
		{16141B3F-F785-4CFD-9FD2-67E9D76C4827}.Release|x64.ActiveCfg = Release|Any CPU
		{16141B3F-F785-4CFD-9FD2-67E9D76C4827}.Release|x64.Build.0 = Release|Any CPU
		{16141B3F-F785-4CFD-9FD2-67E9D76C4827}.Release|x86.ActiveCfg = Release|Any CPU
		{16141B3F-F785-4CFD-9FD2-67E9D76C4827}.Release|x86.Build.0 = Release|Any CPU
		{61A3EF4A-68CC-442E-87EC-F05B874A4C98}.Debug|Any CPU.ActiveCfg = Debug|Any CPU
		{61A3EF4A-68CC-442E-87EC-F05B874A4C98}.Debug|Any CPU.Build.0 = Debug|Any CPU
		{61A3EF4A-68CC-442E-87EC-F05B874A4C98}.Debug|x64.ActiveCfg = Debug|Any CPU
		{61A3EF4A-68CC-442E-87EC-F05B874A4C98}.Debug|x64.Build.0 = Debug|Any CPU
		{61A3EF4A-68CC-442E-87EC-F05B874A4C98}.Debug|x86.ActiveCfg = Debug|Any CPU
		{61A3EF4A-68CC-442E-87EC-F05B874A4C98}.Debug|x86.Build.0 = Debug|Any CPU
		{61A3EF4A-68CC-442E-87EC-F05B874A4C98}.Release|Any CPU.ActiveCfg = Release|Any CPU
		{61A3EF4A-68CC-442E-87EC-F05B874A4C98}.Release|Any CPU.Build.0 = Release|Any CPU
		{61A3EF4A-68CC-442E-87EC-F05B874A4C98}.Release|x64.ActiveCfg = Release|Any CPU
		{61A3EF4A-68CC-442E-87EC-F05B874A4C98}.Release|x64.Build.0 = Release|Any CPU
		{61A3EF4A-68CC-442E-87EC-F05B874A4C98}.Release|x86.ActiveCfg = Release|Any CPU
		{61A3EF4A-68CC-442E-87EC-F05B874A4C98}.Release|x86.Build.0 = Release|Any CPU
		{91391896-C591-43FD-B6F6-7D9150DB3CB2}.Debug|Any CPU.ActiveCfg = Debug|Any CPU
		{91391896-C591-43FD-B6F6-7D9150DB3CB2}.Debug|Any CPU.Build.0 = Debug|Any CPU
		{91391896-C591-43FD-B6F6-7D9150DB3CB2}.Debug|x64.ActiveCfg = Debug|Any CPU
		{91391896-C591-43FD-B6F6-7D9150DB3CB2}.Debug|x64.Build.0 = Debug|Any CPU
		{91391896-C591-43FD-B6F6-7D9150DB3CB2}.Debug|x86.ActiveCfg = Debug|Any CPU
		{91391896-C591-43FD-B6F6-7D9150DB3CB2}.Debug|x86.Build.0 = Debug|Any CPU
		{91391896-C591-43FD-B6F6-7D9150DB3CB2}.Release|Any CPU.ActiveCfg = Release|Any CPU
		{91391896-C591-43FD-B6F6-7D9150DB3CB2}.Release|Any CPU.Build.0 = Release|Any CPU
		{91391896-C591-43FD-B6F6-7D9150DB3CB2}.Release|x64.ActiveCfg = Release|Any CPU
		{91391896-C591-43FD-B6F6-7D9150DB3CB2}.Release|x64.Build.0 = Release|Any CPU
		{91391896-C591-43FD-B6F6-7D9150DB3CB2}.Release|x86.ActiveCfg = Release|Any CPU
		{91391896-C591-43FD-B6F6-7D9150DB3CB2}.Release|x86.Build.0 = Release|Any CPU
		{5B8E8267-E90E-4E78-A219-A62AEDCE81CE}.Debug|Any CPU.ActiveCfg = Debug|Any CPU
		{5B8E8267-E90E-4E78-A219-A62AEDCE81CE}.Debug|Any CPU.Build.0 = Debug|Any CPU
		{5B8E8267-E90E-4E78-A219-A62AEDCE81CE}.Debug|x64.ActiveCfg = Debug|Any CPU
		{5B8E8267-E90E-4E78-A219-A62AEDCE81CE}.Debug|x64.Build.0 = Debug|Any CPU
		{5B8E8267-E90E-4E78-A219-A62AEDCE81CE}.Debug|x86.ActiveCfg = Debug|Any CPU
		{5B8E8267-E90E-4E78-A219-A62AEDCE81CE}.Debug|x86.Build.0 = Debug|Any CPU
		{5B8E8267-E90E-4E78-A219-A62AEDCE81CE}.Release|Any CPU.ActiveCfg = Release|Any CPU
		{5B8E8267-E90E-4E78-A219-A62AEDCE81CE}.Release|Any CPU.Build.0 = Release|Any CPU
		{5B8E8267-E90E-4E78-A219-A62AEDCE81CE}.Release|x64.ActiveCfg = Release|Any CPU
		{5B8E8267-E90E-4E78-A219-A62AEDCE81CE}.Release|x64.Build.0 = Release|Any CPU
		{5B8E8267-E90E-4E78-A219-A62AEDCE81CE}.Release|x86.ActiveCfg = Release|Any CPU
		{5B8E8267-E90E-4E78-A219-A62AEDCE81CE}.Release|x86.Build.0 = Release|Any CPU
		{AF6A2C7F-686F-4DAF-81C7-9A36CBD797C0}.Debug|Any CPU.ActiveCfg = Debug|Any CPU
		{AF6A2C7F-686F-4DAF-81C7-9A36CBD797C0}.Debug|Any CPU.Build.0 = Debug|Any CPU
		{AF6A2C7F-686F-4DAF-81C7-9A36CBD797C0}.Debug|x64.ActiveCfg = Debug|Any CPU
		{AF6A2C7F-686F-4DAF-81C7-9A36CBD797C0}.Debug|x64.Build.0 = Debug|Any CPU
		{AF6A2C7F-686F-4DAF-81C7-9A36CBD797C0}.Debug|x86.ActiveCfg = Debug|Any CPU
		{AF6A2C7F-686F-4DAF-81C7-9A36CBD797C0}.Debug|x86.Build.0 = Debug|Any CPU
		{AF6A2C7F-686F-4DAF-81C7-9A36CBD797C0}.Release|Any CPU.ActiveCfg = Release|Any CPU
		{AF6A2C7F-686F-4DAF-81C7-9A36CBD797C0}.Release|Any CPU.Build.0 = Release|Any CPU
		{AF6A2C7F-686F-4DAF-81C7-9A36CBD797C0}.Release|x64.ActiveCfg = Release|Any CPU
		{AF6A2C7F-686F-4DAF-81C7-9A36CBD797C0}.Release|x64.Build.0 = Release|Any CPU
		{AF6A2C7F-686F-4DAF-81C7-9A36CBD797C0}.Release|x86.ActiveCfg = Release|Any CPU
		{AF6A2C7F-686F-4DAF-81C7-9A36CBD797C0}.Release|x86.Build.0 = Release|Any CPU
		{43CF805F-4FA3-4453-B99A-2BB0AA0B9875}.Debug|Any CPU.ActiveCfg = Debug|Any CPU
		{43CF805F-4FA3-4453-B99A-2BB0AA0B9875}.Debug|Any CPU.Build.0 = Debug|Any CPU
		{43CF805F-4FA3-4453-B99A-2BB0AA0B9875}.Debug|x64.ActiveCfg = Debug|Any CPU
		{43CF805F-4FA3-4453-B99A-2BB0AA0B9875}.Debug|x64.Build.0 = Debug|Any CPU
		{43CF805F-4FA3-4453-B99A-2BB0AA0B9875}.Debug|x86.ActiveCfg = Debug|Any CPU
		{43CF805F-4FA3-4453-B99A-2BB0AA0B9875}.Debug|x86.Build.0 = Debug|Any CPU
		{43CF805F-4FA3-4453-B99A-2BB0AA0B9875}.Release|Any CPU.ActiveCfg = Release|Any CPU
		{43CF805F-4FA3-4453-B99A-2BB0AA0B9875}.Release|Any CPU.Build.0 = Release|Any CPU
		{43CF805F-4FA3-4453-B99A-2BB0AA0B9875}.Release|x64.ActiveCfg = Release|Any CPU
		{43CF805F-4FA3-4453-B99A-2BB0AA0B9875}.Release|x64.Build.0 = Release|Any CPU
		{43CF805F-4FA3-4453-B99A-2BB0AA0B9875}.Release|x86.ActiveCfg = Release|Any CPU
		{43CF805F-4FA3-4453-B99A-2BB0AA0B9875}.Release|x86.Build.0 = Release|Any CPU
		{63EF08F2-3786-4C47-9F6B-52EAEDEE1523}.Debug|Any CPU.ActiveCfg = Debug|Any CPU
		{63EF08F2-3786-4C47-9F6B-52EAEDEE1523}.Debug|Any CPU.Build.0 = Debug|Any CPU
		{63EF08F2-3786-4C47-9F6B-52EAEDEE1523}.Debug|x64.ActiveCfg = Debug|Any CPU
		{63EF08F2-3786-4C47-9F6B-52EAEDEE1523}.Debug|x64.Build.0 = Debug|Any CPU
		{63EF08F2-3786-4C47-9F6B-52EAEDEE1523}.Debug|x86.ActiveCfg = Debug|Any CPU
		{63EF08F2-3786-4C47-9F6B-52EAEDEE1523}.Debug|x86.Build.0 = Debug|Any CPU
		{63EF08F2-3786-4C47-9F6B-52EAEDEE1523}.Release|Any CPU.ActiveCfg = Release|Any CPU
		{63EF08F2-3786-4C47-9F6B-52EAEDEE1523}.Release|Any CPU.Build.0 = Release|Any CPU
		{63EF08F2-3786-4C47-9F6B-52EAEDEE1523}.Release|x64.ActiveCfg = Release|Any CPU
		{63EF08F2-3786-4C47-9F6B-52EAEDEE1523}.Release|x64.Build.0 = Release|Any CPU
		{63EF08F2-3786-4C47-9F6B-52EAEDEE1523}.Release|x86.ActiveCfg = Release|Any CPU
		{63EF08F2-3786-4C47-9F6B-52EAEDEE1523}.Release|x86.Build.0 = Release|Any CPU
		{7B32AFFA-DA49-4F6C-8105-8638145A8BEF}.Debug|Any CPU.ActiveCfg = Debug|Any CPU
		{7B32AFFA-DA49-4F6C-8105-8638145A8BEF}.Debug|Any CPU.Build.0 = Debug|Any CPU
		{7B32AFFA-DA49-4F6C-8105-8638145A8BEF}.Debug|x64.ActiveCfg = Debug|Any CPU
		{7B32AFFA-DA49-4F6C-8105-8638145A8BEF}.Debug|x64.Build.0 = Debug|Any CPU
		{7B32AFFA-DA49-4F6C-8105-8638145A8BEF}.Debug|x86.ActiveCfg = Debug|Any CPU
		{7B32AFFA-DA49-4F6C-8105-8638145A8BEF}.Debug|x86.Build.0 = Debug|Any CPU
		{7B32AFFA-DA49-4F6C-8105-8638145A8BEF}.Release|Any CPU.ActiveCfg = Release|Any CPU
		{7B32AFFA-DA49-4F6C-8105-8638145A8BEF}.Release|Any CPU.Build.0 = Release|Any CPU
		{7B32AFFA-DA49-4F6C-8105-8638145A8BEF}.Release|x64.ActiveCfg = Release|Any CPU
		{7B32AFFA-DA49-4F6C-8105-8638145A8BEF}.Release|x64.Build.0 = Release|Any CPU
		{7B32AFFA-DA49-4F6C-8105-8638145A8BEF}.Release|x86.ActiveCfg = Release|Any CPU
		{7B32AFFA-DA49-4F6C-8105-8638145A8BEF}.Release|x86.Build.0 = Release|Any CPU
		{DBA122C2-7C2E-432D-B538-53BB7C09C446}.Debug|Any CPU.ActiveCfg = Debug|Any CPU
		{DBA122C2-7C2E-432D-B538-53BB7C09C446}.Debug|Any CPU.Build.0 = Debug|Any CPU
		{DBA122C2-7C2E-432D-B538-53BB7C09C446}.Debug|x64.ActiveCfg = Debug|Any CPU
		{DBA122C2-7C2E-432D-B538-53BB7C09C446}.Debug|x64.Build.0 = Debug|Any CPU
		{DBA122C2-7C2E-432D-B538-53BB7C09C446}.Debug|x86.ActiveCfg = Debug|Any CPU
		{DBA122C2-7C2E-432D-B538-53BB7C09C446}.Debug|x86.Build.0 = Debug|Any CPU
		{DBA122C2-7C2E-432D-B538-53BB7C09C446}.Release|Any CPU.ActiveCfg = Release|Any CPU
		{DBA122C2-7C2E-432D-B538-53BB7C09C446}.Release|Any CPU.Build.0 = Release|Any CPU
		{DBA122C2-7C2E-432D-B538-53BB7C09C446}.Release|x64.ActiveCfg = Release|Any CPU
		{DBA122C2-7C2E-432D-B538-53BB7C09C446}.Release|x64.Build.0 = Release|Any CPU
		{DBA122C2-7C2E-432D-B538-53BB7C09C446}.Release|x86.ActiveCfg = Release|Any CPU
		{DBA122C2-7C2E-432D-B538-53BB7C09C446}.Release|x86.Build.0 = Release|Any CPU
		{F380A54A-F8FF-4342-B558-FF70F1AA693F}.Debug|Any CPU.ActiveCfg = Debug|Any CPU
		{F380A54A-F8FF-4342-B558-FF70F1AA693F}.Debug|Any CPU.Build.0 = Debug|Any CPU
		{F380A54A-F8FF-4342-B558-FF70F1AA693F}.Debug|x64.ActiveCfg = Debug|Any CPU
		{F380A54A-F8FF-4342-B558-FF70F1AA693F}.Debug|x64.Build.0 = Debug|Any CPU
		{F380A54A-F8FF-4342-B558-FF70F1AA693F}.Debug|x86.ActiveCfg = Debug|Any CPU
		{F380A54A-F8FF-4342-B558-FF70F1AA693F}.Debug|x86.Build.0 = Debug|Any CPU
		{F380A54A-F8FF-4342-B558-FF70F1AA693F}.Release|Any CPU.ActiveCfg = Release|Any CPU
		{F380A54A-F8FF-4342-B558-FF70F1AA693F}.Release|Any CPU.Build.0 = Release|Any CPU
		{F380A54A-F8FF-4342-B558-FF70F1AA693F}.Release|x64.ActiveCfg = Release|Any CPU
		{F380A54A-F8FF-4342-B558-FF70F1AA693F}.Release|x64.Build.0 = Release|Any CPU
		{F380A54A-F8FF-4342-B558-FF70F1AA693F}.Release|x86.ActiveCfg = Release|Any CPU
		{F380A54A-F8FF-4342-B558-FF70F1AA693F}.Release|x86.Build.0 = Release|Any CPU
		{608E7CE5-5674-49EB-8728-719A468FC62E}.Debug|Any CPU.ActiveCfg = Debug|Any CPU
		{608E7CE5-5674-49EB-8728-719A468FC62E}.Debug|Any CPU.Build.0 = Debug|Any CPU
		{608E7CE5-5674-49EB-8728-719A468FC62E}.Debug|x64.ActiveCfg = Debug|Any CPU
		{608E7CE5-5674-49EB-8728-719A468FC62E}.Debug|x64.Build.0 = Debug|Any CPU
		{608E7CE5-5674-49EB-8728-719A468FC62E}.Debug|x86.ActiveCfg = Debug|Any CPU
		{608E7CE5-5674-49EB-8728-719A468FC62E}.Debug|x86.Build.0 = Debug|Any CPU
		{608E7CE5-5674-49EB-8728-719A468FC62E}.Release|Any CPU.ActiveCfg = Release|Any CPU
		{608E7CE5-5674-49EB-8728-719A468FC62E}.Release|Any CPU.Build.0 = Release|Any CPU
		{608E7CE5-5674-49EB-8728-719A468FC62E}.Release|x64.ActiveCfg = Release|Any CPU
		{608E7CE5-5674-49EB-8728-719A468FC62E}.Release|x64.Build.0 = Release|Any CPU
		{608E7CE5-5674-49EB-8728-719A468FC62E}.Release|x86.ActiveCfg = Release|Any CPU
		{608E7CE5-5674-49EB-8728-719A468FC62E}.Release|x86.Build.0 = Release|Any CPU
		{A68B41DF-D065-4CD4-A722-3C0C38151496}.Debug|Any CPU.ActiveCfg = Debug|Any CPU
		{A68B41DF-D065-4CD4-A722-3C0C38151496}.Debug|Any CPU.Build.0 = Debug|Any CPU
		{A68B41DF-D065-4CD4-A722-3C0C38151496}.Debug|x64.ActiveCfg = Debug|Any CPU
		{A68B41DF-D065-4CD4-A722-3C0C38151496}.Debug|x64.Build.0 = Debug|Any CPU
		{A68B41DF-D065-4CD4-A722-3C0C38151496}.Debug|x86.ActiveCfg = Debug|Any CPU
		{A68B41DF-D065-4CD4-A722-3C0C38151496}.Debug|x86.Build.0 = Debug|Any CPU
		{A68B41DF-D065-4CD4-A722-3C0C38151496}.Release|Any CPU.ActiveCfg = Release|Any CPU
		{A68B41DF-D065-4CD4-A722-3C0C38151496}.Release|Any CPU.Build.0 = Release|Any CPU
		{A68B41DF-D065-4CD4-A722-3C0C38151496}.Release|x64.ActiveCfg = Release|Any CPU
		{A68B41DF-D065-4CD4-A722-3C0C38151496}.Release|x64.Build.0 = Release|Any CPU
		{A68B41DF-D065-4CD4-A722-3C0C38151496}.Release|x86.ActiveCfg = Release|Any CPU
		{A68B41DF-D065-4CD4-A722-3C0C38151496}.Release|x86.Build.0 = Release|Any CPU
		{A122DD5B-4B80-4558-8DB2-8E9EBFF12A1A}.Debug|Any CPU.ActiveCfg = Debug|Any CPU
		{A122DD5B-4B80-4558-8DB2-8E9EBFF12A1A}.Debug|Any CPU.Build.0 = Debug|Any CPU
		{A122DD5B-4B80-4558-8DB2-8E9EBFF12A1A}.Debug|x64.ActiveCfg = Debug|Any CPU
		{A122DD5B-4B80-4558-8DB2-8E9EBFF12A1A}.Debug|x64.Build.0 = Debug|Any CPU
		{A122DD5B-4B80-4558-8DB2-8E9EBFF12A1A}.Debug|x86.ActiveCfg = Debug|Any CPU
		{A122DD5B-4B80-4558-8DB2-8E9EBFF12A1A}.Debug|x86.Build.0 = Debug|Any CPU
		{A122DD5B-4B80-4558-8DB2-8E9EBFF12A1A}.Release|Any CPU.ActiveCfg = Release|Any CPU
		{A122DD5B-4B80-4558-8DB2-8E9EBFF12A1A}.Release|Any CPU.Build.0 = Release|Any CPU
		{A122DD5B-4B80-4558-8DB2-8E9EBFF12A1A}.Release|x64.ActiveCfg = Release|Any CPU
		{A122DD5B-4B80-4558-8DB2-8E9EBFF12A1A}.Release|x64.Build.0 = Release|Any CPU
		{A122DD5B-4B80-4558-8DB2-8E9EBFF12A1A}.Release|x86.ActiveCfg = Release|Any CPU
		{A122DD5B-4B80-4558-8DB2-8E9EBFF12A1A}.Release|x86.Build.0 = Release|Any CPU
		{B5B6D54F-7782-4CAC-AB13-48619B40465B}.Debug|Any CPU.ActiveCfg = Debug|Any CPU
		{B5B6D54F-7782-4CAC-AB13-48619B40465B}.Debug|Any CPU.Build.0 = Debug|Any CPU
		{B5B6D54F-7782-4CAC-AB13-48619B40465B}.Debug|x64.ActiveCfg = Debug|Any CPU
		{B5B6D54F-7782-4CAC-AB13-48619B40465B}.Debug|x64.Build.0 = Debug|Any CPU
		{B5B6D54F-7782-4CAC-AB13-48619B40465B}.Debug|x86.ActiveCfg = Debug|Any CPU
		{B5B6D54F-7782-4CAC-AB13-48619B40465B}.Debug|x86.Build.0 = Debug|Any CPU
		{B5B6D54F-7782-4CAC-AB13-48619B40465B}.Release|Any CPU.ActiveCfg = Release|Any CPU
		{B5B6D54F-7782-4CAC-AB13-48619B40465B}.Release|Any CPU.Build.0 = Release|Any CPU
		{B5B6D54F-7782-4CAC-AB13-48619B40465B}.Release|x64.ActiveCfg = Release|Any CPU
		{B5B6D54F-7782-4CAC-AB13-48619B40465B}.Release|x64.Build.0 = Release|Any CPU
		{B5B6D54F-7782-4CAC-AB13-48619B40465B}.Release|x86.ActiveCfg = Release|Any CPU
		{B5B6D54F-7782-4CAC-AB13-48619B40465B}.Release|x86.Build.0 = Release|Any CPU
		{7EE540F0-2904-4306-BF35-842F3D654F25}.Debug|Any CPU.ActiveCfg = Debug|Any CPU
		{7EE540F0-2904-4306-BF35-842F3D654F25}.Debug|Any CPU.Build.0 = Debug|Any CPU
		{7EE540F0-2904-4306-BF35-842F3D654F25}.Debug|x64.ActiveCfg = Debug|Any CPU
		{7EE540F0-2904-4306-BF35-842F3D654F25}.Debug|x64.Build.0 = Debug|Any CPU
		{7EE540F0-2904-4306-BF35-842F3D654F25}.Debug|x86.ActiveCfg = Debug|Any CPU
		{7EE540F0-2904-4306-BF35-842F3D654F25}.Debug|x86.Build.0 = Debug|Any CPU
		{7EE540F0-2904-4306-BF35-842F3D654F25}.Release|Any CPU.ActiveCfg = Release|Any CPU
		{7EE540F0-2904-4306-BF35-842F3D654F25}.Release|Any CPU.Build.0 = Release|Any CPU
		{7EE540F0-2904-4306-BF35-842F3D654F25}.Release|x64.ActiveCfg = Release|Any CPU
		{7EE540F0-2904-4306-BF35-842F3D654F25}.Release|x64.Build.0 = Release|Any CPU
		{7EE540F0-2904-4306-BF35-842F3D654F25}.Release|x86.ActiveCfg = Release|Any CPU
		{7EE540F0-2904-4306-BF35-842F3D654F25}.Release|x86.Build.0 = Release|Any CPU
		{C1AA58AF-224E-428A-8A27-BC8BB18F2E2E}.Debug|Any CPU.ActiveCfg = Debug|Any CPU
		{C1AA58AF-224E-428A-8A27-BC8BB18F2E2E}.Debug|Any CPU.Build.0 = Debug|Any CPU
		{C1AA58AF-224E-428A-8A27-BC8BB18F2E2E}.Debug|x64.ActiveCfg = Debug|Any CPU
		{C1AA58AF-224E-428A-8A27-BC8BB18F2E2E}.Debug|x64.Build.0 = Debug|Any CPU
		{C1AA58AF-224E-428A-8A27-BC8BB18F2E2E}.Debug|x86.ActiveCfg = Debug|Any CPU
		{C1AA58AF-224E-428A-8A27-BC8BB18F2E2E}.Debug|x86.Build.0 = Debug|Any CPU
		{C1AA58AF-224E-428A-8A27-BC8BB18F2E2E}.Release|Any CPU.ActiveCfg = Release|Any CPU
		{C1AA58AF-224E-428A-8A27-BC8BB18F2E2E}.Release|Any CPU.Build.0 = Release|Any CPU
		{C1AA58AF-224E-428A-8A27-BC8BB18F2E2E}.Release|x64.ActiveCfg = Release|Any CPU
		{C1AA58AF-224E-428A-8A27-BC8BB18F2E2E}.Release|x64.Build.0 = Release|Any CPU
		{C1AA58AF-224E-428A-8A27-BC8BB18F2E2E}.Release|x86.ActiveCfg = Release|Any CPU
		{C1AA58AF-224E-428A-8A27-BC8BB18F2E2E}.Release|x86.Build.0 = Release|Any CPU
		{69B55184-9DB6-4492-9501-E54207F4BED7}.Debug|Any CPU.ActiveCfg = Debug|Any CPU
		{69B55184-9DB6-4492-9501-E54207F4BED7}.Debug|Any CPU.Build.0 = Debug|Any CPU
		{69B55184-9DB6-4492-9501-E54207F4BED7}.Debug|x64.ActiveCfg = Debug|Any CPU
		{69B55184-9DB6-4492-9501-E54207F4BED7}.Debug|x64.Build.0 = Debug|Any CPU
		{69B55184-9DB6-4492-9501-E54207F4BED7}.Debug|x86.ActiveCfg = Debug|Any CPU
		{69B55184-9DB6-4492-9501-E54207F4BED7}.Debug|x86.Build.0 = Debug|Any CPU
		{69B55184-9DB6-4492-9501-E54207F4BED7}.Release|Any CPU.ActiveCfg = Release|Any CPU
		{69B55184-9DB6-4492-9501-E54207F4BED7}.Release|Any CPU.Build.0 = Release|Any CPU
		{69B55184-9DB6-4492-9501-E54207F4BED7}.Release|x64.ActiveCfg = Release|Any CPU
		{69B55184-9DB6-4492-9501-E54207F4BED7}.Release|x64.Build.0 = Release|Any CPU
		{69B55184-9DB6-4492-9501-E54207F4BED7}.Release|x86.ActiveCfg = Release|Any CPU
		{69B55184-9DB6-4492-9501-E54207F4BED7}.Release|x86.Build.0 = Release|Any CPU
		{025C3A17-0FBB-4B5E-9386-6A5E979FAA56}.Debug|Any CPU.ActiveCfg = Debug|Any CPU
		{025C3A17-0FBB-4B5E-9386-6A5E979FAA56}.Debug|Any CPU.Build.0 = Debug|Any CPU
		{025C3A17-0FBB-4B5E-9386-6A5E979FAA56}.Debug|x64.ActiveCfg = Debug|Any CPU
		{025C3A17-0FBB-4B5E-9386-6A5E979FAA56}.Debug|x64.Build.0 = Debug|Any CPU
		{025C3A17-0FBB-4B5E-9386-6A5E979FAA56}.Debug|x86.ActiveCfg = Debug|Any CPU
		{025C3A17-0FBB-4B5E-9386-6A5E979FAA56}.Debug|x86.Build.0 = Debug|Any CPU
		{025C3A17-0FBB-4B5E-9386-6A5E979FAA56}.Release|Any CPU.ActiveCfg = Release|Any CPU
		{025C3A17-0FBB-4B5E-9386-6A5E979FAA56}.Release|Any CPU.Build.0 = Release|Any CPU
		{025C3A17-0FBB-4B5E-9386-6A5E979FAA56}.Release|x64.ActiveCfg = Release|Any CPU
		{025C3A17-0FBB-4B5E-9386-6A5E979FAA56}.Release|x64.Build.0 = Release|Any CPU
		{025C3A17-0FBB-4B5E-9386-6A5E979FAA56}.Release|x86.ActiveCfg = Release|Any CPU
		{025C3A17-0FBB-4B5E-9386-6A5E979FAA56}.Release|x86.Build.0 = Release|Any CPU
		{CEDAAB8D-613C-4A3F-8114-7D6B480F1EE3}.Debug|Any CPU.ActiveCfg = Debug|Any CPU
		{CEDAAB8D-613C-4A3F-8114-7D6B480F1EE3}.Debug|Any CPU.Build.0 = Debug|Any CPU
		{CEDAAB8D-613C-4A3F-8114-7D6B480F1EE3}.Debug|x64.ActiveCfg = Debug|Any CPU
		{CEDAAB8D-613C-4A3F-8114-7D6B480F1EE3}.Debug|x64.Build.0 = Debug|Any CPU
		{CEDAAB8D-613C-4A3F-8114-7D6B480F1EE3}.Debug|x86.ActiveCfg = Debug|Any CPU
		{CEDAAB8D-613C-4A3F-8114-7D6B480F1EE3}.Debug|x86.Build.0 = Debug|Any CPU
		{CEDAAB8D-613C-4A3F-8114-7D6B480F1EE3}.Release|Any CPU.ActiveCfg = Release|Any CPU
		{CEDAAB8D-613C-4A3F-8114-7D6B480F1EE3}.Release|Any CPU.Build.0 = Release|Any CPU
		{CEDAAB8D-613C-4A3F-8114-7D6B480F1EE3}.Release|x64.ActiveCfg = Release|Any CPU
		{CEDAAB8D-613C-4A3F-8114-7D6B480F1EE3}.Release|x64.Build.0 = Release|Any CPU
		{CEDAAB8D-613C-4A3F-8114-7D6B480F1EE3}.Release|x86.ActiveCfg = Release|Any CPU
		{CEDAAB8D-613C-4A3F-8114-7D6B480F1EE3}.Release|x86.Build.0 = Release|Any CPU
		{134CE4A1-E9A4-49C0-A998-7C531E6207CE}.Debug|Any CPU.ActiveCfg = Debug|Any CPU
		{134CE4A1-E9A4-49C0-A998-7C531E6207CE}.Debug|Any CPU.Build.0 = Debug|Any CPU
		{134CE4A1-E9A4-49C0-A998-7C531E6207CE}.Debug|x64.ActiveCfg = Debug|Any CPU
		{134CE4A1-E9A4-49C0-A998-7C531E6207CE}.Debug|x64.Build.0 = Debug|Any CPU
		{134CE4A1-E9A4-49C0-A998-7C531E6207CE}.Debug|x86.ActiveCfg = Debug|Any CPU
		{134CE4A1-E9A4-49C0-A998-7C531E6207CE}.Debug|x86.Build.0 = Debug|Any CPU
		{134CE4A1-E9A4-49C0-A998-7C531E6207CE}.Release|Any CPU.ActiveCfg = Release|Any CPU
		{134CE4A1-E9A4-49C0-A998-7C531E6207CE}.Release|Any CPU.Build.0 = Release|Any CPU
		{134CE4A1-E9A4-49C0-A998-7C531E6207CE}.Release|x64.ActiveCfg = Release|Any CPU
		{134CE4A1-E9A4-49C0-A998-7C531E6207CE}.Release|x64.Build.0 = Release|Any CPU
		{134CE4A1-E9A4-49C0-A998-7C531E6207CE}.Release|x86.ActiveCfg = Release|Any CPU
		{134CE4A1-E9A4-49C0-A998-7C531E6207CE}.Release|x86.Build.0 = Release|Any CPU
		{E18A3CB0-BFDB-4672-AD53-7EAAF26C52AB}.Debug|Any CPU.ActiveCfg = Debug|Any CPU
		{E18A3CB0-BFDB-4672-AD53-7EAAF26C52AB}.Debug|Any CPU.Build.0 = Debug|Any CPU
		{E18A3CB0-BFDB-4672-AD53-7EAAF26C52AB}.Debug|x64.ActiveCfg = Debug|Any CPU
		{E18A3CB0-BFDB-4672-AD53-7EAAF26C52AB}.Debug|x64.Build.0 = Debug|Any CPU
		{E18A3CB0-BFDB-4672-AD53-7EAAF26C52AB}.Debug|x86.ActiveCfg = Debug|Any CPU
		{E18A3CB0-BFDB-4672-AD53-7EAAF26C52AB}.Debug|x86.Build.0 = Debug|Any CPU
		{E18A3CB0-BFDB-4672-AD53-7EAAF26C52AB}.Release|Any CPU.ActiveCfg = Release|Any CPU
		{E18A3CB0-BFDB-4672-AD53-7EAAF26C52AB}.Release|Any CPU.Build.0 = Release|Any CPU
		{E18A3CB0-BFDB-4672-AD53-7EAAF26C52AB}.Release|x64.ActiveCfg = Release|Any CPU
		{E18A3CB0-BFDB-4672-AD53-7EAAF26C52AB}.Release|x64.Build.0 = Release|Any CPU
		{E18A3CB0-BFDB-4672-AD53-7EAAF26C52AB}.Release|x86.ActiveCfg = Release|Any CPU
		{E18A3CB0-BFDB-4672-AD53-7EAAF26C52AB}.Release|x86.Build.0 = Release|Any CPU
		{58633641-85F3-4F8E-AC18-0EFACC36D142}.Debug|Any CPU.ActiveCfg = Debug|Any CPU
		{58633641-85F3-4F8E-AC18-0EFACC36D142}.Debug|Any CPU.Build.0 = Debug|Any CPU
		{58633641-85F3-4F8E-AC18-0EFACC36D142}.Debug|x64.ActiveCfg = Debug|Any CPU
		{58633641-85F3-4F8E-AC18-0EFACC36D142}.Debug|x64.Build.0 = Debug|Any CPU
		{58633641-85F3-4F8E-AC18-0EFACC36D142}.Debug|x86.ActiveCfg = Debug|Any CPU
		{58633641-85F3-4F8E-AC18-0EFACC36D142}.Debug|x86.Build.0 = Debug|Any CPU
		{58633641-85F3-4F8E-AC18-0EFACC36D142}.Release|Any CPU.ActiveCfg = Release|Any CPU
		{58633641-85F3-4F8E-AC18-0EFACC36D142}.Release|Any CPU.Build.0 = Release|Any CPU
		{58633641-85F3-4F8E-AC18-0EFACC36D142}.Release|x64.ActiveCfg = Release|Any CPU
		{58633641-85F3-4F8E-AC18-0EFACC36D142}.Release|x64.Build.0 = Release|Any CPU
		{58633641-85F3-4F8E-AC18-0EFACC36D142}.Release|x86.ActiveCfg = Release|Any CPU
		{58633641-85F3-4F8E-AC18-0EFACC36D142}.Release|x86.Build.0 = Release|Any CPU
		{6FF1BF91-58BC-4214-8C38-B87E45BC345D}.Debug|Any CPU.ActiveCfg = Debug|Any CPU
		{6FF1BF91-58BC-4214-8C38-B87E45BC345D}.Debug|Any CPU.Build.0 = Debug|Any CPU
		{6FF1BF91-58BC-4214-8C38-B87E45BC345D}.Debug|x64.ActiveCfg = Debug|Any CPU
		{6FF1BF91-58BC-4214-8C38-B87E45BC345D}.Debug|x64.Build.0 = Debug|Any CPU
		{6FF1BF91-58BC-4214-8C38-B87E45BC345D}.Debug|x86.ActiveCfg = Debug|Any CPU
		{6FF1BF91-58BC-4214-8C38-B87E45BC345D}.Debug|x86.Build.0 = Debug|Any CPU
		{6FF1BF91-58BC-4214-8C38-B87E45BC345D}.Release|Any CPU.ActiveCfg = Release|Any CPU
		{6FF1BF91-58BC-4214-8C38-B87E45BC345D}.Release|Any CPU.Build.0 = Release|Any CPU
		{6FF1BF91-58BC-4214-8C38-B87E45BC345D}.Release|x64.ActiveCfg = Release|Any CPU
		{6FF1BF91-58BC-4214-8C38-B87E45BC345D}.Release|x64.Build.0 = Release|Any CPU
		{6FF1BF91-58BC-4214-8C38-B87E45BC345D}.Release|x86.ActiveCfg = Release|Any CPU
		{6FF1BF91-58BC-4214-8C38-B87E45BC345D}.Release|x86.Build.0 = Release|Any CPU
		{E28E89BA-3569-4F92-A449-17EF31C97D4E}.Debug|Any CPU.ActiveCfg = Debug|Any CPU
		{E28E89BA-3569-4F92-A449-17EF31C97D4E}.Debug|Any CPU.Build.0 = Debug|Any CPU
		{E28E89BA-3569-4F92-A449-17EF31C97D4E}.Debug|x64.ActiveCfg = Debug|Any CPU
		{E28E89BA-3569-4F92-A449-17EF31C97D4E}.Debug|x64.Build.0 = Debug|Any CPU
		{E28E89BA-3569-4F92-A449-17EF31C97D4E}.Debug|x86.ActiveCfg = Debug|Any CPU
		{E28E89BA-3569-4F92-A449-17EF31C97D4E}.Debug|x86.Build.0 = Debug|Any CPU
		{E28E89BA-3569-4F92-A449-17EF31C97D4E}.Release|Any CPU.ActiveCfg = Release|Any CPU
		{E28E89BA-3569-4F92-A449-17EF31C97D4E}.Release|Any CPU.Build.0 = Release|Any CPU
		{E28E89BA-3569-4F92-A449-17EF31C97D4E}.Release|x64.ActiveCfg = Release|Any CPU
		{E28E89BA-3569-4F92-A449-17EF31C97D4E}.Release|x64.Build.0 = Release|Any CPU
		{E28E89BA-3569-4F92-A449-17EF31C97D4E}.Release|x86.ActiveCfg = Release|Any CPU
		{E28E89BA-3569-4F92-A449-17EF31C97D4E}.Release|x86.Build.0 = Release|Any CPU
		{CBE4039D-C56E-42A8-A610-2E93656E4BF1}.Debug|Any CPU.ActiveCfg = Debug|Any CPU
		{CBE4039D-C56E-42A8-A610-2E93656E4BF1}.Debug|Any CPU.Build.0 = Debug|Any CPU
		{CBE4039D-C56E-42A8-A610-2E93656E4BF1}.Debug|x64.ActiveCfg = Debug|Any CPU
		{CBE4039D-C56E-42A8-A610-2E93656E4BF1}.Debug|x64.Build.0 = Debug|Any CPU
		{CBE4039D-C56E-42A8-A610-2E93656E4BF1}.Debug|x86.ActiveCfg = Debug|Any CPU
		{CBE4039D-C56E-42A8-A610-2E93656E4BF1}.Debug|x86.Build.0 = Debug|Any CPU
		{CBE4039D-C56E-42A8-A610-2E93656E4BF1}.Release|Any CPU.ActiveCfg = Release|Any CPU
		{CBE4039D-C56E-42A8-A610-2E93656E4BF1}.Release|Any CPU.Build.0 = Release|Any CPU
		{CBE4039D-C56E-42A8-A610-2E93656E4BF1}.Release|x64.ActiveCfg = Release|Any CPU
		{CBE4039D-C56E-42A8-A610-2E93656E4BF1}.Release|x64.Build.0 = Release|Any CPU
		{CBE4039D-C56E-42A8-A610-2E93656E4BF1}.Release|x86.ActiveCfg = Release|Any CPU
		{CBE4039D-C56E-42A8-A610-2E93656E4BF1}.Release|x86.Build.0 = Release|Any CPU
		{79DE380D-0EFD-49B5-8DA8-2EDC9F973980}.Debug|Any CPU.ActiveCfg = Debug|Any CPU
		{79DE380D-0EFD-49B5-8DA8-2EDC9F973980}.Debug|Any CPU.Build.0 = Debug|Any CPU
		{79DE380D-0EFD-49B5-8DA8-2EDC9F973980}.Debug|x64.ActiveCfg = Debug|Any CPU
		{79DE380D-0EFD-49B5-8DA8-2EDC9F973980}.Debug|x64.Build.0 = Debug|Any CPU
		{79DE380D-0EFD-49B5-8DA8-2EDC9F973980}.Debug|x86.ActiveCfg = Debug|Any CPU
		{79DE380D-0EFD-49B5-8DA8-2EDC9F973980}.Debug|x86.Build.0 = Debug|Any CPU
		{79DE380D-0EFD-49B5-8DA8-2EDC9F973980}.Release|Any CPU.ActiveCfg = Release|Any CPU
		{79DE380D-0EFD-49B5-8DA8-2EDC9F973980}.Release|Any CPU.Build.0 = Release|Any CPU
		{79DE380D-0EFD-49B5-8DA8-2EDC9F973980}.Release|x64.ActiveCfg = Release|Any CPU
		{79DE380D-0EFD-49B5-8DA8-2EDC9F973980}.Release|x64.Build.0 = Release|Any CPU
		{79DE380D-0EFD-49B5-8DA8-2EDC9F973980}.Release|x86.ActiveCfg = Release|Any CPU
		{79DE380D-0EFD-49B5-8DA8-2EDC9F973980}.Release|x86.Build.0 = Release|Any CPU
		{C03DDECB-2578-409E-A802-BD68D16125D0}.Debug|Any CPU.ActiveCfg = Debug|Any CPU
		{C03DDECB-2578-409E-A802-BD68D16125D0}.Debug|Any CPU.Build.0 = Debug|Any CPU
		{C03DDECB-2578-409E-A802-BD68D16125D0}.Debug|x64.ActiveCfg = Debug|Any CPU
		{C03DDECB-2578-409E-A802-BD68D16125D0}.Debug|x64.Build.0 = Debug|Any CPU
		{C03DDECB-2578-409E-A802-BD68D16125D0}.Debug|x86.ActiveCfg = Debug|Any CPU
		{C03DDECB-2578-409E-A802-BD68D16125D0}.Debug|x86.Build.0 = Debug|Any CPU
		{C03DDECB-2578-409E-A802-BD68D16125D0}.Release|Any CPU.ActiveCfg = Release|Any CPU
		{C03DDECB-2578-409E-A802-BD68D16125D0}.Release|Any CPU.Build.0 = Release|Any CPU
		{C03DDECB-2578-409E-A802-BD68D16125D0}.Release|x64.ActiveCfg = Release|Any CPU
		{C03DDECB-2578-409E-A802-BD68D16125D0}.Release|x64.Build.0 = Release|Any CPU
		{C03DDECB-2578-409E-A802-BD68D16125D0}.Release|x86.ActiveCfg = Release|Any CPU
		{C03DDECB-2578-409E-A802-BD68D16125D0}.Release|x86.Build.0 = Release|Any CPU
		{621A7579-1A3B-4454-818F-E3B8F4A640F5}.Debug|Any CPU.ActiveCfg = Debug|Any CPU
		{621A7579-1A3B-4454-818F-E3B8F4A640F5}.Debug|Any CPU.Build.0 = Debug|Any CPU
		{621A7579-1A3B-4454-818F-E3B8F4A640F5}.Debug|x64.ActiveCfg = Debug|Any CPU
		{621A7579-1A3B-4454-818F-E3B8F4A640F5}.Debug|x64.Build.0 = Debug|Any CPU
		{621A7579-1A3B-4454-818F-E3B8F4A640F5}.Debug|x86.ActiveCfg = Debug|Any CPU
		{621A7579-1A3B-4454-818F-E3B8F4A640F5}.Debug|x86.Build.0 = Debug|Any CPU
		{621A7579-1A3B-4454-818F-E3B8F4A640F5}.Release|Any CPU.ActiveCfg = Release|Any CPU
		{621A7579-1A3B-4454-818F-E3B8F4A640F5}.Release|Any CPU.Build.0 = Release|Any CPU
		{621A7579-1A3B-4454-818F-E3B8F4A640F5}.Release|x64.ActiveCfg = Release|Any CPU
		{621A7579-1A3B-4454-818F-E3B8F4A640F5}.Release|x64.Build.0 = Release|Any CPU
		{621A7579-1A3B-4454-818F-E3B8F4A640F5}.Release|x86.ActiveCfg = Release|Any CPU
		{621A7579-1A3B-4454-818F-E3B8F4A640F5}.Release|x86.Build.0 = Release|Any CPU
		{468CCF26-CF48-4A19-8346-C59A38EE85E3}.Debug|Any CPU.ActiveCfg = Debug|Any CPU
		{468CCF26-CF48-4A19-8346-C59A38EE85E3}.Debug|Any CPU.Build.0 = Debug|Any CPU
		{468CCF26-CF48-4A19-8346-C59A38EE85E3}.Debug|x64.ActiveCfg = Debug|Any CPU
		{468CCF26-CF48-4A19-8346-C59A38EE85E3}.Debug|x64.Build.0 = Debug|Any CPU
		{468CCF26-CF48-4A19-8346-C59A38EE85E3}.Debug|x86.ActiveCfg = Debug|Any CPU
		{468CCF26-CF48-4A19-8346-C59A38EE85E3}.Debug|x86.Build.0 = Debug|Any CPU
		{468CCF26-CF48-4A19-8346-C59A38EE85E3}.Release|Any CPU.ActiveCfg = Release|Any CPU
		{468CCF26-CF48-4A19-8346-C59A38EE85E3}.Release|Any CPU.Build.0 = Release|Any CPU
		{468CCF26-CF48-4A19-8346-C59A38EE85E3}.Release|x64.ActiveCfg = Release|Any CPU
		{468CCF26-CF48-4A19-8346-C59A38EE85E3}.Release|x64.Build.0 = Release|Any CPU
		{468CCF26-CF48-4A19-8346-C59A38EE85E3}.Release|x86.ActiveCfg = Release|Any CPU
		{468CCF26-CF48-4A19-8346-C59A38EE85E3}.Release|x86.Build.0 = Release|Any CPU
		{2D223074-2202-4AA0-83E4-DD6E7079C92D}.Debug|Any CPU.ActiveCfg = Debug|Any CPU
		{2D223074-2202-4AA0-83E4-DD6E7079C92D}.Debug|Any CPU.Build.0 = Debug|Any CPU
		{2D223074-2202-4AA0-83E4-DD6E7079C92D}.Debug|x64.ActiveCfg = Debug|Any CPU
		{2D223074-2202-4AA0-83E4-DD6E7079C92D}.Debug|x64.Build.0 = Debug|Any CPU
		{2D223074-2202-4AA0-83E4-DD6E7079C92D}.Debug|x86.ActiveCfg = Debug|Any CPU
		{2D223074-2202-4AA0-83E4-DD6E7079C92D}.Debug|x86.Build.0 = Debug|Any CPU
		{2D223074-2202-4AA0-83E4-DD6E7079C92D}.Release|Any CPU.ActiveCfg = Release|Any CPU
		{2D223074-2202-4AA0-83E4-DD6E7079C92D}.Release|Any CPU.Build.0 = Release|Any CPU
		{2D223074-2202-4AA0-83E4-DD6E7079C92D}.Release|x64.ActiveCfg = Release|Any CPU
		{2D223074-2202-4AA0-83E4-DD6E7079C92D}.Release|x64.Build.0 = Release|Any CPU
		{2D223074-2202-4AA0-83E4-DD6E7079C92D}.Release|x86.ActiveCfg = Release|Any CPU
		{2D223074-2202-4AA0-83E4-DD6E7079C92D}.Release|x86.Build.0 = Release|Any CPU
		{0F9C6B12-AABD-4CF7-B149-B132EA59017C}.Debug|Any CPU.ActiveCfg = Debug|Any CPU
		{0F9C6B12-AABD-4CF7-B149-B132EA59017C}.Debug|Any CPU.Build.0 = Debug|Any CPU
		{0F9C6B12-AABD-4CF7-B149-B132EA59017C}.Debug|x64.ActiveCfg = Debug|Any CPU
		{0F9C6B12-AABD-4CF7-B149-B132EA59017C}.Debug|x64.Build.0 = Debug|Any CPU
		{0F9C6B12-AABD-4CF7-B149-B132EA59017C}.Debug|x86.ActiveCfg = Debug|Any CPU
		{0F9C6B12-AABD-4CF7-B149-B132EA59017C}.Debug|x86.Build.0 = Debug|Any CPU
		{0F9C6B12-AABD-4CF7-B149-B132EA59017C}.Release|Any CPU.ActiveCfg = Release|Any CPU
		{0F9C6B12-AABD-4CF7-B149-B132EA59017C}.Release|Any CPU.Build.0 = Release|Any CPU
		{0F9C6B12-AABD-4CF7-B149-B132EA59017C}.Release|x64.ActiveCfg = Release|Any CPU
		{0F9C6B12-AABD-4CF7-B149-B132EA59017C}.Release|x64.Build.0 = Release|Any CPU
		{0F9C6B12-AABD-4CF7-B149-B132EA59017C}.Release|x86.ActiveCfg = Release|Any CPU
		{0F9C6B12-AABD-4CF7-B149-B132EA59017C}.Release|x86.Build.0 = Release|Any CPU
		{CB5EC218-D498-4283-A850-B5B1EA22131E}.Debug|Any CPU.ActiveCfg = Debug|Any CPU
		{CB5EC218-D498-4283-A850-B5B1EA22131E}.Debug|Any CPU.Build.0 = Debug|Any CPU
		{CB5EC218-D498-4283-A850-B5B1EA22131E}.Debug|x64.ActiveCfg = Debug|Any CPU
		{CB5EC218-D498-4283-A850-B5B1EA22131E}.Debug|x64.Build.0 = Debug|Any CPU
		{CB5EC218-D498-4283-A850-B5B1EA22131E}.Debug|x86.ActiveCfg = Debug|Any CPU
		{CB5EC218-D498-4283-A850-B5B1EA22131E}.Debug|x86.Build.0 = Debug|Any CPU
		{CB5EC218-D498-4283-A850-B5B1EA22131E}.Release|Any CPU.ActiveCfg = Release|Any CPU
		{CB5EC218-D498-4283-A850-B5B1EA22131E}.Release|Any CPU.Build.0 = Release|Any CPU
		{CB5EC218-D498-4283-A850-B5B1EA22131E}.Release|x64.ActiveCfg = Release|Any CPU
		{CB5EC218-D498-4283-A850-B5B1EA22131E}.Release|x64.Build.0 = Release|Any CPU
		{CB5EC218-D498-4283-A850-B5B1EA22131E}.Release|x86.ActiveCfg = Release|Any CPU
		{CB5EC218-D498-4283-A850-B5B1EA22131E}.Release|x86.Build.0 = Release|Any CPU
		{EFD5B370-3502-40D4-843D-F22C5E0D86C8}.Debug|Any CPU.ActiveCfg = Debug|Any CPU
		{EFD5B370-3502-40D4-843D-F22C5E0D86C8}.Debug|Any CPU.Build.0 = Debug|Any CPU
		{EFD5B370-3502-40D4-843D-F22C5E0D86C8}.Debug|x64.ActiveCfg = Debug|Any CPU
		{EFD5B370-3502-40D4-843D-F22C5E0D86C8}.Debug|x64.Build.0 = Debug|Any CPU
		{EFD5B370-3502-40D4-843D-F22C5E0D86C8}.Debug|x86.ActiveCfg = Debug|Any CPU
		{EFD5B370-3502-40D4-843D-F22C5E0D86C8}.Debug|x86.Build.0 = Debug|Any CPU
		{EFD5B370-3502-40D4-843D-F22C5E0D86C8}.Release|Any CPU.ActiveCfg = Release|Any CPU
		{EFD5B370-3502-40D4-843D-F22C5E0D86C8}.Release|Any CPU.Build.0 = Release|Any CPU
		{EFD5B370-3502-40D4-843D-F22C5E0D86C8}.Release|x64.ActiveCfg = Release|Any CPU
		{EFD5B370-3502-40D4-843D-F22C5E0D86C8}.Release|x64.Build.0 = Release|Any CPU
		{EFD5B370-3502-40D4-843D-F22C5E0D86C8}.Release|x86.ActiveCfg = Release|Any CPU
		{EFD5B370-3502-40D4-843D-F22C5E0D86C8}.Release|x86.Build.0 = Release|Any CPU
		{BD878A65-4069-445C-83B2-1AD7C5DC2FB1}.Debug|Any CPU.ActiveCfg = Debug|Any CPU
		{BD878A65-4069-445C-83B2-1AD7C5DC2FB1}.Debug|Any CPU.Build.0 = Debug|Any CPU
		{BD878A65-4069-445C-83B2-1AD7C5DC2FB1}.Debug|x64.ActiveCfg = Debug|Any CPU
		{BD878A65-4069-445C-83B2-1AD7C5DC2FB1}.Debug|x64.Build.0 = Debug|Any CPU
		{BD878A65-4069-445C-83B2-1AD7C5DC2FB1}.Debug|x86.ActiveCfg = Debug|Any CPU
		{BD878A65-4069-445C-83B2-1AD7C5DC2FB1}.Debug|x86.Build.0 = Debug|Any CPU
		{BD878A65-4069-445C-83B2-1AD7C5DC2FB1}.Release|Any CPU.ActiveCfg = Release|Any CPU
		{BD878A65-4069-445C-83B2-1AD7C5DC2FB1}.Release|Any CPU.Build.0 = Release|Any CPU
		{BD878A65-4069-445C-83B2-1AD7C5DC2FB1}.Release|x64.ActiveCfg = Release|Any CPU
		{BD878A65-4069-445C-83B2-1AD7C5DC2FB1}.Release|x64.Build.0 = Release|Any CPU
		{BD878A65-4069-445C-83B2-1AD7C5DC2FB1}.Release|x86.ActiveCfg = Release|Any CPU
		{BD878A65-4069-445C-83B2-1AD7C5DC2FB1}.Release|x86.Build.0 = Release|Any CPU
		{7D99F0D6-8A5C-411C-9ED6-56325258DD2F}.Debug|Any CPU.ActiveCfg = Debug|Any CPU
		{7D99F0D6-8A5C-411C-9ED6-56325258DD2F}.Debug|Any CPU.Build.0 = Debug|Any CPU
		{7D99F0D6-8A5C-411C-9ED6-56325258DD2F}.Debug|x64.ActiveCfg = Debug|Any CPU
		{7D99F0D6-8A5C-411C-9ED6-56325258DD2F}.Debug|x64.Build.0 = Debug|Any CPU
		{7D99F0D6-8A5C-411C-9ED6-56325258DD2F}.Debug|x86.ActiveCfg = Debug|Any CPU
		{7D99F0D6-8A5C-411C-9ED6-56325258DD2F}.Debug|x86.Build.0 = Debug|Any CPU
		{7D99F0D6-8A5C-411C-9ED6-56325258DD2F}.Release|Any CPU.ActiveCfg = Release|Any CPU
		{7D99F0D6-8A5C-411C-9ED6-56325258DD2F}.Release|Any CPU.Build.0 = Release|Any CPU
		{7D99F0D6-8A5C-411C-9ED6-56325258DD2F}.Release|x64.ActiveCfg = Release|Any CPU
		{7D99F0D6-8A5C-411C-9ED6-56325258DD2F}.Release|x64.Build.0 = Release|Any CPU
		{7D99F0D6-8A5C-411C-9ED6-56325258DD2F}.Release|x86.ActiveCfg = Release|Any CPU
		{7D99F0D6-8A5C-411C-9ED6-56325258DD2F}.Release|x86.Build.0 = Release|Any CPU
		{5AE4C64D-3BB3-446E-B5E2-CE364B231CC7}.Debug|Any CPU.ActiveCfg = Debug|Any CPU
		{5AE4C64D-3BB3-446E-B5E2-CE364B231CC7}.Debug|Any CPU.Build.0 = Debug|Any CPU
		{5AE4C64D-3BB3-446E-B5E2-CE364B231CC7}.Debug|x64.ActiveCfg = Debug|Any CPU
		{5AE4C64D-3BB3-446E-B5E2-CE364B231CC7}.Debug|x64.Build.0 = Debug|Any CPU
		{5AE4C64D-3BB3-446E-B5E2-CE364B231CC7}.Debug|x86.ActiveCfg = Debug|Any CPU
		{5AE4C64D-3BB3-446E-B5E2-CE364B231CC7}.Debug|x86.Build.0 = Debug|Any CPU
		{5AE4C64D-3BB3-446E-B5E2-CE364B231CC7}.Release|Any CPU.ActiveCfg = Release|Any CPU
		{5AE4C64D-3BB3-446E-B5E2-CE364B231CC7}.Release|Any CPU.Build.0 = Release|Any CPU
		{5AE4C64D-3BB3-446E-B5E2-CE364B231CC7}.Release|x64.ActiveCfg = Release|Any CPU
		{5AE4C64D-3BB3-446E-B5E2-CE364B231CC7}.Release|x64.Build.0 = Release|Any CPU
		{5AE4C64D-3BB3-446E-B5E2-CE364B231CC7}.Release|x86.ActiveCfg = Release|Any CPU
		{5AE4C64D-3BB3-446E-B5E2-CE364B231CC7}.Release|x86.Build.0 = Release|Any CPU
		{BCA7C100-F799-415C-BEFD-96E9027D4600}.Debug|Any CPU.ActiveCfg = Debug|Any CPU
		{BCA7C100-F799-415C-BEFD-96E9027D4600}.Debug|Any CPU.Build.0 = Debug|Any CPU
		{BCA7C100-F799-415C-BEFD-96E9027D4600}.Debug|x64.ActiveCfg = Debug|Any CPU
		{BCA7C100-F799-415C-BEFD-96E9027D4600}.Debug|x64.Build.0 = Debug|Any CPU
		{BCA7C100-F799-415C-BEFD-96E9027D4600}.Debug|x86.ActiveCfg = Debug|Any CPU
		{BCA7C100-F799-415C-BEFD-96E9027D4600}.Debug|x86.Build.0 = Debug|Any CPU
		{BCA7C100-F799-415C-BEFD-96E9027D4600}.Release|Any CPU.ActiveCfg = Release|Any CPU
		{BCA7C100-F799-415C-BEFD-96E9027D4600}.Release|Any CPU.Build.0 = Release|Any CPU
		{BCA7C100-F799-415C-BEFD-96E9027D4600}.Release|x64.ActiveCfg = Release|Any CPU
		{BCA7C100-F799-415C-BEFD-96E9027D4600}.Release|x64.Build.0 = Release|Any CPU
		{BCA7C100-F799-415C-BEFD-96E9027D4600}.Release|x86.ActiveCfg = Release|Any CPU
		{BCA7C100-F799-415C-BEFD-96E9027D4600}.Release|x86.Build.0 = Release|Any CPU
		{6056A8FC-26BE-422D-8096-DF69A3298CAF}.Debug|Any CPU.ActiveCfg = Debug|Any CPU
		{6056A8FC-26BE-422D-8096-DF69A3298CAF}.Debug|Any CPU.Build.0 = Debug|Any CPU
		{6056A8FC-26BE-422D-8096-DF69A3298CAF}.Debug|x64.ActiveCfg = Debug|Any CPU
		{6056A8FC-26BE-422D-8096-DF69A3298CAF}.Debug|x64.Build.0 = Debug|Any CPU
		{6056A8FC-26BE-422D-8096-DF69A3298CAF}.Debug|x86.ActiveCfg = Debug|Any CPU
		{6056A8FC-26BE-422D-8096-DF69A3298CAF}.Debug|x86.Build.0 = Debug|Any CPU
		{6056A8FC-26BE-422D-8096-DF69A3298CAF}.Release|Any CPU.ActiveCfg = Release|Any CPU
		{6056A8FC-26BE-422D-8096-DF69A3298CAF}.Release|Any CPU.Build.0 = Release|Any CPU
		{6056A8FC-26BE-422D-8096-DF69A3298CAF}.Release|x64.ActiveCfg = Release|Any CPU
		{6056A8FC-26BE-422D-8096-DF69A3298CAF}.Release|x64.Build.0 = Release|Any CPU
		{6056A8FC-26BE-422D-8096-DF69A3298CAF}.Release|x86.ActiveCfg = Release|Any CPU
		{6056A8FC-26BE-422D-8096-DF69A3298CAF}.Release|x86.Build.0 = Release|Any CPU
	EndGlobalSection
	GlobalSection(SolutionProperties) = preSolution
		HideSolutionNode = FALSE
	EndGlobalSection
	GlobalSection(NestedProjects) = preSolution
		{647D258A-4FE1-4DFA-8D02-0E5DBE3B40F7} = {72016889-9414-472E-AC99-17B0876B8F06}
		{9C3B9BC2-1066-4052-8188-BAAFEC9FAA42} = {DF2E1ED9-DC44-4DD4-B6A1-165304E88118}
		{18C0711F-2B26-49D8-89AB-F68499A0EB9B} = {4D21C152-7EF3-4248-B424-530F7BE51FD3}
		{C04E2349-B339-4AEF-89FB-AD8DCD9B117A} = {4D21C152-7EF3-4248-B424-530F7BE51FD3}
		{7176CD56-0822-410E-9318-C3440D24A0BB} = {2A80B702-C4AB-409F-AFD5-CE7AC809785F}
		{6D52D932-7890-4269-8F05-FDEA6DE45B42} = {2A80B702-C4AB-409F-AFD5-CE7AC809785F}
		{12080E4D-027D-4880-8A94-AA22DCD15F07} = {2A80B702-C4AB-409F-AFD5-CE7AC809785F}
		{517E6A56-5FFA-4FD0-B645-02C295C968C3} = {597F6238-6E57-445B-A9A0-3DEB5BD92471}
		{2A80B702-C4AB-409F-AFD5-CE7AC809785F} = {4D21C152-7EF3-4248-B424-530F7BE51FD3}
		{EDAC1981-61FC-4030-AA5F-C9A4D054CF00} = {28247E7B-243D-4901-B26A-7A7615EBADDC}
		{2E23FB6C-FAD1-41B1-9187-1ECD7548FBCC} = {4D21C152-7EF3-4248-B424-530F7BE51FD3}
		{B6C71468-2074-44DF-89E1-1B97E4A3DFDE} = {4D21C152-7EF3-4248-B424-530F7BE51FD3}
		{7A96CCA0-4D47-48C6-A889-B560048E0C16} = {4D21C152-7EF3-4248-B424-530F7BE51FD3}
		{3B9E0D18-FE40-4E36-A07B-9198CA5CDBBB} = {28247E7B-243D-4901-B26A-7A7615EBADDC}
		{90C3DBB8-97BC-4265-B635-1A512CF32C46} = {1BA017ED-6BA7-42F0-BC5E-613495A55A6B}
		{358837A0-FA02-42C5-B1B0-327D7CFDAA76} = {60D2D4E3-E055-4A9C-BDB1-7328DAA9BD5C}
		{7AE37670-7570-4EB1-8E66-94DE225CC63E} = {7B2C772E-8C8A-4FB3-AB75-D2179FB53866}
		{326A3938-5C0B-4280-9175-7E059679731B} = {1BA017ED-6BA7-42F0-BC5E-613495A55A6B}
		{9F99DC5B-DAD0-4C43-BFFF-8027E4077334} = {4D21C152-7EF3-4248-B424-530F7BE51FD3}
		{F3C03589-20A5-4D6E-A2C5-4143A11F03B3} = {28247E7B-243D-4901-B26A-7A7615EBADDC}
		{72016889-9414-472E-AC99-17B0876B8F06} = {3FC16DAB-215C-422B-9130-61D566695463}
		{AA22EE67-3BBE-49A2-8868-531FE68FE162} = {3FC16DAB-215C-422B-9130-61D566695463}
		{4D21C152-7EF3-4248-B424-530F7BE51FD3} = {AA22EE67-3BBE-49A2-8868-531FE68FE162}
		{DF2E1ED9-DC44-4DD4-B6A1-165304E88118} = {3FC16DAB-215C-422B-9130-61D566695463}
		{597F6238-6E57-445B-A9A0-3DEB5BD92471} = {4E12F429-CEC0-4080-B0FE-39F9B8B9AE4C}
		{7B2C772E-8C8A-4FB3-AB75-D2179FB53866} = {60D2D4E3-E055-4A9C-BDB1-7328DAA9BD5C}
		{28247E7B-243D-4901-B26A-7A7615EBADDC} = {3FC16DAB-215C-422B-9130-61D566695463}
		{82BC0AAB-94CA-4D5B-BF95-F7329D1150CB} = {60D2D4E3-E055-4A9C-BDB1-7328DAA9BD5C}
		{4E12F429-CEC0-4080-B0FE-39F9B8B9AE4C} = {82BC0AAB-94CA-4D5B-BF95-F7329D1150CB}
		{1BA017ED-6BA7-42F0-BC5E-613495A55A6B} = {60D2D4E3-E055-4A9C-BDB1-7328DAA9BD5C}
		{DBE3FD1D-811C-416B-AE2E-08D468ABA4D6} = {4D21C152-7EF3-4248-B424-530F7BE51FD3}
		{F9BA18A4-53E7-4747-A55A-061ED26BA520} = {24CB56A5-1223-4E44-AB22-D91A9E07A0C9}
		{A58297FF-2276-415F-9A9C-75F9F1656E8C} = {4E12F429-CEC0-4080-B0FE-39F9B8B9AE4C}
		{C6ACCD43-DDD9-4CD0-8F25-8975B3348005} = {28247E7B-243D-4901-B26A-7A7615EBADDC}
		{FFB7401A-9AF6-4FCE-B305-B7BE2B1361D7} = {4E12F429-CEC0-4080-B0FE-39F9B8B9AE4C}
		{117FFF7E-019E-400E-9F51-A4F7F9F3195D} = {E0B28CEA-41C6-4907-ABAE-9E2F5D0A92C7}
		{D41E4E00-B3F2-4F31-B890-C27F9E997B71} = {AC17CD64-6601-43B2-BF1E-EFD7FFEEC012}
		{DA7F5186-9971-4BC0-9BDB-AD5F9058C4C3} = {8B8F1470-B862-4BF8-B41D-F078D43277FA}
		{8B8F1470-B862-4BF8-B41D-F078D43277FA} = {60D2D4E3-E055-4A9C-BDB1-7328DAA9BD5C}
		{16141B3F-F785-4CFD-9FD2-67E9D76C4827} = {4E12F429-CEC0-4080-B0FE-39F9B8B9AE4C}
		{61A3EF4A-68CC-442E-87EC-F05B874A4C98} = {4E12F429-CEC0-4080-B0FE-39F9B8B9AE4C}
		{91391896-C591-43FD-B6F6-7D9150DB3CB2} = {2A80B702-C4AB-409F-AFD5-CE7AC809785F}
		{5B8E8267-E90E-4E78-A219-A62AEDCE81CE} = {EE464F98-73F3-4858-8B5C-5254EECFA3B3}
		{AF6A2C7F-686F-4DAF-81C7-9A36CBD797C0} = {EE464F98-73F3-4858-8B5C-5254EECFA3B3}
		{43CF805F-4FA3-4453-B99A-2BB0AA0B9875} = {EE464F98-73F3-4858-8B5C-5254EECFA3B3}
		{63EF08F2-3786-4C47-9F6B-52EAEDEE1523} = {EE464F98-73F3-4858-8B5C-5254EECFA3B3}
		{7B32AFFA-DA49-4F6C-8105-8638145A8BEF} = {1BA017ED-6BA7-42F0-BC5E-613495A55A6B}
		{E0B28CEA-41C6-4907-ABAE-9E2F5D0A92C7} = {AA22EE67-3BBE-49A2-8868-531FE68FE162}
		{DBA122C2-7C2E-432D-B538-53BB7C09C446} = {E0B28CEA-41C6-4907-ABAE-9E2F5D0A92C7}
		{AC17CD64-6601-43B2-BF1E-EFD7FFEEC012} = {82BC0AAB-94CA-4D5B-BF95-F7329D1150CB}
		{F380A54A-F8FF-4342-B558-FF70F1AA693F} = {AC17CD64-6601-43B2-BF1E-EFD7FFEEC012}
		{F2EF99BD-71B3-41E5-B316-347EA69C41A9} = {AA22EE67-3BBE-49A2-8868-531FE68FE162}
		{608E7CE5-5674-49EB-8728-719A468FC62E} = {F2EF99BD-71B3-41E5-B316-347EA69C41A9}
		{7402353B-840C-4444-B079-B9B19832C264} = {82BC0AAB-94CA-4D5B-BF95-F7329D1150CB}
		{A68B41DF-D065-4CD4-A722-3C0C38151496} = {7402353B-840C-4444-B079-B9B19832C264}
		{E3725E02-CA07-44F1-A47F-792CBE882FAE} = {AA22EE67-3BBE-49A2-8868-531FE68FE162}
		{A122DD5B-4B80-4558-8DB2-8E9EBFF12A1A} = {E3725E02-CA07-44F1-A47F-792CBE882FAE}
		{B5B6D54F-7782-4CAC-AB13-48619B40465B} = {28247E7B-243D-4901-B26A-7A7615EBADDC}
		{7EE540F0-2904-4306-BF35-842F3D654F25} = {6D0B9445-40A2-48E6-9F04-A83EA207CC3C}
		{C1AA58AF-224E-428A-8A27-BC8BB18F2E2E} = {DF2E1ED9-DC44-4DD4-B6A1-165304E88118}
		{1D8A46E6-D0C5-429A-A7B6-8F1BE9551AD7} = {AA22EE67-3BBE-49A2-8868-531FE68FE162}
		{69B55184-9DB6-4492-9501-E54207F4BED7} = {1D8A46E6-D0C5-429A-A7B6-8F1BE9551AD7}
		{98B57945-2141-4880-B6C2-51B44C67E300} = {82BC0AAB-94CA-4D5B-BF95-F7329D1150CB}
		{025C3A17-0FBB-4B5E-9386-6A5E979FAA56} = {98B57945-2141-4880-B6C2-51B44C67E300}
		{7304F25F-0F4D-450F-A529-3C7AFE9D98CA} = {82BC0AAB-94CA-4D5B-BF95-F7329D1150CB}
		{CEDAAB8D-613C-4A3F-8114-7D6B480F1EE3} = {7304F25F-0F4D-450F-A529-3C7AFE9D98CA}
		{134CE4A1-E9A4-49C0-A998-7C531E6207CE} = {4E12F429-CEC0-4080-B0FE-39F9B8B9AE4C}
		{021F1610-F2D0-4F00-81C7-AD7397DA296C} = {AA22EE67-3BBE-49A2-8868-531FE68FE162}
		{E18A3CB0-BFDB-4672-AD53-7EAAF26C52AB} = {021F1610-F2D0-4F00-81C7-AD7397DA296C}
		{824AFFC6-40A2-4AD6-8010-B939841CA16E} = {82BC0AAB-94CA-4D5B-BF95-F7329D1150CB}
		{58633641-85F3-4F8E-AC18-0EFACC36D142} = {824AFFC6-40A2-4AD6-8010-B939841CA16E}
		{C982FE5E-797F-4A68-B8F0-F9312960FC1A} = {AA22EE67-3BBE-49A2-8868-531FE68FE162}
		{6FF1BF91-58BC-4214-8C38-B87E45BC345D} = {C982FE5E-797F-4A68-B8F0-F9312960FC1A}
		{E28E89BA-3569-4F92-A449-17EF31C97D4E} = {C982FE5E-797F-4A68-B8F0-F9312960FC1A}
		{CBE4039D-C56E-42A8-A610-2E93656E4BF1} = {C982FE5E-797F-4A68-B8F0-F9312960FC1A}
		{A7B6F2E5-238A-4C66-8C2F-2552086B6929} = {82BC0AAB-94CA-4D5B-BF95-F7329D1150CB}
		{79DE380D-0EFD-49B5-8DA8-2EDC9F973980} = {A7B6F2E5-238A-4C66-8C2F-2552086B6929}
		{C03DDECB-2578-409E-A802-BD68D16125D0} = {2A80B702-C4AB-409F-AFD5-CE7AC809785F}
		{621A7579-1A3B-4454-818F-E3B8F4A640F5} = {1BA017ED-6BA7-42F0-BC5E-613495A55A6B}
		{468CCF26-CF48-4A19-8346-C59A38EE85E3} = {8B8F1470-B862-4BF8-B41D-F078D43277FA}
		{560581F2-23CA-4A68-84A4-FB6470EC6D68} = {AA22EE67-3BBE-49A2-8868-531FE68FE162}
		{2D223074-2202-4AA0-83E4-DD6E7079C92D} = {560581F2-23CA-4A68-84A4-FB6470EC6D68}
		{24CB56A5-1223-4E44-AB22-D91A9E07A0C9} = {82BC0AAB-94CA-4D5B-BF95-F7329D1150CB}
		{F998A89F-F8FF-4CBE-AB3B-917E380EA85E} = {AA22EE67-3BBE-49A2-8868-531FE68FE162}
		{0F9C6B12-AABD-4CF7-B149-B132EA59017C} = {F998A89F-F8FF-4CBE-AB3B-917E380EA85E}
		{CB5EC218-D498-4283-A850-B5B1EA22131E} = {560581F2-23CA-4A68-84A4-FB6470EC6D68}
		{EFD5B370-3502-40D4-843D-F22C5E0D86C8} = {560581F2-23CA-4A68-84A4-FB6470EC6D68}
		{BD878A65-4069-445C-83B2-1AD7C5DC2FB1} = {560581F2-23CA-4A68-84A4-FB6470EC6D68}
		{7D99F0D6-8A5C-411C-9ED6-56325258DD2F} = {560581F2-23CA-4A68-84A4-FB6470EC6D68}
		{5AE4C64D-3BB3-446E-B5E2-CE364B231CC7} = {560581F2-23CA-4A68-84A4-FB6470EC6D68}
		{33D0F0FE-9437-4811-A9B6-E7A5F010A8C2} = {AA22EE67-3BBE-49A2-8868-531FE68FE162}
		{674761D3-2573-4983-AA31-2DC1B4A32A76} = {82BC0AAB-94CA-4D5B-BF95-F7329D1150CB}
		{BCA7C100-F799-415C-BEFD-96E9027D4600} = {674761D3-2573-4983-AA31-2DC1B4A32A76}
		{6056A8FC-26BE-422D-8096-DF69A3298CAF} = {33D0F0FE-9437-4811-A9B6-E7A5F010A8C2}
	EndGlobalSection
	GlobalSection(ExtensibilityGlobals) = postSolution
		SolutionGuid = {D02F665B-C14D-43C2-955C-9338A23836E0}
	EndGlobalSection
EndGlobal
