
Microsoft Visual Studio Solution File, Format Version 12.00
# Visual Studio Version 16
VisualStudioVersion = 16.0.31320.298
MinimumVisualStudioVersion = 10.0.40219.1
Project("{FAE04EC0-301F-11D3-BF4B-00C04F79EFBC}") = "EwDavidForms.Android", "EwDavidForms\EwDavidForms.Android\EwDavidForms.Android.csproj", "{131C1751-9CFD-4073-8906-235013C96163}"
EndProject
Project("{FAE04EC0-301F-11D3-BF4B-00C04F79EFBC}") = "EwDavidForms.iOS", "EwDavidForms\EwDavidForms.iOS\EwDavidForms.iOS.csproj", "{35C28E64-61AE-4542-A38D-EF095D68A656}"
EndProject
Project("{FAE04EC0-301F-11D3-BF4B-00C04F79EFBC}") = "EwDavidForms", "EwDavidForms\EwDavidForms\EwDavidForms.csproj", "{B68AA3FC-9536-4BB1-81B5-2C5BD168B967}"
EndProject
Global
	GlobalSection(SolutionConfigurationPlatforms) = preSolution
		Debug|Any CPU = Debug|Any CPU
		Debug|iPhone = Debug|iPhone
		Debug|iPhoneSimulator = Debug|iPhoneSimulator
		Release|Any CPU = Release|Any CPU
		Release|iPhone = Release|iPhone
		Release|iPhoneSimulator = Release|iPhoneSimulator
	EndGlobalSection
	GlobalSection(ProjectConfigurationPlatforms) = postSolution
		{131C1751-9CFD-4073-8906-235013C96163}.Debug|Any CPU.ActiveCfg = Debug|Any CPU
		{131C1751-9CFD-4073-8906-235013C96163}.Debug|Any CPU.Build.0 = Debug|Any CPU
		{131C1751-9CFD-4073-8906-235013C96163}.Debug|Any CPU.Deploy.0 = Debug|Any CPU
		{131C1751-9CFD-4073-8906-235013C96163}.Debug|iPhone.ActiveCfg = Debug|Any CPU
		{131C1751-9CFD-4073-8906-235013C96163}.Debug|iPhone.Build.0 = Debug|Any CPU
		{131C1751-9CFD-4073-8906-235013C96163}.Debug|iPhone.Deploy.0 = Debug|Any CPU
		{131C1751-9CFD-4073-8906-235013C96163}.Debug|iPhoneSimulator.ActiveCfg = Debug|Any CPU
		{131C1751-9CFD-4073-8906-235013C96163}.Debug|iPhoneSimulator.Build.0 = Debug|Any CPU
		{131C1751-9CFD-4073-8906-235013C96163}.Debug|iPhoneSimulator.Deploy.0 = Debug|Any CPU
		{131C1751-9CFD-4073-8906-235013C96163}.Release|Any CPU.ActiveCfg = Release|Any CPU
		{131C1751-9CFD-4073-8906-235013C96163}.Release|Any CPU.Build.0 = Release|Any CPU
		{131C1751-9CFD-4073-8906-235013C96163}.Release|Any CPU.Deploy.0 = Release|Any CPU
		{131C1751-9CFD-4073-8906-235013C96163}.Release|iPhone.ActiveCfg = Release|Any CPU
		{131C1751-9CFD-4073-8906-235013C96163}.Release|iPhone.Build.0 = Release|Any CPU
		{131C1751-9CFD-4073-8906-235013C96163}.Release|iPhone.Deploy.0 = Release|Any CPU
		{131C1751-9CFD-4073-8906-235013C96163}.Release|iPhoneSimulator.ActiveCfg = Release|Any CPU
		{131C1751-9CFD-4073-8906-235013C96163}.Release|iPhoneSimulator.Build.0 = Release|Any CPU
		{131C1751-9CFD-4073-8906-235013C96163}.Release|iPhoneSimulator.Deploy.0 = Release|Any CPU
		{35C28E64-61AE-4542-A38D-EF095D68A656}.Debug|Any CPU.ActiveCfg = Debug|iPhone
		{35C28E64-61AE-4542-A38D-EF095D68A656}.Debug|Any CPU.Build.0 = Debug|iPhone
		{35C28E64-61AE-4542-A38D-EF095D68A656}.Debug|Any CPU.Deploy.0 = Debug|iPhone
		{35C28E64-61AE-4542-A38D-EF095D68A656}.Debug|iPhone.ActiveCfg = Debug|iPhone
		{35C28E64-61AE-4542-A38D-EF095D68A656}.Debug|iPhone.Build.0 = Debug|iPhone
		{35C28E64-61AE-4542-A38D-EF095D68A656}.Debug|iPhone.Deploy.0 = Debug|iPhone
		{35C28E64-61AE-4542-A38D-EF095D68A656}.Debug|iPhoneSimulator.ActiveCfg = Debug|iPhoneSimulator
		{35C28E64-61AE-4542-A38D-EF095D68A656}.Debug|iPhoneSimulator.Build.0 = Debug|iPhoneSimulator
		{35C28E64-61AE-4542-A38D-EF095D68A656}.Debug|iPhoneSimulator.Deploy.0 = Debug|iPhoneSimulator
		{35C28E64-61AE-4542-A38D-EF095D68A656}.Release|Any CPU.ActiveCfg = Release|iPhoneSimulator
		{35C28E64-61AE-4542-A38D-EF095D68A656}.Release|Any CPU.Build.0 = Release|iPhoneSimulator
		{35C28E64-61AE-4542-A38D-EF095D68A656}.Release|Any CPU.Deploy.0 = Release|iPhoneSimulator
		{35C28E64-61AE-4542-A38D-EF095D68A656}.Release|iPhone.ActiveCfg = Release|iPhone
		{35C28E64-61AE-4542-A38D-EF095D68A656}.Release|iPhone.Build.0 = Release|iPhone
		{35C28E64-61AE-4542-A38D-EF095D68A656}.Release|iPhone.Deploy.0 = Release|iPhone
		{35C28E64-61AE-4542-A38D-EF095D68A656}.Release|iPhoneSimulator.ActiveCfg = Release|iPhoneSimulator
		{35C28E64-61AE-4542-A38D-EF095D68A656}.Release|iPhoneSimulator.Build.0 = Release|iPhoneSimulator
		{35C28E64-61AE-4542-A38D-EF095D68A656}.Release|iPhoneSimulator.Deploy.0 = Release|iPhoneSimulator
		{B68AA3FC-9536-4BB1-81B5-2C5BD168B967}.Debug|Any CPU.ActiveCfg = Debug|Any CPU
		{B68AA3FC-9536-4BB1-81B5-2C5BD168B967}.Debug|Any CPU.Build.0 = Debug|Any CPU
		{B68AA3FC-9536-4BB1-81B5-2C5BD168B967}.Debug|Any CPU.Deploy.0 = Debug|Any CPU
		{B68AA3FC-9536-4BB1-81B5-2C5BD168B967}.Debug|iPhone.ActiveCfg = Debug|Any CPU
		{B68AA3FC-9536-4BB1-81B5-2C5BD168B967}.Debug|iPhone.Build.0 = Debug|Any CPU
		{B68AA3FC-9536-4BB1-81B5-2C5BD168B967}.Debug|iPhone.Deploy.0 = Debug|Any CPU
		{B68AA3FC-9536-4BB1-81B5-2C5BD168B967}.Debug|iPhoneSimulator.ActiveCfg = Debug|Any CPU
		{B68AA3FC-9536-4BB1-81B5-2C5BD168B967}.Debug|iPhoneSimulator.Build.0 = Debug|Any CPU
		{B68AA3FC-9536-4BB1-81B5-2C5BD168B967}.Debug|iPhoneSimulator.Deploy.0 = Debug|Any CPU
		{B68AA3FC-9536-4BB1-81B5-2C5BD168B967}.Release|Any CPU.ActiveCfg = Release|Any CPU
		{B68AA3FC-9536-4BB1-81B5-2C5BD168B967}.Release|Any CPU.Build.0 = Release|Any CPU
		{B68AA3FC-9536-4BB1-81B5-2C5BD168B967}.Release|Any CPU.Deploy.0 = Release|Any CPU
		{B68AA3FC-9536-4BB1-81B5-2C5BD168B967}.Release|iPhone.ActiveCfg = Release|Any CPU
		{B68AA3FC-9536-4BB1-81B5-2C5BD168B967}.Release|iPhone.Build.0 = Release|Any CPU
		{B68AA3FC-9536-4BB1-81B5-2C5BD168B967}.Release|iPhone.Deploy.0 = Release|Any CPU
		{B68AA3FC-9536-4BB1-81B5-2C5BD168B967}.Release|iPhoneSimulator.ActiveCfg = Release|Any CPU
		{B68AA3FC-9536-4BB1-81B5-2C5BD168B967}.Release|iPhoneSimulator.Build.0 = Release|Any CPU
		{B68AA3FC-9536-4BB1-81B5-2C5BD168B967}.Release|iPhoneSimulator.Deploy.0 = Release|Any CPU
	EndGlobalSection
	GlobalSection(SolutionProperties) = preSolution
		HideSolutionNode = FALSE
	EndGlobalSection
	GlobalSection(ExtensibilityGlobals) = postSolution
		SolutionGuid = {8D7FCFD4-DB78-4B64-A50F-455B55B4F941}
	EndGlobalSection
EndGlobal
