
Microsoft Visual Studio Solution File, Format Version 12.00
# Visual Studio Version 16
VisualStudioVersion = 16.0.31019.194
MinimumVisualStudioVersion = 10.0.40219.1
Project("{FAE04EC0-301F-11D3-BF4B-00C04F79EFBC}") = "ConsoleApp1", "ConsoleApp1\ConsoleApp1.csproj", "{77A34E4B-C757-43FD-AFC4-752575AB8FCF}"
EndProject
Global
	GlobalSection(SolutionConfigurationPlatforms) = preSolution
		Debug|Any CPU = Debug|Any CPU
		Release|Any CPU = Release|Any CPU
	EndGlobalSection
	GlobalSection(ProjectConfigurationPlatforms) = postSolution
		{77A34E4B-C757-43FD-AFC4-752575AB8FCF}.Debug|Any CPU.ActiveCfg = Debug|Any CPU
		{77A34E4B-C757-43FD-AFC4-752575AB8FCF}.Debug|Any CPU.Build.0 = Debug|Any CPU
		{77A34E4B-C757-43FD-AFC4-752575AB8FCF}.Release|Any CPU.ActiveCfg = Release|Any CPU
		{77A34E4B-C757-43FD-AFC4-752575AB8FCF}.Release|Any CPU.Build.0 = Release|Any CPU
	EndGlobalSection
	GlobalSection(SolutionProperties) = preSolution
		HideSolutionNode = FALSE
	EndGlobalSection
	GlobalSection(ExtensibilityGlobals) = postSolution
		SolutionGuid = {AF4BC24B-8CEB-482C-ACC2-7D83BA772394}
	EndGlobalSection
EndGlobal
