
Microsoft Visual Studio Solution File, Format Version 12.00
# Visual Studio Version 16
VisualStudioVersion = 16.0.30114.105
MinimumVisualStudioVersion = 10.0.40219.1
Project("{FAE04EC0-301F-11D3-BF4B-00C04F79EFBC}") = "abstractions", "Abstractions\abstractions.csproj", "{7531207E-59CA-4C41-BBC3-6CFD7CEC763D}"
EndProject
Project("{FAE04EC0-301F-11D3-BF4B-00C04F79EFBC}") = "library", "library\library.csproj", "{3C616D3D-7E2D-4708-B14C-BAA61AF1E90B}"
EndProject
Global
	GlobalSection(SolutionConfigurationPlatforms) = preSolution
		Debug|Any CPU = Debug|Any CPU
		Release|Any CPU = Release|Any CPU
	EndGlobalSection
	GlobalSection(SolutionProperties) = preSolution
		HideSolutionNode = FALSE
	EndGlobalSection
	GlobalSection(ProjectConfigurationPlatforms) = postSolution
		{7531207E-59CA-4C41-BBC3-6CFD7CEC763D}.Debug|Any CPU.ActiveCfg = Debug|Any CPU
		{7531207E-59CA-4C41-BBC3-6CFD7CEC763D}.Debug|Any CPU.Build.0 = Debug|Any CPU
		{7531207E-59CA-4C41-BBC3-6CFD7CEC763D}.Release|Any CPU.ActiveCfg = Release|Any CPU
		{7531207E-59CA-4C41-BBC3-6CFD7CEC763D}.Release|Any CPU.Build.0 = Release|Any CPU
		{3C616D3D-7E2D-4708-B14C-BAA61AF1E90B}.Debug|Any CPU.ActiveCfg = Debug|Any CPU
		{3C616D3D-7E2D-4708-B14C-BAA61AF1E90B}.Debug|Any CPU.Build.0 = Debug|Any CPU
		{3C616D3D-7E2D-4708-B14C-BAA61AF1E90B}.Release|Any CPU.ActiveCfg = Release|Any CPU
		{3C616D3D-7E2D-4708-B14C-BAA61AF1E90B}.Release|Any CPU.Build.0 = Release|Any CPU
	EndGlobalSection
EndGlobal
